// !$*UTF8*$!
{
	archiveVersion = 1;
	classes = {
	};
	objectVersion = 50;
	objects = {

/* Begin PBXBuildFile section */
		2339F66B26B6862A006DE5F0 /* TimerView.swift in Sources */ = {isa = PBXBuildFile; fileRef = 2339F66A26B6862A006DE5F0 /* TimerView.swift */; };
		2339F66E26B857E7006DE5F0 /* Debouncer.swift in Sources */ = {isa = PBXBuildFile; fileRef = 2339F66D26B857E7006DE5F0 /* Debouncer.swift */; };
		2339F6B226C0FB2B006DE5F0 /* Settings.swift in Sources */ = {isa = PBXBuildFile; fileRef = 2339F6B126C0FB2B006DE5F0 /* Settings.swift */; };
		2339F6B426C15075006DE5F0 /* UserService.swift in Sources */ = {isa = PBXBuildFile; fileRef = 2339F6B326C15075006DE5F0 /* UserService.swift */; };
		2339F6B626C25CDE006DE5F0 /* Launch Screen.storyboard in Resources */ = {isa = PBXBuildFile; fileRef = 2339F6B526C25CDE006DE5F0 /* Launch Screen.storyboard */; };
		2339F75E26CA3AE0006DE5F0 /* StoreKit.framework in Frameworks */ = {isa = PBXBuildFile; fileRef = 2339F75D26CA3AE0006DE5F0 /* StoreKit.framework */; };
		2339F76026CA3B10006DE5F0 /* Purchases.swift in Sources */ = {isa = PBXBuildFile; fileRef = 2339F75F26CA3B10006DE5F0 /* Purchases.swift */; };
		2339F7A526CCF8D8006DE5F0 /* puck-line@3x.png in Resources */ = {isa = PBXBuildFile; fileRef = 2339F79D26CCF8D8006DE5F0 /* puck-line@3x.png */; };
		2339F7A626CCF8D8006DE5F0 /* puck-icon-inverted@2x.png in Resources */ = {isa = PBXBuildFile; fileRef = 2339F79E26CCF8D8006DE5F0 /* puck-icon-inverted@2x.png */; };
		2339F7A726CCF8D8006DE5F0 /* puck-icon-night@3x.png in Resources */ = {isa = PBXBuildFile; fileRef = 2339F79F26CCF8D8006DE5F0 /* puck-icon-night@3x.png */; };
		2339F7A826CCF8D8006DE5F0 /* puck-icon-night@2x.png in Resources */ = {isa = PBXBuildFile; fileRef = 2339F7A026CCF8D8006DE5F0 /* puck-icon-night@2x.png */; };
		2339F7A926CCF8D8006DE5F0 /* puck-icon-ice@3x.png in Resources */ = {isa = PBXBuildFile; fileRef = 2339F7A126CCF8D8006DE5F0 /* puck-icon-ice@3x.png */; };
		2339F7AA26CCF8D8006DE5F0 /* puck-line@2x.png in Resources */ = {isa = PBXBuildFile; fileRef = 2339F7A226CCF8D8006DE5F0 /* puck-line@2x.png */; };
		2339F7AB26CCF8D8006DE5F0 /* puck-icon-inverted@3x.png in Resources */ = {isa = PBXBuildFile; fileRef = 2339F7A326CCF8D8006DE5F0 /* puck-icon-inverted@3x.png */; };
		2339F7AC26CCF8D8006DE5F0 /* puck-icon-ice@2x.png in Resources */ = {isa = PBXBuildFile; fileRef = 2339F7A426CCF8D8006DE5F0 /* puck-icon-ice@2x.png */; };
		2339F7E326CCFF6E006DE5F0 /* ohk-icon@2x.png in Resources */ = {isa = PBXBuildFile; fileRef = 2339F7C526CCFF6D006DE5F0 /* ohk-icon@2x.png */; };
		2339F7E426CCFF6E006DE5F0 /* rbk-icon@2x.png in Resources */ = {isa = PBXBuildFile; fileRef = 2339F7C626CCFF6E006DE5F0 /* rbk-icon@2x.png */; };
		2339F7E526CCFF6E006DE5F0 /* dif-icon@2x.png in Resources */ = {isa = PBXBuildFile; fileRef = 2339F7C726CCFF6E006DE5F0 /* dif-icon@2x.png */; };
		2339F7E626CCFF6E006DE5F0 /* vlh-icon@2x.png in Resources */ = {isa = PBXBuildFile; fileRef = 2339F7C826CCFF6E006DE5F0 /* vlh-icon@2x.png */; };
		2339F7E726CCFF6E006DE5F0 /* lhf-icon@2x.png in Resources */ = {isa = PBXBuildFile; fileRef = 2339F7C926CCFF6E006DE5F0 /* lhf-icon@2x.png */; };
		2339F7E826CCFF6E006DE5F0 /* fhc-icon@3x.png in Resources */ = {isa = PBXBuildFile; fileRef = 2339F7CA26CCFF6E006DE5F0 /* fhc-icon@3x.png */; };
		2339F7E926CCFF6E006DE5F0 /* dif-icon@3x.png in Resources */ = {isa = PBXBuildFile; fileRef = 2339F7CB26CCFF6E006DE5F0 /* dif-icon@3x.png */; };
		2339F7EA26CCFF6E006DE5F0 /* mif-icon@3x.png in Resources */ = {isa = PBXBuildFile; fileRef = 2339F7CC26CCFF6E006DE5F0 /* mif-icon@3x.png */; };
		2339F7EB26CCFF6E006DE5F0 /* lhc-icon@2x.png in Resources */ = {isa = PBXBuildFile; fileRef = 2339F7CD26CCFF6E006DE5F0 /* lhc-icon@2x.png */; };
		2339F7EC26CCFF6E006DE5F0 /* ohk-icon@3x.png in Resources */ = {isa = PBXBuildFile; fileRef = 2339F7CE26CCFF6E006DE5F0 /* ohk-icon@3x.png */; };
		2339F7ED26CCFF6E006DE5F0 /* hv71-icon@2x.png in Resources */ = {isa = PBXBuildFile; fileRef = 2339F7CF26CCFF6E006DE5F0 /* hv71-icon@2x.png */; };
		2339F7EE26CCFF6E006DE5F0 /* mif-icon@2x.png in Resources */ = {isa = PBXBuildFile; fileRef = 2339F7D026CCFF6E006DE5F0 /* mif-icon@2x.png */; };
		2339F7EF26CCFF6E006DE5F0 /* lif-icon@2x.png in Resources */ = {isa = PBXBuildFile; fileRef = 2339F7D126CCFF6E006DE5F0 /* lif-icon@2x.png */; };
		2339F7F126CCFF6E006DE5F0 /* hv71-icon@3x.png in Resources */ = {isa = PBXBuildFile; fileRef = 2339F7D326CCFF6E006DE5F0 /* hv71-icon@3x.png */; };
		2339F7F226CCFF6E006DE5F0 /* fbk-icon@3x.png in Resources */ = {isa = PBXBuildFile; fileRef = 2339F7D426CCFF6E006DE5F0 /* fbk-icon@3x.png */; };
		2339F7F326CCFF6E006DE5F0 /* iko-icon@3x.png in Resources */ = {isa = PBXBuildFile; fileRef = 2339F7D526CCFF6E006DE5F0 /* iko-icon@3x.png */; };
		2339F7F426CCFF6E006DE5F0 /* fbk-icon@2x.png in Resources */ = {isa = PBXBuildFile; fileRef = 2339F7D626CCFF6E006DE5F0 /* fbk-icon@2x.png */; };
		2339F7F526CCFF6E006DE5F0 /* saik-icon@2x.png in Resources */ = {isa = PBXBuildFile; fileRef = 2339F7D726CCFF6E006DE5F0 /* saik-icon@2x.png */; };
		2339F7F626CCFF6E006DE5F0 /* rbk-icon@3x.png in Resources */ = {isa = PBXBuildFile; fileRef = 2339F7D826CCFF6E006DE5F0 /* rbk-icon@3x.png */; };
		2339F7F726CCFF6E006DE5F0 /* iko-icon@2x.png in Resources */ = {isa = PBXBuildFile; fileRef = 2339F7D926CCFF6E006DE5F0 /* iko-icon@2x.png */; };
		2339F7F826CCFF6E006DE5F0 /* lif-icon@3x.png in Resources */ = {isa = PBXBuildFile; fileRef = 2339F7DA26CCFF6E006DE5F0 /* lif-icon@3x.png */; };
		2339F7F926CCFF6E006DE5F0 /* lhc-icon@3x.png in Resources */ = {isa = PBXBuildFile; fileRef = 2339F7DB26CCFF6E006DE5F0 /* lhc-icon@3x.png */; };
		2339F7FA26CCFF6E006DE5F0 /* fhc-icon@2x.png in Resources */ = {isa = PBXBuildFile; fileRef = 2339F7DC26CCFF6E006DE5F0 /* fhc-icon@2x.png */; };
		2339F7FC26CCFF6E006DE5F0 /* saik-icon@3x.png in Resources */ = {isa = PBXBuildFile; fileRef = 2339F7DE26CCFF6E006DE5F0 /* saik-icon@3x.png */; };
		2339F7FD26CCFF6E006DE5F0 /* bif-icon@2x.png in Resources */ = {isa = PBXBuildFile; fileRef = 2339F7DF26CCFF6E006DE5F0 /* bif-icon@2x.png */; };
		2339F7FE26CCFF6E006DE5F0 /* lhf-icon@3x.png in Resources */ = {isa = PBXBuildFile; fileRef = 2339F7E026CCFF6E006DE5F0 /* lhf-icon@3x.png */; };
		2339F7FF26CCFF6E006DE5F0 /* bif-icon@3x.png in Resources */ = {isa = PBXBuildFile; fileRef = 2339F7E126CCFF6E006DE5F0 /* bif-icon@3x.png */; };
		2339F80026CCFF6E006DE5F0 /* vlh-icon@3x.png in Resources */ = {isa = PBXBuildFile; fileRef = 2339F7E226CCFF6E006DE5F0 /* vlh-icon@3x.png */; };
		2339F80326CD02DD006DE5F0 /* puck-icon@3x.png in Resources */ = {isa = PBXBuildFile; fileRef = 2339F80126CD02DD006DE5F0 /* puck-icon@3x.png */; };
		2339F80426CD02DD006DE5F0 /* puck-icon@2x.png in Resources */ = {isa = PBXBuildFile; fileRef = 2339F80226CD02DD006DE5F0 /* puck-icon@2x.png */; };
		2339F80726CD2396006DE5F0 /* tik-icon@2x.png in Resources */ = {isa = PBXBuildFile; fileRef = 2339F80526CD2396006DE5F0 /* tik-icon@2x.png */; };
		2339F80826CD2396006DE5F0 /* tik-icon@3x.png in Resources */ = {isa = PBXBuildFile; fileRef = 2339F80626CD2396006DE5F0 /* tik-icon@3x.png */; };
		2339F80C26CD2525006DE5F0 /* launch-puck-2@1x.png in Resources */ = {isa = PBXBuildFile; fileRef = 2339F80926CD2525006DE5F0 /* launch-puck-2@1x.png */; };
		2339F80D26CD2525006DE5F0 /* launch-puck-2@2x.png in Resources */ = {isa = PBXBuildFile; fileRef = 2339F80A26CD2525006DE5F0 /* launch-puck-2@2x.png */; };
		2339F80E26CD2525006DE5F0 /* launch-puck-2@3x.png in Resources */ = {isa = PBXBuildFile; fileRef = 2339F80B26CD2525006DE5F0 /* launch-puck-2@3x.png */; };
		2339F81226CD2538006DE5F0 /* launch-puck-light-2@1x.png in Resources */ = {isa = PBXBuildFile; fileRef = 2339F80F26CD2538006DE5F0 /* launch-puck-light-2@1x.png */; };
		2339F81326CD2538006DE5F0 /* launch-puck-light-2@2x.png in Resources */ = {isa = PBXBuildFile; fileRef = 2339F81026CD2538006DE5F0 /* launch-puck-light-2@2x.png */; };
		2339F81426CD2538006DE5F0 /* launch-puck-light-2@3x.png in Resources */ = {isa = PBXBuildFile; fileRef = 2339F81126CD2538006DE5F0 /* launch-puck-light-2@3x.png */; };
		23537ED026B1D30200C9B6ED /* GamesStatsView.swift in Sources */ = {isa = PBXBuildFile; fileRef = 23537ECF26B1D30200C9B6ED /* GamesStatsView.swift */; };
		23537ED226B3FE6D00C9B6ED /* Preview.swift in Sources */ = {isa = PBXBuildFile; fileRef = 23537ED126B3FE6D00C9B6ED /* Preview.swift */; };
		23537ED426B454B800C9B6ED /* Extensions.swift in Sources */ = {isa = PBXBuildFile; fileRef = 23537ED326B454B800C9B6ED /* Extensions.swift */; };
		23537ED626B57B9C00C9B6ED /* SettingsView.swift in Sources */ = {isa = PBXBuildFile; fileRef = 23537ED526B57B9C00C9B6ED /* SettingsView.swift */; };
		235CB13C2889650000A898D7 /* PullToRefresh.swift in Sources */ = {isa = PBXBuildFile; fileRef = 235CB13B2889650000A898D7 /* PullToRefresh.swift */; };
		23E405372705DCEA00C516F6 /* ImageLoader.swift in Sources */ = {isa = PBXBuildFile; fileRef = 23E405352705DCEA00C516F6 /* ImageLoader.swift */; };
		23E405382705DCEA00C516F6 /* URLImage.swift in Sources */ = {isa = PBXBuildFile; fileRef = 23E405362705DCEA00C516F6 /* URLImage.swift */; };
		D1AAF86225AB10BF008D3D62 /* TeamLogo.swift in Sources */ = {isa = PBXBuildFile; fileRef = D1AAF86125AB10BF008D3D62 /* TeamLogo.swift */; };
		D1AFC2A425B07E8100490FCE /* TeamView.swift in Sources */ = {isa = PBXBuildFile; fileRef = D1AFC2A325B07E8100490FCE /* TeamView.swift */; };
		D1AFC2A925B07F5E00490FCE /* StarredTeams.swift in Sources */ = {isa = PBXBuildFile; fileRef = D1AFC2A825B07F5E00490FCE /* StarredTeams.swift */; };
		D1AFF86925A84FCB00E50ADE /* ShlApp.swift in Sources */ = {isa = PBXBuildFile; fileRef = D1AFF86825A84FCB00E50ADE /* ShlApp.swift */; };
		D1AFF86B25A84FCB00E50ADE /* ContentView.swift in Sources */ = {isa = PBXBuildFile; fileRef = D1AFF86A25A84FCB00E50ADE /* ContentView.swift */; };
		D1AFF86D25A84FCD00E50ADE /* Assets.xcassets in Resources */ = {isa = PBXBuildFile; fileRef = D1AFF86C25A84FCD00E50ADE /* Assets.xcassets */; };
		D1AFF87025A84FCD00E50ADE /* Preview Assets.xcassets in Resources */ = {isa = PBXBuildFile; fileRef = D1AFF86F25A84FCD00E50ADE /* Preview Assets.xcassets */; };
		D1AFF89725A8537B00E50ADE /* SeasonView.swift in Sources */ = {isa = PBXBuildFile; fileRef = D1AFF89625A8537B00E50ADE /* SeasonView.swift */; };
		D1AFF8A125A8550500E50ADE /* StandingsView.swift in Sources */ = {isa = PBXBuildFile; fileRef = D1AFF8A025A8550500E50ADE /* StandingsView.swift */; };
		D1AFF8B425A8831100E50ADE /* Data.swift in Sources */ = {isa = PBXBuildFile; fileRef = D1AFF8B325A8831100E50ADE /* Data.swift */; };
		D1AFF8C525A88CF700E50ADE /* Localizable.strings in Resources */ = {isa = PBXBuildFile; fileRef = D1AFF8C725A88CF700E50ADE /* Localizable.strings */; };
/* End PBXBuildFile section */

/* Begin PBXCopyFilesBuildPhase section */
		D1AFF8E825A898B300E50ADE /* Embed App Extensions */ = {
			isa = PBXCopyFilesBuildPhase;
			buildActionMask = 2147483647;
			dstPath = "";
			dstSubfolderSpec = 13;
			files = (
			);
			name = "Embed App Extensions";
			runOnlyForDeploymentPostprocessing = 0;
		};
/* End PBXCopyFilesBuildPhase section */

/* Begin PBXFileReference section */
		2339F66A26B6862A006DE5F0 /* TimerView.swift */ = {isa = PBXFileReference; lastKnownFileType = sourcecode.swift; path = TimerView.swift; sourceTree = "<group>"; };
		2339F66C26B844E6006DE5F0 /* shl-app-ios.entitlements */ = {isa = PBXFileReference; lastKnownFileType = text.plist.entitlements; path = "shl-app-ios.entitlements"; sourceTree = "<group>"; };
		2339F66D26B857E7006DE5F0 /* Debouncer.swift */ = {isa = PBXFileReference; lastKnownFileType = sourcecode.swift; path = Debouncer.swift; sourceTree = "<group>"; };
		2339F6B126C0FB2B006DE5F0 /* Settings.swift */ = {isa = PBXFileReference; lastKnownFileType = sourcecode.swift; path = Settings.swift; sourceTree = "<group>"; };
		2339F6B326C15075006DE5F0 /* UserService.swift */ = {isa = PBXFileReference; lastKnownFileType = sourcecode.swift; path = UserService.swift; sourceTree = "<group>"; };
		2339F6B526C25CDE006DE5F0 /* Launch Screen.storyboard */ = {isa = PBXFileReference; lastKnownFileType = file.storyboard; path = "Launch Screen.storyboard"; sourceTree = "<group>"; };
		2339F75D26CA3AE0006DE5F0 /* StoreKit.framework */ = {isa = PBXFileReference; lastKnownFileType = wrapper.framework; name = StoreKit.framework; path = System/Library/Frameworks/StoreKit.framework; sourceTree = SDKROOT; };
		2339F75F26CA3B10006DE5F0 /* Purchases.swift */ = {isa = PBXFileReference; lastKnownFileType = sourcecode.swift; path = Purchases.swift; sourceTree = "<group>"; };
		2339F79D26CCF8D8006DE5F0 /* puck-line@3x.png */ = {isa = PBXFileReference; lastKnownFileType = image.png; path = "puck-line@3x.png"; sourceTree = "<group>"; };
		2339F79E26CCF8D8006DE5F0 /* puck-icon-inverted@2x.png */ = {isa = PBXFileReference; lastKnownFileType = image.png; path = "puck-icon-inverted@2x.png"; sourceTree = "<group>"; };
		2339F79F26CCF8D8006DE5F0 /* puck-icon-night@3x.png */ = {isa = PBXFileReference; lastKnownFileType = image.png; path = "puck-icon-night@3x.png"; sourceTree = "<group>"; };
		2339F7A026CCF8D8006DE5F0 /* puck-icon-night@2x.png */ = {isa = PBXFileReference; lastKnownFileType = image.png; path = "puck-icon-night@2x.png"; sourceTree = "<group>"; };
		2339F7A126CCF8D8006DE5F0 /* puck-icon-ice@3x.png */ = {isa = PBXFileReference; lastKnownFileType = image.png; path = "puck-icon-ice@3x.png"; sourceTree = "<group>"; };
		2339F7A226CCF8D8006DE5F0 /* puck-line@2x.png */ = {isa = PBXFileReference; lastKnownFileType = image.png; path = "puck-line@2x.png"; sourceTree = "<group>"; };
		2339F7A326CCF8D8006DE5F0 /* puck-icon-inverted@3x.png */ = {isa = PBXFileReference; lastKnownFileType = image.png; path = "puck-icon-inverted@3x.png"; sourceTree = "<group>"; };
		2339F7A426CCF8D8006DE5F0 /* puck-icon-ice@2x.png */ = {isa = PBXFileReference; lastKnownFileType = image.png; path = "puck-icon-ice@2x.png"; sourceTree = "<group>"; };
		2339F7C526CCFF6D006DE5F0 /* ohk-icon@2x.png */ = {isa = PBXFileReference; lastKnownFileType = image.png; path = "ohk-icon@2x.png"; sourceTree = "<group>"; };
		2339F7C626CCFF6E006DE5F0 /* rbk-icon@2x.png */ = {isa = PBXFileReference; lastKnownFileType = image.png; path = "rbk-icon@2x.png"; sourceTree = "<group>"; };
		2339F7C726CCFF6E006DE5F0 /* dif-icon@2x.png */ = {isa = PBXFileReference; lastKnownFileType = image.png; path = "dif-icon@2x.png"; sourceTree = "<group>"; };
		2339F7C826CCFF6E006DE5F0 /* vlh-icon@2x.png */ = {isa = PBXFileReference; lastKnownFileType = image.png; path = "vlh-icon@2x.png"; sourceTree = "<group>"; };
		2339F7C926CCFF6E006DE5F0 /* lhf-icon@2x.png */ = {isa = PBXFileReference; lastKnownFileType = image.png; path = "lhf-icon@2x.png"; sourceTree = "<group>"; };
		2339F7CA26CCFF6E006DE5F0 /* fhc-icon@3x.png */ = {isa = PBXFileReference; lastKnownFileType = image.png; path = "fhc-icon@3x.png"; sourceTree = "<group>"; };
		2339F7CB26CCFF6E006DE5F0 /* dif-icon@3x.png */ = {isa = PBXFileReference; lastKnownFileType = image.png; path = "dif-icon@3x.png"; sourceTree = "<group>"; };
		2339F7CC26CCFF6E006DE5F0 /* mif-icon@3x.png */ = {isa = PBXFileReference; lastKnownFileType = image.png; path = "mif-icon@3x.png"; sourceTree = "<group>"; };
		2339F7CD26CCFF6E006DE5F0 /* lhc-icon@2x.png */ = {isa = PBXFileReference; lastKnownFileType = image.png; path = "lhc-icon@2x.png"; sourceTree = "<group>"; };
		2339F7CE26CCFF6E006DE5F0 /* ohk-icon@3x.png */ = {isa = PBXFileReference; lastKnownFileType = image.png; path = "ohk-icon@3x.png"; sourceTree = "<group>"; };
		2339F7CF26CCFF6E006DE5F0 /* hv71-icon@2x.png */ = {isa = PBXFileReference; lastKnownFileType = image.png; path = "hv71-icon@2x.png"; sourceTree = "<group>"; };
		2339F7D026CCFF6E006DE5F0 /* mif-icon@2x.png */ = {isa = PBXFileReference; lastKnownFileType = image.png; path = "mif-icon@2x.png"; sourceTree = "<group>"; };
		2339F7D126CCFF6E006DE5F0 /* lif-icon@2x.png */ = {isa = PBXFileReference; lastKnownFileType = image.png; path = "lif-icon@2x.png"; sourceTree = "<group>"; };
		2339F7D326CCFF6E006DE5F0 /* hv71-icon@3x.png */ = {isa = PBXFileReference; lastKnownFileType = image.png; path = "hv71-icon@3x.png"; sourceTree = "<group>"; };
		2339F7D426CCFF6E006DE5F0 /* fbk-icon@3x.png */ = {isa = PBXFileReference; lastKnownFileType = image.png; path = "fbk-icon@3x.png"; sourceTree = "<group>"; };
		2339F7D526CCFF6E006DE5F0 /* iko-icon@3x.png */ = {isa = PBXFileReference; lastKnownFileType = image.png; path = "iko-icon@3x.png"; sourceTree = "<group>"; };
		2339F7D626CCFF6E006DE5F0 /* fbk-icon@2x.png */ = {isa = PBXFileReference; lastKnownFileType = image.png; path = "fbk-icon@2x.png"; sourceTree = "<group>"; };
		2339F7D726CCFF6E006DE5F0 /* saik-icon@2x.png */ = {isa = PBXFileReference; lastKnownFileType = image.png; path = "saik-icon@2x.png"; sourceTree = "<group>"; };
		2339F7D826CCFF6E006DE5F0 /* rbk-icon@3x.png */ = {isa = PBXFileReference; lastKnownFileType = image.png; path = "rbk-icon@3x.png"; sourceTree = "<group>"; };
		2339F7D926CCFF6E006DE5F0 /* iko-icon@2x.png */ = {isa = PBXFileReference; lastKnownFileType = image.png; path = "iko-icon@2x.png"; sourceTree = "<group>"; };
		2339F7DA26CCFF6E006DE5F0 /* lif-icon@3x.png */ = {isa = PBXFileReference; lastKnownFileType = image.png; path = "lif-icon@3x.png"; sourceTree = "<group>"; };
		2339F7DB26CCFF6E006DE5F0 /* lhc-icon@3x.png */ = {isa = PBXFileReference; lastKnownFileType = image.png; path = "lhc-icon@3x.png"; sourceTree = "<group>"; };
		2339F7DC26CCFF6E006DE5F0 /* fhc-icon@2x.png */ = {isa = PBXFileReference; lastKnownFileType = image.png; path = "fhc-icon@2x.png"; sourceTree = "<group>"; };
		2339F7DE26CCFF6E006DE5F0 /* saik-icon@3x.png */ = {isa = PBXFileReference; lastKnownFileType = image.png; path = "saik-icon@3x.png"; sourceTree = "<group>"; };
		2339F7DF26CCFF6E006DE5F0 /* bif-icon@2x.png */ = {isa = PBXFileReference; lastKnownFileType = image.png; path = "bif-icon@2x.png"; sourceTree = "<group>"; };
		2339F7E026CCFF6E006DE5F0 /* lhf-icon@3x.png */ = {isa = PBXFileReference; lastKnownFileType = image.png; path = "lhf-icon@3x.png"; sourceTree = "<group>"; };
		2339F7E126CCFF6E006DE5F0 /* bif-icon@3x.png */ = {isa = PBXFileReference; lastKnownFileType = image.png; path = "bif-icon@3x.png"; sourceTree = "<group>"; };
		2339F7E226CCFF6E006DE5F0 /* vlh-icon@3x.png */ = {isa = PBXFileReference; lastKnownFileType = image.png; path = "vlh-icon@3x.png"; sourceTree = "<group>"; };
		2339F80126CD02DD006DE5F0 /* puck-icon@3x.png */ = {isa = PBXFileReference; lastKnownFileType = image.png; path = "puck-icon@3x.png"; sourceTree = "<group>"; };
		2339F80226CD02DD006DE5F0 /* puck-icon@2x.png */ = {isa = PBXFileReference; lastKnownFileType = image.png; path = "puck-icon@2x.png"; sourceTree = "<group>"; };
		2339F80526CD2396006DE5F0 /* tik-icon@2x.png */ = {isa = PBXFileReference; lastKnownFileType = image.png; path = "tik-icon@2x.png"; sourceTree = "<group>"; };
		2339F80626CD2396006DE5F0 /* tik-icon@3x.png */ = {isa = PBXFileReference; lastKnownFileType = image.png; path = "tik-icon@3x.png"; sourceTree = "<group>"; };
		2339F80926CD2525006DE5F0 /* launch-puck-2@1x.png */ = {isa = PBXFileReference; lastKnownFileType = image.png; path = "launch-puck-2@1x.png"; sourceTree = "<group>"; };
		2339F80A26CD2525006DE5F0 /* launch-puck-2@2x.png */ = {isa = PBXFileReference; lastKnownFileType = image.png; path = "launch-puck-2@2x.png"; sourceTree = "<group>"; };
		2339F80B26CD2525006DE5F0 /* launch-puck-2@3x.png */ = {isa = PBXFileReference; lastKnownFileType = image.png; path = "launch-puck-2@3x.png"; sourceTree = "<group>"; };
		2339F80F26CD2538006DE5F0 /* launch-puck-light-2@1x.png */ = {isa = PBXFileReference; lastKnownFileType = image.png; path = "launch-puck-light-2@1x.png"; sourceTree = "<group>"; };
		2339F81026CD2538006DE5F0 /* launch-puck-light-2@2x.png */ = {isa = PBXFileReference; lastKnownFileType = image.png; path = "launch-puck-light-2@2x.png"; sourceTree = "<group>"; };
		2339F81126CD2538006DE5F0 /* launch-puck-light-2@3x.png */ = {isa = PBXFileReference; lastKnownFileType = image.png; path = "launch-puck-light-2@3x.png"; sourceTree = "<group>"; };
		23537ECF26B1D30200C9B6ED /* GamesStatsView.swift */ = {isa = PBXFileReference; lastKnownFileType = sourcecode.swift; path = GamesStatsView.swift; sourceTree = "<group>"; };
		23537ED126B3FE6D00C9B6ED /* Preview.swift */ = {isa = PBXFileReference; lastKnownFileType = sourcecode.swift; path = Preview.swift; sourceTree = "<group>"; };
		23537ED326B454B800C9B6ED /* Extensions.swift */ = {isa = PBXFileReference; lastKnownFileType = sourcecode.swift; path = Extensions.swift; sourceTree = "<group>"; };
		23537ED526B57B9C00C9B6ED /* SettingsView.swift */ = {isa = PBXFileReference; lastKnownFileType = sourcecode.swift; path = SettingsView.swift; sourceTree = "<group>"; };
		235CB13B2889650000A898D7 /* PullToRefresh.swift */ = {isa = PBXFileReference; lastKnownFileType = sourcecode.swift; path = PullToRefresh.swift; sourceTree = "<group>"; };
		23E405352705DCEA00C516F6 /* ImageLoader.swift */ = {isa = PBXFileReference; fileEncoding = 4; lastKnownFileType = sourcecode.swift; path = ImageLoader.swift; sourceTree = "<group>"; };
		23E405362705DCEA00C516F6 /* URLImage.swift */ = {isa = PBXFileReference; fileEncoding = 4; lastKnownFileType = sourcecode.swift; path = URLImage.swift; sourceTree = "<group>"; };
		D1AAF86125AB10BF008D3D62 /* TeamLogo.swift */ = {isa = PBXFileReference; lastKnownFileType = sourcecode.swift; path = TeamLogo.swift; sourceTree = "<group>"; };
		D1AFC2A325B07E8100490FCE /* TeamView.swift */ = {isa = PBXFileReference; lastKnownFileType = sourcecode.swift; path = TeamView.swift; sourceTree = "<group>"; };
		D1AFC2A825B07F5E00490FCE /* StarredTeams.swift */ = {isa = PBXFileReference; lastKnownFileType = sourcecode.swift; path = StarredTeams.swift; sourceTree = "<group>"; };
		D1AFF86525A84FCB00E50ADE /* shl-app-ios.app */ = {isa = PBXFileReference; explicitFileType = wrapper.application; includeInIndex = 0; path = "shl-app-ios.app"; sourceTree = BUILT_PRODUCTS_DIR; };
		D1AFF86825A84FCB00E50ADE /* ShlApp.swift */ = {isa = PBXFileReference; lastKnownFileType = sourcecode.swift; path = ShlApp.swift; sourceTree = "<group>"; };
		D1AFF86A25A84FCB00E50ADE /* ContentView.swift */ = {isa = PBXFileReference; lastKnownFileType = sourcecode.swift; path = ContentView.swift; sourceTree = "<group>"; };
		D1AFF86C25A84FCD00E50ADE /* Assets.xcassets */ = {isa = PBXFileReference; lastKnownFileType = folder.assetcatalog; path = Assets.xcassets; sourceTree = "<group>"; };
		D1AFF86F25A84FCD00E50ADE /* Preview Assets.xcassets */ = {isa = PBXFileReference; lastKnownFileType = folder.assetcatalog; path = "Preview Assets.xcassets"; sourceTree = "<group>"; };
		D1AFF87125A84FCD00E50ADE /* Info.plist */ = {isa = PBXFileReference; lastKnownFileType = text.plist.xml; path = Info.plist; sourceTree = "<group>"; };
		D1AFF89625A8537B00E50ADE /* SeasonView.swift */ = {isa = PBXFileReference; lastKnownFileType = sourcecode.swift; path = SeasonView.swift; sourceTree = "<group>"; wrapsLines = 0; };
		D1AFF8A025A8550500E50ADE /* StandingsView.swift */ = {isa = PBXFileReference; lastKnownFileType = sourcecode.swift; path = StandingsView.swift; sourceTree = "<group>"; };
		D1AFF8B325A8831100E50ADE /* Data.swift */ = {isa = PBXFileReference; lastKnownFileType = sourcecode.swift; path = Data.swift; sourceTree = "<group>"; };
		D1AFF8C625A88CF700E50ADE /* en */ = {isa = PBXFileReference; lastKnownFileType = text.plist.strings; name = en; path = en.lproj/Localizable.strings; sourceTree = "<group>"; };
		D1AFF8CB25A88D7600E50ADE /* sv */ = {isa = PBXFileReference; lastKnownFileType = text.plist.strings; name = sv; path = sv.lproj/Localizable.strings; sourceTree = "<group>"; };
		D1AFF8D525A898AD00E50ADE /* WidgetKit.framework */ = {isa = PBXFileReference; lastKnownFileType = wrapper.framework; name = WidgetKit.framework; path = System/Library/Frameworks/WidgetKit.framework; sourceTree = SDKROOT; };
		D1AFF8D725A898AD00E50ADE /* SwiftUI.framework */ = {isa = PBXFileReference; lastKnownFileType = wrapper.framework; name = SwiftUI.framework; path = System/Library/Frameworks/SwiftUI.framework; sourceTree = SDKROOT; };
/* End PBXFileReference section */

/* Begin PBXFrameworksBuildPhase section */
		D1AFF86225A84FCB00E50ADE /* Frameworks */ = {
			isa = PBXFrameworksBuildPhase;
			buildActionMask = 2147483647;
			files = (
				2339F75E26CA3AE0006DE5F0 /* StoreKit.framework in Frameworks */,
			);
			runOnlyForDeploymentPostprocessing = 0;
		};
/* End PBXFrameworksBuildPhase section */

/* Begin PBXGroup section */
		23537ED726B57F5D00C9B6ED /* Icons */ = {
			isa = PBXGroup;
			children = (
				2339F80926CD2525006DE5F0 /* launch-puck-2@1x.png */,
				2339F80A26CD2525006DE5F0 /* launch-puck-2@2x.png */,
				2339F80B26CD2525006DE5F0 /* launch-puck-2@3x.png */,
				2339F80F26CD2538006DE5F0 /* launch-puck-light-2@1x.png */,
				2339F81026CD2538006DE5F0 /* launch-puck-light-2@2x.png */,
				2339F81126CD2538006DE5F0 /* launch-puck-light-2@3x.png */,
				2339F7DF26CCFF6E006DE5F0 /* bif-icon@2x.png */,
				2339F7E126CCFF6E006DE5F0 /* bif-icon@3x.png */,
				2339F7C726CCFF6E006DE5F0 /* dif-icon@2x.png */,
				2339F7CB26CCFF6E006DE5F0 /* dif-icon@3x.png */,
				2339F7D626CCFF6E006DE5F0 /* fbk-icon@2x.png */,
				2339F7D426CCFF6E006DE5F0 /* fbk-icon@3x.png */,
				2339F7DC26CCFF6E006DE5F0 /* fhc-icon@2x.png */,
				2339F7CA26CCFF6E006DE5F0 /* fhc-icon@3x.png */,
				2339F7CF26CCFF6E006DE5F0 /* hv71-icon@2x.png */,
				2339F7D326CCFF6E006DE5F0 /* hv71-icon@3x.png */,
				2339F7D926CCFF6E006DE5F0 /* iko-icon@2x.png */,
				2339F7D526CCFF6E006DE5F0 /* iko-icon@3x.png */,
				2339F7CD26CCFF6E006DE5F0 /* lhc-icon@2x.png */,
				2339F7DB26CCFF6E006DE5F0 /* lhc-icon@3x.png */,
				2339F7C926CCFF6E006DE5F0 /* lhf-icon@2x.png */,
				2339F7E026CCFF6E006DE5F0 /* lhf-icon@3x.png */,
				2339F7D126CCFF6E006DE5F0 /* lif-icon@2x.png */,
				2339F7DA26CCFF6E006DE5F0 /* lif-icon@3x.png */,
				2339F7D026CCFF6E006DE5F0 /* mif-icon@2x.png */,
				2339F7CC26CCFF6E006DE5F0 /* mif-icon@3x.png */,
				2339F7C526CCFF6D006DE5F0 /* ohk-icon@2x.png */,
				2339F7CE26CCFF6E006DE5F0 /* ohk-icon@3x.png */,
				2339F7C626CCFF6E006DE5F0 /* rbk-icon@2x.png */,
				2339F7D826CCFF6E006DE5F0 /* rbk-icon@3x.png */,
				2339F7D726CCFF6E006DE5F0 /* saik-icon@2x.png */,
				2339F7DE26CCFF6E006DE5F0 /* saik-icon@3x.png */,
				2339F80526CD2396006DE5F0 /* tik-icon@2x.png */,
				2339F80626CD2396006DE5F0 /* tik-icon@3x.png */,
				2339F7C826CCFF6E006DE5F0 /* vlh-icon@2x.png */,
				2339F7E226CCFF6E006DE5F0 /* vlh-icon@3x.png */,
				2339F80226CD02DD006DE5F0 /* puck-icon@2x.png */,
				2339F80126CD02DD006DE5F0 /* puck-icon@3x.png */,
				2339F7A426CCF8D8006DE5F0 /* puck-icon-ice@2x.png */,
				2339F7A126CCF8D8006DE5F0 /* puck-icon-ice@3x.png */,
				2339F79E26CCF8D8006DE5F0 /* puck-icon-inverted@2x.png */,
				2339F7A326CCF8D8006DE5F0 /* puck-icon-inverted@3x.png */,
				2339F7A026CCF8D8006DE5F0 /* puck-icon-night@2x.png */,
				2339F79F26CCF8D8006DE5F0 /* puck-icon-night@3x.png */,
				2339F7A226CCF8D8006DE5F0 /* puck-line@2x.png */,
				2339F79D26CCF8D8006DE5F0 /* puck-line@3x.png */,
			);
			path = Icons;
			sourceTree = "<group>";
		};
		D1AFF85C25A84FCB00E50ADE = {
			isa = PBXGroup;
			children = (
				D1AFF86725A84FCB00E50ADE /* shl-app-ios */,
				D1AFF8D425A898AD00E50ADE /* Frameworks */,
				D1AFF86625A84FCB00E50ADE /* Products */,
			);
			sourceTree = "<group>";
		};
		D1AFF86625A84FCB00E50ADE /* Products */ = {
			isa = PBXGroup;
			children = (
				D1AFF86525A84FCB00E50ADE /* shl-app-ios.app */,
			);
			name = Products;
			sourceTree = "<group>";
		};
		D1AFF86725A84FCB00E50ADE /* shl-app-ios */ = {
			isa = PBXGroup;
			children = (
				2339F66C26B844E6006DE5F0 /* shl-app-ios.entitlements */,
				23537ED726B57F5D00C9B6ED /* Icons */,
				D1AFF8A925A85C1100E50ADE /* components */,
				D1AFF8A525A8570B00E50ADE /* compositions */,
				D1AFF86C25A84FCD00E50ADE /* Assets.xcassets */,
				D1AFF87125A84FCD00E50ADE /* Info.plist */,
				D1AFF86E25A84FCD00E50ADE /* Preview Content */,
				D1AFF8C725A88CF700E50ADE /* Localizable.strings */,
			);
			path = "shl-app-ios";
			sourceTree = "<group>";
		};
		D1AFF86E25A84FCD00E50ADE /* Preview Content */ = {
			isa = PBXGroup;
			children = (
				D1AFF86F25A84FCD00E50ADE /* Preview Assets.xcassets */,
			);
			path = "Preview Content";
			sourceTree = "<group>";
		};
		D1AFF8A525A8570B00E50ADE /* compositions */ = {
			isa = PBXGroup;
			children = (
				D1AFF86825A84FCB00E50ADE /* ShlApp.swift */,
				D1AFF86A25A84FCB00E50ADE /* ContentView.swift */,
				D1AFF89625A8537B00E50ADE /* SeasonView.swift */,
				D1AFF8A025A8550500E50ADE /* StandingsView.swift */,
				D1AFC2A325B07E8100490FCE /* TeamView.swift */,
				23537ECF26B1D30200C9B6ED /* GamesStatsView.swift */,
				23537ED526B57B9C00C9B6ED /* SettingsView.swift */,
				23537ED126B3FE6D00C9B6ED /* Preview.swift */,
				2339F6B526C25CDE006DE5F0 /* Launch Screen.storyboard */,
			);
			path = compositions;
			sourceTree = "<group>";
		};
		D1AFF8A925A85C1100E50ADE /* components */ = {
			isa = PBXGroup;
			children = (
				D1AFF8B325A8831100E50ADE /* Data.swift */,
				D1AAF86125AB10BF008D3D62 /* TeamLogo.swift */,
				D1AFC2A825B07F5E00490FCE /* StarredTeams.swift */,
				23537ED326B454B800C9B6ED /* Extensions.swift */,
				2339F66A26B6862A006DE5F0 /* TimerView.swift */,
				23E405352705DCEA00C516F6 /* ImageLoader.swift */,
				23E405362705DCEA00C516F6 /* URLImage.swift */,
				2339F66D26B857E7006DE5F0 /* Debouncer.swift */,
				2339F6B126C0FB2B006DE5F0 /* Settings.swift */,
				2339F6B326C15075006DE5F0 /* UserService.swift */,
				2339F75F26CA3B10006DE5F0 /* Purchases.swift */,
				235CB13B2889650000A898D7 /* PullToRefresh.swift */,
			);
			path = components;
			sourceTree = "<group>";
		};
		D1AFF8D425A898AD00E50ADE /* Frameworks */ = {
			isa = PBXGroup;
			children = (
				2339F75D26CA3AE0006DE5F0 /* StoreKit.framework */,
				D1AFF8D525A898AD00E50ADE /* WidgetKit.framework */,
				D1AFF8D725A898AD00E50ADE /* SwiftUI.framework */,
			);
			name = Frameworks;
			sourceTree = "<group>";
		};
/* End PBXGroup section */

/* Begin PBXNativeTarget section */
		D1AFF86425A84FCB00E50ADE /* shl-app-ios */ = {
			isa = PBXNativeTarget;
			buildConfigurationList = D1AFF88A25A84FCE00E50ADE /* Build configuration list for PBXNativeTarget "shl-app-ios" */;
			buildPhases = (
				D1AFF86125A84FCB00E50ADE /* Sources */,
				D1AFF86225A84FCB00E50ADE /* Frameworks */,
				D1AFF86325A84FCB00E50ADE /* Resources */,
				D1AFF8E825A898B300E50ADE /* Embed App Extensions */,
			);
			buildRules = (
			);
			dependencies = (
			);
			name = "shl-app-ios";
			productName = HockeyPal;
			productReference = D1AFF86525A84FCB00E50ADE /* shl-app-ios.app */;
			productType = "com.apple.product-type.application";
		};
/* End PBXNativeTarget section */

/* Begin PBXProject section */
		D1AFF85D25A84FCB00E50ADE /* Project object */ = {
			isa = PBXProject;
			attributes = {
				LastSwiftUpdateCheck = 1230;
				LastUpgradeCheck = 1230;
				TargetAttributes = {
					D1AFF86425A84FCB00E50ADE = {
						CreatedOnToolsVersion = 12.3;
					};
				};
			};
			buildConfigurationList = D1AFF86025A84FCB00E50ADE /* Build configuration list for PBXProject "shl-app-ios" */;
			compatibilityVersion = "Xcode 9.3";
			developmentRegion = en;
			hasScannedForEncodings = 0;
			knownRegions = (
				en,
				Base,
				sv,
			);
			mainGroup = D1AFF85C25A84FCB00E50ADE;
			productRefGroup = D1AFF86625A84FCB00E50ADE /* Products */;
			projectDirPath = "";
			projectRoot = "";
			targets = (
				D1AFF86425A84FCB00E50ADE /* shl-app-ios */,
			);
		};
/* End PBXProject section */

/* Begin PBXResourcesBuildPhase section */
		D1AFF86325A84FCB00E50ADE /* Resources */ = {
			isa = PBXResourcesBuildPhase;
			buildActionMask = 2147483647;
			files = (
				2339F80726CD2396006DE5F0 /* tik-icon@2x.png in Resources */,
				D1AFF87025A84FCD00E50ADE /* Preview Assets.xcassets in Resources */,
				2339F7E426CCFF6E006DE5F0 /* rbk-icon@2x.png in Resources */,
				2339F7F226CCFF6E006DE5F0 /* fbk-icon@3x.png in Resources */,
				2339F7F126CCFF6E006DE5F0 /* hv71-icon@3x.png in Resources */,
				2339F7F526CCFF6E006DE5F0 /* saik-icon@2x.png in Resources */,
				2339F7A926CCF8D8006DE5F0 /* puck-icon-ice@3x.png in Resources */,
				2339F7F826CCFF6E006DE5F0 /* lif-icon@3x.png in Resources */,
				2339F7ED26CCFF6E006DE5F0 /* hv71-icon@2x.png in Resources */,
				2339F7FD26CCFF6E006DE5F0 /* bif-icon@2x.png in Resources */,
				2339F7A726CCF8D8006DE5F0 /* puck-icon-night@3x.png in Resources */,
				2339F7FF26CCFF6E006DE5F0 /* bif-icon@3x.png in Resources */,
				2339F7FE26CCFF6E006DE5F0 /* lhf-icon@3x.png in Resources */,
				2339F7F726CCFF6E006DE5F0 /* iko-icon@2x.png in Resources */,
				2339F6B626C25CDE006DE5F0 /* Launch Screen.storyboard in Resources */,
				2339F7A626CCF8D8006DE5F0 /* puck-icon-inverted@2x.png in Resources */,
				2339F80026CCFF6E006DE5F0 /* vlh-icon@3x.png in Resources */,
				2339F7E326CCFF6E006DE5F0 /* ohk-icon@2x.png in Resources */,
				D1AFF8C525A88CF700E50ADE /* Localizable.strings in Resources */,
				2339F7F926CCFF6E006DE5F0 /* lhc-icon@3x.png in Resources */,
				2339F7F326CCFF6E006DE5F0 /* iko-icon@3x.png in Resources */,
				2339F7EB26CCFF6E006DE5F0 /* lhc-icon@2x.png in Resources */,
				2339F7EA26CCFF6E006DE5F0 /* mif-icon@3x.png in Resources */,
				2339F7AC26CCF8D8006DE5F0 /* puck-icon-ice@2x.png in Resources */,
				2339F7F626CCFF6E006DE5F0 /* rbk-icon@3x.png in Resources */,
				2339F7A826CCF8D8006DE5F0 /* puck-icon-night@2x.png in Resources */,
				2339F81426CD2538006DE5F0 /* launch-puck-light-2@3x.png in Resources */,
				2339F7FA26CCFF6E006DE5F0 /* fhc-icon@2x.png in Resources */,
				D1AFF86D25A84FCD00E50ADE /* Assets.xcassets in Resources */,
				2339F7E726CCFF6E006DE5F0 /* lhf-icon@2x.png in Resources */,
				2339F80426CD02DD006DE5F0 /* puck-icon@2x.png in Resources */,
				2339F80D26CD2525006DE5F0 /* launch-puck-2@2x.png in Resources */,
				2339F7E626CCFF6E006DE5F0 /* vlh-icon@2x.png in Resources */,
				2339F80826CD2396006DE5F0 /* tik-icon@3x.png in Resources */,
				2339F7F426CCFF6E006DE5F0 /* fbk-icon@2x.png in Resources */,
				2339F80C26CD2525006DE5F0 /* launch-puck-2@1x.png in Resources */,
				2339F7E526CCFF6E006DE5F0 /* dif-icon@2x.png in Resources */,
				2339F81226CD2538006DE5F0 /* launch-puck-light-2@1x.png in Resources */,
				2339F7E826CCFF6E006DE5F0 /* fhc-icon@3x.png in Resources */,
				2339F7A526CCF8D8006DE5F0 /* puck-line@3x.png in Resources */,
				2339F7AB26CCF8D8006DE5F0 /* puck-icon-inverted@3x.png in Resources */,
				2339F7EC26CCFF6E006DE5F0 /* ohk-icon@3x.png in Resources */,
				2339F80E26CD2525006DE5F0 /* launch-puck-2@3x.png in Resources */,
				2339F7AA26CCF8D8006DE5F0 /* puck-line@2x.png in Resources */,
				2339F7FC26CCFF6E006DE5F0 /* saik-icon@3x.png in Resources */,
				2339F81326CD2538006DE5F0 /* launch-puck-light-2@2x.png in Resources */,
				2339F80326CD02DD006DE5F0 /* puck-icon@3x.png in Resources */,
				2339F7EF26CCFF6E006DE5F0 /* lif-icon@2x.png in Resources */,
				2339F7EE26CCFF6E006DE5F0 /* mif-icon@2x.png in Resources */,
				2339F7E926CCFF6E006DE5F0 /* dif-icon@3x.png in Resources */,
			);
			runOnlyForDeploymentPostprocessing = 0;
		};
/* End PBXResourcesBuildPhase section */

/* Begin PBXSourcesBuildPhase section */
		D1AFF86125A84FCB00E50ADE /* Sources */ = {
			isa = PBXSourcesBuildPhase;
			buildActionMask = 2147483647;
			files = (
				D1AFF8A125A8550500E50ADE /* StandingsView.swift in Sources */,
				D1AFF8B425A8831100E50ADE /* Data.swift in Sources */,
				2339F6B426C15075006DE5F0 /* UserService.swift in Sources */,
				23537ED226B3FE6D00C9B6ED /* Preview.swift in Sources */,
				D1AFF86B25A84FCB00E50ADE /* ContentView.swift in Sources */,
				D1AFF89725A8537B00E50ADE /* SeasonView.swift in Sources */,
				2339F66B26B6862A006DE5F0 /* TimerView.swift in Sources */,
				D1AFF86925A84FCB00E50ADE /* ShlApp.swift in Sources */,
				23537ED626B57B9C00C9B6ED /* SettingsView.swift in Sources */,
				23537ED426B454B800C9B6ED /* Extensions.swift in Sources */,
				D1AFC2A425B07E8100490FCE /* TeamView.swift in Sources */,
				D1AFC2A925B07F5E00490FCE /* StarredTeams.swift in Sources */,
				23537ED026B1D30200C9B6ED /* GamesStatsView.swift in Sources */,
				235CB13C2889650000A898D7 /* PullToRefresh.swift in Sources */,
				D1AAF86225AB10BF008D3D62 /* TeamLogo.swift in Sources */,
				23E405372705DCEA00C516F6 /* ImageLoader.swift in Sources */,
				2339F66E26B857E7006DE5F0 /* Debouncer.swift in Sources */,
				2339F76026CA3B10006DE5F0 /* Purchases.swift in Sources */,
				2339F6B226C0FB2B006DE5F0 /* Settings.swift in Sources */,
				23E405382705DCEA00C516F6 /* URLImage.swift in Sources */,
			);
			runOnlyForDeploymentPostprocessing = 0;
		};
/* End PBXSourcesBuildPhase section */

/* Begin PBXVariantGroup section */
		D1AFF8C725A88CF700E50ADE /* Localizable.strings */ = {
			isa = PBXVariantGroup;
			children = (
				D1AFF8C625A88CF700E50ADE /* en */,
				D1AFF8CB25A88D7600E50ADE /* sv */,
			);
			name = Localizable.strings;
			sourceTree = "<group>";
		};
/* End PBXVariantGroup section */

/* Begin XCBuildConfiguration section */
		2339F81B26CEBFBC006DE5F0 /* Beta */ = {
			isa = XCBuildConfiguration;
			buildSettings = {
				ALWAYS_SEARCH_USER_PATHS = NO;
				CLANG_ANALYZER_LOCALIZABILITY_NONLOCALIZED = YES;
				CLANG_ANALYZER_NONNULL = YES;
				CLANG_ANALYZER_NUMBER_OBJECT_CONVERSION = YES_AGGRESSIVE;
				CLANG_CXX_LANGUAGE_STANDARD = "gnu++14";
				CLANG_CXX_LIBRARY = "libc++";
				CLANG_ENABLE_MODULES = YES;
				CLANG_ENABLE_OBJC_ARC = YES;
				CLANG_ENABLE_OBJC_WEAK = YES;
				CLANG_WARN_BLOCK_CAPTURE_AUTORELEASING = YES;
				CLANG_WARN_BOOL_CONVERSION = YES;
				CLANG_WARN_COMMA = YES;
				CLANG_WARN_CONSTANT_CONVERSION = YES;
				CLANG_WARN_DEPRECATED_OBJC_IMPLEMENTATIONS = YES;
				CLANG_WARN_DIRECT_OBJC_ISA_USAGE = YES_ERROR;
				CLANG_WARN_DOCUMENTATION_COMMENTS = YES;
				CLANG_WARN_EMPTY_BODY = YES;
				CLANG_WARN_ENUM_CONVERSION = YES;
				CLANG_WARN_INFINITE_RECURSION = YES;
				CLANG_WARN_INT_CONVERSION = YES;
				CLANG_WARN_NON_LITERAL_NULL_CONVERSION = YES;
				CLANG_WARN_OBJC_IMPLICIT_RETAIN_SELF = YES;
				CLANG_WARN_OBJC_LITERAL_CONVERSION = YES;
				CLANG_WARN_OBJC_ROOT_CLASS = YES_ERROR;
				CLANG_WARN_QUOTED_INCLUDE_IN_FRAMEWORK_HEADER = YES;
				CLANG_WARN_RANGE_LOOP_ANALYSIS = YES;
				CLANG_WARN_STRICT_PROTOTYPES = YES;
				CLANG_WARN_SUSPICIOUS_MOVE = YES;
				CLANG_WARN_UNGUARDED_AVAILABILITY = YES_AGGRESSIVE;
				CLANG_WARN_UNREACHABLE_CODE = YES;
				CLANG_WARN__DUPLICATE_METHOD_MATCH = YES;
				COPY_PHASE_STRIP = NO;
				DEBUG_INFORMATION_FORMAT = "dwarf-with-dsym";
				ENABLE_NS_ASSERTIONS = NO;
				ENABLE_STRICT_OBJC_MSGSEND = YES;
				GCC_C_LANGUAGE_STANDARD = gnu11;
				GCC_NO_COMMON_BLOCKS = YES;
				GCC_WARN_64_TO_32_BIT_CONVERSION = YES;
				GCC_WARN_ABOUT_RETURN_TYPE = YES_ERROR;
				GCC_WARN_UNDECLARED_SELECTOR = YES;
				GCC_WARN_UNINITIALIZED_AUTOS = YES_AGGRESSIVE;
				GCC_WARN_UNUSED_FUNCTION = YES;
				GCC_WARN_UNUSED_VARIABLE = YES;
				IPHONEOS_DEPLOYMENT_TARGET = 15.0;
				MTL_ENABLE_DEBUG_INFO = NO;
				MTL_FAST_MATH = YES;
				SDKROOT = iphoneos;
				SWIFT_COMPILATION_MODE = wholemodule;
				SWIFT_OPTIMIZATION_LEVEL = "-O";
				VALIDATE_PRODUCT = YES;
			};
			name = Beta;
		};
		2339F81C26CEBFBC006DE5F0 /* Beta */ = {
			isa = XCBuildConfiguration;
			buildSettings = {
				ALWAYS_EMBED_SWIFT_STANDARD_LIBRARIES = YES;
				ASSETCATALOG_COMPILER_APPICON_NAME = "AppIcon$(BUNDLE_ID_SUFFIX)";
				ASSETCATALOG_COMPILER_GLOBAL_ACCENT_COLOR_NAME = AccentColor;
				BUNDLE_ID_SUFFIX = .beta;
				CODE_SIGN_ENTITLEMENTS = "shl-app-ios/shl-app-ios.entitlements";
				CODE_SIGN_STYLE = Automatic;
				CURRENT_PROJECT_VERSION = 1;
				DEVELOPMENT_ASSET_PATHS = "\"shl-app-ios/Preview Content\"";
				DEVELOPMENT_TEAM = 3LK2DRBJ29;
				ENABLE_PREVIEWS = YES;
				INFOPLIST_FILE = "shl-app-ios/Info.plist";
				IPHONEOS_DEPLOYMENT_TARGET = 15.0;
				LD_RUNPATH_SEARCH_PATHS = (
					"$(inherited)",
					"@executable_path/Frameworks",
				);
				MARKETING_VERSION = 0.1.6;
				PRODUCT_BUNDLE_IDENTIFIER = "com.palforsberg.shl-app-ios${BUNDLE_ID_SUFFIX}";
				PRODUCT_NAME = "$(TARGET_NAME)";
				SWIFT_VERSION = 5.0;
				TARGETED_DEVICE_FAMILY = 1;
			};
			name = Beta;
		};
		D1AFF88825A84FCE00E50ADE /* Debug */ = {
			isa = XCBuildConfiguration;
			buildSettings = {
				ALWAYS_SEARCH_USER_PATHS = NO;
				CLANG_ANALYZER_LOCALIZABILITY_NONLOCALIZED = YES;
				CLANG_ANALYZER_NONNULL = YES;
				CLANG_ANALYZER_NUMBER_OBJECT_CONVERSION = YES_AGGRESSIVE;
				CLANG_CXX_LANGUAGE_STANDARD = "gnu++14";
				CLANG_CXX_LIBRARY = "libc++";
				CLANG_ENABLE_MODULES = YES;
				CLANG_ENABLE_OBJC_ARC = YES;
				CLANG_ENABLE_OBJC_WEAK = YES;
				CLANG_WARN_BLOCK_CAPTURE_AUTORELEASING = YES;
				CLANG_WARN_BOOL_CONVERSION = YES;
				CLANG_WARN_COMMA = YES;
				CLANG_WARN_CONSTANT_CONVERSION = YES;
				CLANG_WARN_DEPRECATED_OBJC_IMPLEMENTATIONS = YES;
				CLANG_WARN_DIRECT_OBJC_ISA_USAGE = YES_ERROR;
				CLANG_WARN_DOCUMENTATION_COMMENTS = YES;
				CLANG_WARN_EMPTY_BODY = YES;
				CLANG_WARN_ENUM_CONVERSION = YES;
				CLANG_WARN_INFINITE_RECURSION = YES;
				CLANG_WARN_INT_CONVERSION = YES;
				CLANG_WARN_NON_LITERAL_NULL_CONVERSION = YES;
				CLANG_WARN_OBJC_IMPLICIT_RETAIN_SELF = YES;
				CLANG_WARN_OBJC_LITERAL_CONVERSION = YES;
				CLANG_WARN_OBJC_ROOT_CLASS = YES_ERROR;
				CLANG_WARN_QUOTED_INCLUDE_IN_FRAMEWORK_HEADER = YES;
				CLANG_WARN_RANGE_LOOP_ANALYSIS = YES;
				CLANG_WARN_STRICT_PROTOTYPES = YES;
				CLANG_WARN_SUSPICIOUS_MOVE = YES;
				CLANG_WARN_UNGUARDED_AVAILABILITY = YES_AGGRESSIVE;
				CLANG_WARN_UNREACHABLE_CODE = YES;
				CLANG_WARN__DUPLICATE_METHOD_MATCH = YES;
				COPY_PHASE_STRIP = NO;
				DEBUG_INFORMATION_FORMAT = dwarf;
				ENABLE_STRICT_OBJC_MSGSEND = YES;
				ENABLE_TESTABILITY = YES;
				GCC_C_LANGUAGE_STANDARD = gnu11;
				GCC_DYNAMIC_NO_PIC = NO;
				GCC_NO_COMMON_BLOCKS = YES;
				GCC_OPTIMIZATION_LEVEL = 0;
				GCC_PREPROCESSOR_DEFINITIONS = (
					"DEBUG=1",
					"$(inherited)",
				);
				GCC_WARN_64_TO_32_BIT_CONVERSION = YES;
				GCC_WARN_ABOUT_RETURN_TYPE = YES_ERROR;
				GCC_WARN_UNDECLARED_SELECTOR = YES;
				GCC_WARN_UNINITIALIZED_AUTOS = YES_AGGRESSIVE;
				GCC_WARN_UNUSED_FUNCTION = YES;
				GCC_WARN_UNUSED_VARIABLE = YES;
				IPHONEOS_DEPLOYMENT_TARGET = 15.0;
				MTL_ENABLE_DEBUG_INFO = INCLUDE_SOURCE;
				MTL_FAST_MATH = YES;
				ONLY_ACTIVE_ARCH = YES;
				SDKROOT = iphoneos;
				SWIFT_ACTIVE_COMPILATION_CONDITIONS = DEBUG;
				SWIFT_OPTIMIZATION_LEVEL = "-Onone";
			};
			name = Debug;
		};
		D1AFF88925A84FCE00E50ADE /* Release */ = {
			isa = XCBuildConfiguration;
			buildSettings = {
				ALWAYS_SEARCH_USER_PATHS = NO;
				CLANG_ANALYZER_LOCALIZABILITY_NONLOCALIZED = YES;
				CLANG_ANALYZER_NONNULL = YES;
				CLANG_ANALYZER_NUMBER_OBJECT_CONVERSION = YES_AGGRESSIVE;
				CLANG_CXX_LANGUAGE_STANDARD = "gnu++14";
				CLANG_CXX_LIBRARY = "libc++";
				CLANG_ENABLE_MODULES = YES;
				CLANG_ENABLE_OBJC_ARC = YES;
				CLANG_ENABLE_OBJC_WEAK = YES;
				CLANG_WARN_BLOCK_CAPTURE_AUTORELEASING = YES;
				CLANG_WARN_BOOL_CONVERSION = YES;
				CLANG_WARN_COMMA = YES;
				CLANG_WARN_CONSTANT_CONVERSION = YES;
				CLANG_WARN_DEPRECATED_OBJC_IMPLEMENTATIONS = YES;
				CLANG_WARN_DIRECT_OBJC_ISA_USAGE = YES_ERROR;
				CLANG_WARN_DOCUMENTATION_COMMENTS = YES;
				CLANG_WARN_EMPTY_BODY = YES;
				CLANG_WARN_ENUM_CONVERSION = YES;
				CLANG_WARN_INFINITE_RECURSION = YES;
				CLANG_WARN_INT_CONVERSION = YES;
				CLANG_WARN_NON_LITERAL_NULL_CONVERSION = YES;
				CLANG_WARN_OBJC_IMPLICIT_RETAIN_SELF = YES;
				CLANG_WARN_OBJC_LITERAL_CONVERSION = YES;
				CLANG_WARN_OBJC_ROOT_CLASS = YES_ERROR;
				CLANG_WARN_QUOTED_INCLUDE_IN_FRAMEWORK_HEADER = YES;
				CLANG_WARN_RANGE_LOOP_ANALYSIS = YES;
				CLANG_WARN_STRICT_PROTOTYPES = YES;
				CLANG_WARN_SUSPICIOUS_MOVE = YES;
				CLANG_WARN_UNGUARDED_AVAILABILITY = YES_AGGRESSIVE;
				CLANG_WARN_UNREACHABLE_CODE = YES;
				CLANG_WARN__DUPLICATE_METHOD_MATCH = YES;
				COPY_PHASE_STRIP = NO;
				DEBUG_INFORMATION_FORMAT = "dwarf-with-dsym";
				ENABLE_NS_ASSERTIONS = NO;
				ENABLE_STRICT_OBJC_MSGSEND = YES;
				GCC_C_LANGUAGE_STANDARD = gnu11;
				GCC_NO_COMMON_BLOCKS = YES;
				GCC_WARN_64_TO_32_BIT_CONVERSION = YES;
				GCC_WARN_ABOUT_RETURN_TYPE = YES_ERROR;
				GCC_WARN_UNDECLARED_SELECTOR = YES;
				GCC_WARN_UNINITIALIZED_AUTOS = YES_AGGRESSIVE;
				GCC_WARN_UNUSED_FUNCTION = YES;
				GCC_WARN_UNUSED_VARIABLE = YES;
				IPHONEOS_DEPLOYMENT_TARGET = 15.0;
				MTL_ENABLE_DEBUG_INFO = NO;
				MTL_FAST_MATH = YES;
				SDKROOT = iphoneos;
				SWIFT_COMPILATION_MODE = wholemodule;
				SWIFT_OPTIMIZATION_LEVEL = "-O";
				VALIDATE_PRODUCT = YES;
			};
			name = Release;
		};
		D1AFF88B25A84FCE00E50ADE /* Debug */ = {
			isa = XCBuildConfiguration;
			buildSettings = {
				ALWAYS_EMBED_SWIFT_STANDARD_LIBRARIES = YES;
				ASSETCATALOG_COMPILER_APPICON_NAME = "AppIcon$(BUNDLE_ID_SUFFIX)";
				ASSETCATALOG_COMPILER_GLOBAL_ACCENT_COLOR_NAME = AccentColor;
				BUNDLE_ID_SUFFIX = .debug;
				CODE_SIGN_ENTITLEMENTS = "shl-app-ios/shl-app-ios.entitlements";
				CODE_SIGN_STYLE = Automatic;
				CURRENT_PROJECT_VERSION = 1;
				DEVELOPMENT_ASSET_PATHS = "\"shl-app-ios/Preview Content\"";
				DEVELOPMENT_TEAM = 3LK2DRBJ29;
				ENABLE_PREVIEWS = YES;
				INFOPLIST_FILE = "shl-app-ios/Info.plist";
				IPHONEOS_DEPLOYMENT_TARGET = 15.0;
				LD_RUNPATH_SEARCH_PATHS = (
					"$(inherited)",
					"@executable_path/Frameworks",
				);
				MARKETING_VERSION = 0.1.6;
				PRODUCT_BUNDLE_IDENTIFIER = "com.palforsberg.shl-app-ios${BUNDLE_ID_SUFFIX}";
				PRODUCT_NAME = "$(TARGET_NAME)";
				SWIFT_VERSION = 5.0;
				TARGETED_DEVICE_FAMILY = 1;
			};
			name = Debug;
		};
		D1AFF88C25A84FCE00E50ADE /* Release */ = {
			isa = XCBuildConfiguration;
			buildSettings = {
				ALWAYS_EMBED_SWIFT_STANDARD_LIBRARIES = YES;
				ASSETCATALOG_COMPILER_APPICON_NAME = AppIcon;
				ASSETCATALOG_COMPILER_GLOBAL_ACCENT_COLOR_NAME = AccentColor;
				BUNDLE_ID_SUFFIX = "";
				CODE_SIGN_ENTITLEMENTS = "shl-app-ios/shl-app-ios.entitlements";
				CODE_SIGN_STYLE = Automatic;
				CURRENT_PROJECT_VERSION = 1;
				DEVELOPMENT_ASSET_PATHS = "\"shl-app-ios/Preview Content\"";
				DEVELOPMENT_TEAM = 3LK2DRBJ29;
				ENABLE_PREVIEWS = YES;
				INFOPLIST_FILE = "shl-app-ios/Info.plist";
				IPHONEOS_DEPLOYMENT_TARGET = 15.0;
				LD_RUNPATH_SEARCH_PATHS = (
					"$(inherited)",
					"@executable_path/Frameworks",
				);
				MARKETING_VERSION = 0.1.6;
				PRODUCT_BUNDLE_IDENTIFIER = "com.palforsberg.shl-app-ios${BUNDLE_ID_SUFFIX}";
				PRODUCT_NAME = "$(TARGET_NAME)";
				SWIFT_VERSION = 5.0;
				TARGETED_DEVICE_FAMILY = 1;
			};
			name = Release;
		};
/* End XCBuildConfiguration section */

/* Begin XCConfigurationList section */
		D1AFF86025A84FCB00E50ADE /* Build configuration list for PBXProject "shl-app-ios" */ = {
			isa = XCConfigurationList;
			buildConfigurations = (
				D1AFF88825A84FCE00E50ADE /* Debug */,
				D1AFF88925A84FCE00E50ADE /* Release */,
				2339F81B26CEBFBC006DE5F0 /* Beta */,
			);
			defaultConfigurationIsVisible = 0;
			defaultConfigurationName = Release;
		};
		D1AFF88A25A84FCE00E50ADE /* Build configuration list for PBXNativeTarget "shl-app-ios" */ = {
			isa = XCConfigurationList;
			buildConfigurations = (
				D1AFF88B25A84FCE00E50ADE /* Debug */,
				D1AFF88C25A84FCE00E50ADE /* Release */,
				2339F81C26CEBFBC006DE5F0 /* Beta */,
			);
			defaultConfigurationIsVisible = 0;
			defaultConfigurationName = Release;
		};
/* End XCConfigurationList section */
	};
	rootObject = D1AFF85D25A84FCB00E50ADE /* Project object */;
}
