// !$*UTF8*$!
{
	archiveVersion = 1;
	classes = {
	};
	objectVersion = 50;
	objects = {

/* Begin PBXBuildFile section */
		2339F65F26B58D31006DE5F0 /* default@3x.png in Resources */ = {isa = PBXBuildFile; fileRef = 2339F65C26B58D31006DE5F0 /* default@3x.png */; };
		2339F66026B58D31006DE5F0 /* default@1x.png in Resources */ = {isa = PBXBuildFile; fileRef = 2339F65D26B58D31006DE5F0 /* default@1x.png */; };
		2339F66126B58D31006DE5F0 /* default@2x.png in Resources */ = {isa = PBXBuildFile; fileRef = 2339F65E26B58D31006DE5F0 /* default@2x.png */; };
		2339F66526B58D49006DE5F0 /* tik@3x.png in Resources */ = {isa = PBXBuildFile; fileRef = 2339F66226B58D49006DE5F0 /* tik@3x.png */; };
		2339F66626B58D49006DE5F0 /* tik@2x.png in Resources */ = {isa = PBXBuildFile; fileRef = 2339F66326B58D49006DE5F0 /* tik@2x.png */; };
		2339F66726B58D49006DE5F0 /* tik@1x.png in Resources */ = {isa = PBXBuildFile; fileRef = 2339F66426B58D49006DE5F0 /* tik@1x.png */; };
		2339F66B26B6862A006DE5F0 /* TimerView.swift in Sources */ = {isa = PBXBuildFile; fileRef = 2339F66A26B6862A006DE5F0 /* TimerView.swift */; };
		2339F66E26B857E7006DE5F0 /* Debouncer.swift in Sources */ = {isa = PBXBuildFile; fileRef = 2339F66D26B857E7006DE5F0 /* Debouncer.swift */; };
		2339F67026B92599006DE5F0 /* Season.swift in Sources */ = {isa = PBXBuildFile; fileRef = 2339F66F26B92599006DE5F0 /* Season.swift */; };
		23537ED026B1D30200C9B6ED /* GamesStatsView.swift in Sources */ = {isa = PBXBuildFile; fileRef = 23537ECF26B1D30200C9B6ED /* GamesStatsView.swift */; };
		23537ED226B3FE6D00C9B6ED /* Preview.swift in Sources */ = {isa = PBXBuildFile; fileRef = 23537ED126B3FE6D00C9B6ED /* Preview.swift */; };
		23537ED426B454B800C9B6ED /* Texts.swift in Sources */ = {isa = PBXBuildFile; fileRef = 23537ED326B454B800C9B6ED /* Texts.swift */; };
		23537ED626B57B9C00C9B6ED /* SettingsView.swift in Sources */ = {isa = PBXBuildFile; fileRef = 23537ED526B57B9C00C9B6ED /* SettingsView.swift */; };
		D1AAF85525AB0851008D3D62 /* ImageLoader.swift in Sources */ = {isa = PBXBuildFile; fileRef = D1AAF85425AB0851008D3D62 /* ImageLoader.swift */; };
		D1AAF85A25AB0898008D3D62 /* URLImage.swift in Sources */ = {isa = PBXBuildFile; fileRef = D1AAF85925AB0898008D3D62 /* URLImage.swift */; };
		D1AAF86225AB10BF008D3D62 /* TeamLogo.swift in Sources */ = {isa = PBXBuildFile; fileRef = D1AAF86125AB10BF008D3D62 /* TeamLogo.swift */; };
		D1AFC2A425B07E8100490FCE /* TeamView.swift in Sources */ = {isa = PBXBuildFile; fileRef = D1AFC2A325B07E8100490FCE /* TeamView.swift */; };
		D1AFC2A925B07F5E00490FCE /* StarredTeams.swift in Sources */ = {isa = PBXBuildFile; fileRef = D1AFC2A825B07F5E00490FCE /* StarredTeams.swift */; };
		D1AFF86925A84FCB00E50ADE /* ShlApp.swift in Sources */ = {isa = PBXBuildFile; fileRef = D1AFF86825A84FCB00E50ADE /* ShlApp.swift */; };
		D1AFF86B25A84FCB00E50ADE /* ContentView.swift in Sources */ = {isa = PBXBuildFile; fileRef = D1AFF86A25A84FCB00E50ADE /* ContentView.swift */; };
		D1AFF86D25A84FCD00E50ADE /* Assets.xcassets in Resources */ = {isa = PBXBuildFile; fileRef = D1AFF86C25A84FCD00E50ADE /* Assets.xcassets */; };
		D1AFF87025A84FCD00E50ADE /* Preview Assets.xcassets in Resources */ = {isa = PBXBuildFile; fileRef = D1AFF86F25A84FCD00E50ADE /* Preview Assets.xcassets */; };
		D1AFF87B25A84FCE00E50ADE /* HockeyPalTests.swift in Sources */ = {isa = PBXBuildFile; fileRef = D1AFF87A25A84FCE00E50ADE /* HockeyPalTests.swift */; };
		D1AFF88625A84FCE00E50ADE /* HockeyPalUITests.swift in Sources */ = {isa = PBXBuildFile; fileRef = D1AFF88525A84FCE00E50ADE /* HockeyPalUITests.swift */; };
		D1AFF89725A8537B00E50ADE /* GamesView.swift in Sources */ = {isa = PBXBuildFile; fileRef = D1AFF89625A8537B00E50ADE /* GamesView.swift */; };
		D1AFF8A125A8550500E50ADE /* StandingsView.swift in Sources */ = {isa = PBXBuildFile; fileRef = D1AFF8A025A8550500E50ADE /* StandingsView.swift */; };
		D1AFF8B425A8831100E50ADE /* Data.swift in Sources */ = {isa = PBXBuildFile; fileRef = D1AFF8B325A8831100E50ADE /* Data.swift */; };
		D1AFF8C525A88CF700E50ADE /* Localizable.strings in Resources */ = {isa = PBXBuildFile; fileRef = D1AFF8C725A88CF700E50ADE /* Localizable.strings */; };
/* End PBXBuildFile section */

/* Begin PBXContainerItemProxy section */
		D1AFF87725A84FCE00E50ADE /* PBXContainerItemProxy */ = {
			isa = PBXContainerItemProxy;
			containerPortal = D1AFF85D25A84FCB00E50ADE /* Project object */;
			proxyType = 1;
			remoteGlobalIDString = D1AFF86425A84FCB00E50ADE;
			remoteInfo = HockeyPal;
		};
		D1AFF88225A84FCE00E50ADE /* PBXContainerItemProxy */ = {
			isa = PBXContainerItemProxy;
			containerPortal = D1AFF85D25A84FCB00E50ADE /* Project object */;
			proxyType = 1;
			remoteGlobalIDString = D1AFF86425A84FCB00E50ADE;
			remoteInfo = HockeyPal;
		};
/* End PBXContainerItemProxy section */

/* Begin PBXCopyFilesBuildPhase section */
		D1AFF8E825A898B300E50ADE /* Embed App Extensions */ = {
			isa = PBXCopyFilesBuildPhase;
			buildActionMask = 2147483647;
			dstPath = "";
			dstSubfolderSpec = 13;
			files = (
			);
			name = "Embed App Extensions";
			runOnlyForDeploymentPostprocessing = 0;
		};
/* End PBXCopyFilesBuildPhase section */

/* Begin PBXFileReference section */
		2339F65C26B58D31006DE5F0 /* default@3x.png */ = {isa = PBXFileReference; lastKnownFileType = image.png; path = "default@3x.png"; sourceTree = "<group>"; };
		2339F65D26B58D31006DE5F0 /* default@1x.png */ = {isa = PBXFileReference; lastKnownFileType = image.png; path = "default@1x.png"; sourceTree = "<group>"; };
		2339F65E26B58D31006DE5F0 /* default@2x.png */ = {isa = PBXFileReference; lastKnownFileType = image.png; path = "default@2x.png"; sourceTree = "<group>"; };
		2339F66226B58D49006DE5F0 /* tik@3x.png */ = {isa = PBXFileReference; lastKnownFileType = image.png; path = "tik@3x.png"; sourceTree = "<group>"; };
		2339F66326B58D49006DE5F0 /* tik@2x.png */ = {isa = PBXFileReference; lastKnownFileType = image.png; path = "tik@2x.png"; sourceTree = "<group>"; };
		2339F66426B58D49006DE5F0 /* tik@1x.png */ = {isa = PBXFileReference; lastKnownFileType = image.png; path = "tik@1x.png"; sourceTree = "<group>"; };
		2339F66A26B6862A006DE5F0 /* TimerView.swift */ = {isa = PBXFileReference; lastKnownFileType = sourcecode.swift; path = TimerView.swift; sourceTree = "<group>"; };
		2339F66C26B844E6006DE5F0 /* shl-app-ios.entitlements */ = {isa = PBXFileReference; lastKnownFileType = text.plist.entitlements; path = "shl-app-ios.entitlements"; sourceTree = "<group>"; };
		2339F66D26B857E7006DE5F0 /* Debouncer.swift */ = {isa = PBXFileReference; lastKnownFileType = sourcecode.swift; path = Debouncer.swift; sourceTree = "<group>"; };
		2339F66F26B92599006DE5F0 /* Season.swift */ = {isa = PBXFileReference; lastKnownFileType = sourcecode.swift; path = Season.swift; sourceTree = "<group>"; };
		23537ECF26B1D30200C9B6ED /* GamesStatsView.swift */ = {isa = PBXFileReference; lastKnownFileType = sourcecode.swift; path = GamesStatsView.swift; sourceTree = "<group>"; };
		23537ED126B3FE6D00C9B6ED /* Preview.swift */ = {isa = PBXFileReference; lastKnownFileType = sourcecode.swift; path = Preview.swift; sourceTree = "<group>"; };
		23537ED326B454B800C9B6ED /* Texts.swift */ = {isa = PBXFileReference; lastKnownFileType = sourcecode.swift; path = Texts.swift; sourceTree = "<group>"; };
		23537ED526B57B9C00C9B6ED /* SettingsView.swift */ = {isa = PBXFileReference; lastKnownFileType = sourcecode.swift; path = SettingsView.swift; sourceTree = "<group>"; };
		D1AAF85425AB0851008D3D62 /* ImageLoader.swift */ = {isa = PBXFileReference; lastKnownFileType = sourcecode.swift; path = ImageLoader.swift; sourceTree = "<group>"; };
		D1AAF85925AB0898008D3D62 /* URLImage.swift */ = {isa = PBXFileReference; lastKnownFileType = sourcecode.swift; path = URLImage.swift; sourceTree = "<group>"; };
		D1AAF86125AB10BF008D3D62 /* TeamLogo.swift */ = {isa = PBXFileReference; lastKnownFileType = sourcecode.swift; path = TeamLogo.swift; sourceTree = "<group>"; };
		D1AFC2A325B07E8100490FCE /* TeamView.swift */ = {isa = PBXFileReference; lastKnownFileType = sourcecode.swift; path = TeamView.swift; sourceTree = "<group>"; };
		D1AFC2A825B07F5E00490FCE /* StarredTeams.swift */ = {isa = PBXFileReference; lastKnownFileType = sourcecode.swift; path = StarredTeams.swift; sourceTree = "<group>"; };
		D1AFF86525A84FCB00E50ADE /* shl-app-ios.app */ = {isa = PBXFileReference; explicitFileType = wrapper.application; includeInIndex = 0; path = "shl-app-ios.app"; sourceTree = BUILT_PRODUCTS_DIR; };
		D1AFF86825A84FCB00E50ADE /* ShlApp.swift */ = {isa = PBXFileReference; lastKnownFileType = sourcecode.swift; path = ShlApp.swift; sourceTree = "<group>"; };
		D1AFF86A25A84FCB00E50ADE /* ContentView.swift */ = {isa = PBXFileReference; lastKnownFileType = sourcecode.swift; path = ContentView.swift; sourceTree = "<group>"; };
		D1AFF86C25A84FCD00E50ADE /* Assets.xcassets */ = {isa = PBXFileReference; lastKnownFileType = folder.assetcatalog; path = Assets.xcassets; sourceTree = "<group>"; };
		D1AFF86F25A84FCD00E50ADE /* Preview Assets.xcassets */ = {isa = PBXFileReference; lastKnownFileType = folder.assetcatalog; path = "Preview Assets.xcassets"; sourceTree = "<group>"; };
		D1AFF87125A84FCD00E50ADE /* Info.plist */ = {isa = PBXFileReference; lastKnownFileType = text.plist.xml; path = Info.plist; sourceTree = "<group>"; };
		D1AFF87625A84FCE00E50ADE /* shl-app-iosTests.xctest */ = {isa = PBXFileReference; explicitFileType = wrapper.cfbundle; includeInIndex = 0; path = "shl-app-iosTests.xctest"; sourceTree = BUILT_PRODUCTS_DIR; };
		D1AFF87A25A84FCE00E50ADE /* HockeyPalTests.swift */ = {isa = PBXFileReference; lastKnownFileType = sourcecode.swift; path = HockeyPalTests.swift; sourceTree = "<group>"; };
		D1AFF87C25A84FCE00E50ADE /* Info.plist */ = {isa = PBXFileReference; lastKnownFileType = text.plist.xml; path = Info.plist; sourceTree = "<group>"; };
		D1AFF88125A84FCE00E50ADE /* shl-app-iosUITests.xctest */ = {isa = PBXFileReference; explicitFileType = wrapper.cfbundle; includeInIndex = 0; path = "shl-app-iosUITests.xctest"; sourceTree = BUILT_PRODUCTS_DIR; };
		D1AFF88525A84FCE00E50ADE /* HockeyPalUITests.swift */ = {isa = PBXFileReference; lastKnownFileType = sourcecode.swift; path = HockeyPalUITests.swift; sourceTree = "<group>"; };
		D1AFF88725A84FCE00E50ADE /* Info.plist */ = {isa = PBXFileReference; lastKnownFileType = text.plist.xml; path = Info.plist; sourceTree = "<group>"; };
		D1AFF89625A8537B00E50ADE /* GamesView.swift */ = {isa = PBXFileReference; lastKnownFileType = sourcecode.swift; path = GamesView.swift; sourceTree = "<group>"; };
		D1AFF8A025A8550500E50ADE /* StandingsView.swift */ = {isa = PBXFileReference; lastKnownFileType = sourcecode.swift; path = StandingsView.swift; sourceTree = "<group>"; };
		D1AFF8B325A8831100E50ADE /* Data.swift */ = {isa = PBXFileReference; lastKnownFileType = sourcecode.swift; path = Data.swift; sourceTree = "<group>"; };
		D1AFF8C625A88CF700E50ADE /* en */ = {isa = PBXFileReference; lastKnownFileType = text.plist.strings; name = en; path = en.lproj/Localizable.strings; sourceTree = "<group>"; };
		D1AFF8CB25A88D7600E50ADE /* sv */ = {isa = PBXFileReference; lastKnownFileType = text.plist.strings; name = sv; path = sv.lproj/Localizable.strings; sourceTree = "<group>"; };
		D1AFF8D525A898AD00E50ADE /* WidgetKit.framework */ = {isa = PBXFileReference; lastKnownFileType = wrapper.framework; name = WidgetKit.framework; path = System/Library/Frameworks/WidgetKit.framework; sourceTree = SDKROOT; };
		D1AFF8D725A898AD00E50ADE /* SwiftUI.framework */ = {isa = PBXFileReference; lastKnownFileType = wrapper.framework; name = SwiftUI.framework; path = System/Library/Frameworks/SwiftUI.framework; sourceTree = SDKROOT; };
/* End PBXFileReference section */

/* Begin PBXFrameworksBuildPhase section */
		D1AFF86225A84FCB00E50ADE /* Frameworks */ = {
			isa = PBXFrameworksBuildPhase;
			buildActionMask = 2147483647;
			files = (
			);
			runOnlyForDeploymentPostprocessing = 0;
		};
		D1AFF87325A84FCE00E50ADE /* Frameworks */ = {
			isa = PBXFrameworksBuildPhase;
			buildActionMask = 2147483647;
			files = (
			);
			runOnlyForDeploymentPostprocessing = 0;
		};
		D1AFF87E25A84FCE00E50ADE /* Frameworks */ = {
			isa = PBXFrameworksBuildPhase;
			buildActionMask = 2147483647;
			files = (
			);
			runOnlyForDeploymentPostprocessing = 0;
		};
/* End PBXFrameworksBuildPhase section */

/* Begin PBXGroup section */
		23537ED726B57F5D00C9B6ED /* Icons */ = {
			isa = PBXGroup;
			children = (
				2339F66426B58D49006DE5F0 /* tik@1x.png */,
				2339F66326B58D49006DE5F0 /* tik@2x.png */,
				2339F66226B58D49006DE5F0 /* tik@3x.png */,
				2339F65D26B58D31006DE5F0 /* default@1x.png */,
				2339F65E26B58D31006DE5F0 /* default@2x.png */,
				2339F65C26B58D31006DE5F0 /* default@3x.png */,
			);
			path = Icons;
			sourceTree = "<group>";
		};
		23537EDE26B5800E00C9B6ED /* settings */ = {
			isa = PBXGroup;
			children = (
				23537ED526B57B9C00C9B6ED /* SettingsView.swift */,
			);
			path = settings;
			sourceTree = "<group>";
		};
		D1AFF85C25A84FCB00E50ADE = {
			isa = PBXGroup;
			children = (
				D1AFF86725A84FCB00E50ADE /* shl-app-ios */,
				D1AFF87925A84FCE00E50ADE /* shl-app-ios-Tests */,
				D1AFF88425A84FCE00E50ADE /* HockeyPalUITests */,
				D1AFF8D425A898AD00E50ADE /* Frameworks */,
				D1AFF86625A84FCB00E50ADE /* Products */,
			);
			sourceTree = "<group>";
		};
		D1AFF86625A84FCB00E50ADE /* Products */ = {
			isa = PBXGroup;
			children = (
				D1AFF86525A84FCB00E50ADE /* shl-app-ios.app */,
				D1AFF87625A84FCE00E50ADE /* shl-app-iosTests.xctest */,
				D1AFF88125A84FCE00E50ADE /* shl-app-iosUITests.xctest */,
			);
			name = Products;
			sourceTree = "<group>";
		};
		D1AFF86725A84FCB00E50ADE /* shl-app-ios */ = {
			isa = PBXGroup;
			children = (
				2339F66C26B844E6006DE5F0 /* shl-app-ios.entitlements */,
				23537ED726B57F5D00C9B6ED /* Icons */,
				D1AFF8A925A85C1100E50ADE /* components */,
				D1AFF8A525A8570B00E50ADE /* compositions */,
				D1AFF86C25A84FCD00E50ADE /* Assets.xcassets */,
				D1AFF87125A84FCD00E50ADE /* Info.plist */,
				D1AFF86E25A84FCD00E50ADE /* Preview Content */,
				D1AFF8C725A88CF700E50ADE /* Localizable.strings */,
			);
			path = "shl-app-ios";
			sourceTree = "<group>";
		};
		D1AFF86E25A84FCD00E50ADE /* Preview Content */ = {
			isa = PBXGroup;
			children = (
				D1AFF86F25A84FCD00E50ADE /* Preview Assets.xcassets */,
			);
			path = "Preview Content";
			sourceTree = "<group>";
		};
		D1AFF87925A84FCE00E50ADE /* shl-app-ios-Tests */ = {
			isa = PBXGroup;
			children = (
				D1AFF87A25A84FCE00E50ADE /* HockeyPalTests.swift */,
				D1AFF87C25A84FCE00E50ADE /* Info.plist */,
			);
			path = "shl-app-ios-Tests";
			sourceTree = "<group>";
		};
		D1AFF88425A84FCE00E50ADE /* HockeyPalUITests */ = {
			isa = PBXGroup;
			children = (
				D1AFF88525A84FCE00E50ADE /* HockeyPalUITests.swift */,
				D1AFF88725A84FCE00E50ADE /* Info.plist */,
			);
			path = HockeyPalUITests;
			sourceTree = "<group>";
		};
		D1AFF8A525A8570B00E50ADE /* compositions */ = {
			isa = PBXGroup;
			children = (
				23537EDE26B5800E00C9B6ED /* settings */,
				D1AFF86825A84FCB00E50ADE /* ShlApp.swift */,
				D1AFF86A25A84FCB00E50ADE /* ContentView.swift */,
				D1AFF89625A8537B00E50ADE /* GamesView.swift */,
				D1AFF8A025A8550500E50ADE /* StandingsView.swift */,
				D1AFC2A325B07E8100490FCE /* TeamView.swift */,
				23537ECF26B1D30200C9B6ED /* GamesStatsView.swift */,
				23537ED126B3FE6D00C9B6ED /* Preview.swift */,
			);
			path = compositions;
			sourceTree = "<group>";
		};
		D1AFF8A925A85C1100E50ADE /* components */ = {
			isa = PBXGroup;
			children = (
				D1AFF8B325A8831100E50ADE /* Data.swift */,
				D1AAF85425AB0851008D3D62 /* ImageLoader.swift */,
				D1AAF85925AB0898008D3D62 /* URLImage.swift */,
				D1AAF86125AB10BF008D3D62 /* TeamLogo.swift */,
				D1AFC2A825B07F5E00490FCE /* StarredTeams.swift */,
				23537ED326B454B800C9B6ED /* Texts.swift */,
				2339F66A26B6862A006DE5F0 /* TimerView.swift */,
				2339F66D26B857E7006DE5F0 /* Debouncer.swift */,
				2339F66F26B92599006DE5F0 /* Season.swift */,
			);
			path = components;
			sourceTree = "<group>";
		};
		D1AFF8D425A898AD00E50ADE /* Frameworks */ = {
			isa = PBXGroup;
			children = (
				D1AFF8D525A898AD00E50ADE /* WidgetKit.framework */,
				D1AFF8D725A898AD00E50ADE /* SwiftUI.framework */,
			);
			name = Frameworks;
			sourceTree = "<group>";
		};
/* End PBXGroup section */

/* Begin PBXNativeTarget section */
		D1AFF86425A84FCB00E50ADE /* shl-app-ios */ = {
			isa = PBXNativeTarget;
			buildConfigurationList = D1AFF88A25A84FCE00E50ADE /* Build configuration list for PBXNativeTarget "shl-app-ios" */;
			buildPhases = (
				D1AFF86125A84FCB00E50ADE /* Sources */,
				D1AFF86225A84FCB00E50ADE /* Frameworks */,
				D1AFF86325A84FCB00E50ADE /* Resources */,
				D1AFF8E825A898B300E50ADE /* Embed App Extensions */,
			);
			buildRules = (
			);
			dependencies = (
			);
			name = "shl-app-ios";
			productName = HockeyPal;
			productReference = D1AFF86525A84FCB00E50ADE /* shl-app-ios.app */;
			productType = "com.apple.product-type.application";
		};
		D1AFF87525A84FCE00E50ADE /* shl-app-iosTests */ = {
			isa = PBXNativeTarget;
			buildConfigurationList = D1AFF88D25A84FCE00E50ADE /* Build configuration list for PBXNativeTarget "shl-app-iosTests" */;
			buildPhases = (
				D1AFF87225A84FCE00E50ADE /* Sources */,
				D1AFF87325A84FCE00E50ADE /* Frameworks */,
				D1AFF87425A84FCE00E50ADE /* Resources */,
			);
			buildRules = (
			);
			dependencies = (
				D1AFF87825A84FCE00E50ADE /* PBXTargetDependency */,
			);
			name = "shl-app-iosTests";
			productName = HockeyPalTests;
			productReference = D1AFF87625A84FCE00E50ADE /* shl-app-iosTests.xctest */;
			productType = "com.apple.product-type.bundle.unit-test";
		};
		D1AFF88025A84FCE00E50ADE /* shl-app-iosUITests */ = {
			isa = PBXNativeTarget;
			buildConfigurationList = D1AFF89025A84FCE00E50ADE /* Build configuration list for PBXNativeTarget "shl-app-iosUITests" */;
			buildPhases = (
				D1AFF87D25A84FCE00E50ADE /* Sources */,
				D1AFF87E25A84FCE00E50ADE /* Frameworks */,
				D1AFF87F25A84FCE00E50ADE /* Resources */,
			);
			buildRules = (
			);
			dependencies = (
				D1AFF88325A84FCE00E50ADE /* PBXTargetDependency */,
			);
			name = "shl-app-iosUITests";
			productName = HockeyPalUITests;
			productReference = D1AFF88125A84FCE00E50ADE /* shl-app-iosUITests.xctest */;
			productType = "com.apple.product-type.bundle.ui-testing";
		};
/* End PBXNativeTarget section */

/* Begin PBXProject section */
		D1AFF85D25A84FCB00E50ADE /* Project object */ = {
			isa = PBXProject;
			attributes = {
				LastSwiftUpdateCheck = 1230;
				LastUpgradeCheck = 1230;
				TargetAttributes = {
					D1AFF86425A84FCB00E50ADE = {
						CreatedOnToolsVersion = 12.3;
					};
					D1AFF87525A84FCE00E50ADE = {
						CreatedOnToolsVersion = 12.3;
						TestTargetID = D1AFF86425A84FCB00E50ADE;
					};
					D1AFF88025A84FCE00E50ADE = {
						CreatedOnToolsVersion = 12.3;
						TestTargetID = D1AFF86425A84FCB00E50ADE;
					};
				};
			};
			buildConfigurationList = D1AFF86025A84FCB00E50ADE /* Build configuration list for PBXProject "shl-app-ios" */;
			compatibilityVersion = "Xcode 9.3";
			developmentRegion = en;
			hasScannedForEncodings = 0;
			knownRegions = (
				en,
				Base,
				sv,
			);
			mainGroup = D1AFF85C25A84FCB00E50ADE;
			productRefGroup = D1AFF86625A84FCB00E50ADE /* Products */;
			projectDirPath = "";
			projectRoot = "";
			targets = (
				D1AFF86425A84FCB00E50ADE /* shl-app-ios */,
				D1AFF87525A84FCE00E50ADE /* shl-app-iosTests */,
				D1AFF88025A84FCE00E50ADE /* shl-app-iosUITests */,
			);
		};
/* End PBXProject section */

/* Begin PBXResourcesBuildPhase section */
		D1AFF86325A84FCB00E50ADE /* Resources */ = {
			isa = PBXResourcesBuildPhase;
			buildActionMask = 2147483647;
			files = (
				2339F65F26B58D31006DE5F0 /* default@3x.png in Resources */,
				2339F66126B58D31006DE5F0 /* default@2x.png in Resources */,
				D1AFF87025A84FCD00E50ADE /* Preview Assets.xcassets in Resources */,
				2339F66626B58D49006DE5F0 /* tik@2x.png in Resources */,
				D1AFF8C525A88CF700E50ADE /* Localizable.strings in Resources */,
				D1AFF86D25A84FCD00E50ADE /* Assets.xcassets in Resources */,
				2339F66526B58D49006DE5F0 /* tik@3x.png in Resources */,
				2339F66726B58D49006DE5F0 /* tik@1x.png in Resources */,
				2339F66026B58D31006DE5F0 /* default@1x.png in Resources */,
			);
			runOnlyForDeploymentPostprocessing = 0;
		};
		D1AFF87425A84FCE00E50ADE /* Resources */ = {
			isa = PBXResourcesBuildPhase;
			buildActionMask = 2147483647;
			files = (
			);
			runOnlyForDeploymentPostprocessing = 0;
		};
		D1AFF87F25A84FCE00E50ADE /* Resources */ = {
			isa = PBXResourcesBuildPhase;
			buildActionMask = 2147483647;
			files = (
			);
			runOnlyForDeploymentPostprocessing = 0;
		};
/* End PBXResourcesBuildPhase section */

/* Begin PBXSourcesBuildPhase section */
		D1AFF86125A84FCB00E50ADE /* Sources */ = {
			isa = PBXSourcesBuildPhase;
			buildActionMask = 2147483647;
			files = (
				D1AFF8A125A8550500E50ADE /* StandingsView.swift in Sources */,
				D1AFF8B425A8831100E50ADE /* Data.swift in Sources */,
				D1AAF85525AB0851008D3D62 /* ImageLoader.swift in Sources */,
				23537ED226B3FE6D00C9B6ED /* Preview.swift in Sources */,
				D1AFF86B25A84FCB00E50ADE /* ContentView.swift in Sources */,
				D1AFF89725A8537B00E50ADE /* GamesView.swift in Sources */,
				2339F66B26B6862A006DE5F0 /* TimerView.swift in Sources */,
				D1AFF86925A84FCB00E50ADE /* ShlApp.swift in Sources */,
				23537ED626B57B9C00C9B6ED /* SettingsView.swift in Sources */,
				23537ED426B454B800C9B6ED /* Texts.swift in Sources */,
				2339F67026B92599006DE5F0 /* Season.swift in Sources */,
				D1AFC2A425B07E8100490FCE /* TeamView.swift in Sources */,
				D1AFC2A925B07F5E00490FCE /* StarredTeams.swift in Sources */,
				23537ED026B1D30200C9B6ED /* GamesStatsView.swift in Sources */,
				D1AAF86225AB10BF008D3D62 /* TeamLogo.swift in Sources */,
				2339F66E26B857E7006DE5F0 /* Debouncer.swift in Sources */,
				D1AAF85A25AB0898008D3D62 /* URLImage.swift in Sources */,
			);
			runOnlyForDeploymentPostprocessing = 0;
		};
		D1AFF87225A84FCE00E50ADE /* Sources */ = {
			isa = PBXSourcesBuildPhase;
			buildActionMask = 2147483647;
			files = (
				D1AFF87B25A84FCE00E50ADE /* HockeyPalTests.swift in Sources */,
			);
			runOnlyForDeploymentPostprocessing = 0;
		};
		D1AFF87D25A84FCE00E50ADE /* Sources */ = {
			isa = PBXSourcesBuildPhase;
			buildActionMask = 2147483647;
			files = (
				D1AFF88625A84FCE00E50ADE /* HockeyPalUITests.swift in Sources */,
			);
			runOnlyForDeploymentPostprocessing = 0;
		};
/* End PBXSourcesBuildPhase section */

/* Begin PBXTargetDependency section */
		D1AFF87825A84FCE00E50ADE /* PBXTargetDependency */ = {
			isa = PBXTargetDependency;
			target = D1AFF86425A84FCB00E50ADE /* shl-app-ios */;
			targetProxy = D1AFF87725A84FCE00E50ADE /* PBXContainerItemProxy */;
		};
		D1AFF88325A84FCE00E50ADE /* PBXTargetDependency */ = {
			isa = PBXTargetDependency;
			target = D1AFF86425A84FCB00E50ADE /* shl-app-ios */;
			targetProxy = D1AFF88225A84FCE00E50ADE /* PBXContainerItemProxy */;
		};
/* End PBXTargetDependency section */

/* Begin PBXVariantGroup section */
		D1AFF8C725A88CF700E50ADE /* Localizable.strings */ = {
			isa = PBXVariantGroup;
			children = (
				D1AFF8C625A88CF700E50ADE /* en */,
				D1AFF8CB25A88D7600E50ADE /* sv */,
			);
			name = Localizable.strings;
			sourceTree = "<group>";
		};
/* End PBXVariantGroup section */

/* Begin XCBuildConfiguration section */
		D1AFF88825A84FCE00E50ADE /* Debug */ = {
			isa = XCBuildConfiguration;
			buildSettings = {
				ALWAYS_SEARCH_USER_PATHS = NO;
				CLANG_ANALYZER_LOCALIZABILITY_NONLOCALIZED = YES;
				CLANG_ANALYZER_NONNULL = YES;
				CLANG_ANALYZER_NUMBER_OBJECT_CONVERSION = YES_AGGRESSIVE;
				CLANG_CXX_LANGUAGE_STANDARD = "gnu++14";
				CLANG_CXX_LIBRARY = "libc++";
				CLANG_ENABLE_MODULES = YES;
				CLANG_ENABLE_OBJC_ARC = YES;
				CLANG_ENABLE_OBJC_WEAK = YES;
				CLANG_WARN_BLOCK_CAPTURE_AUTORELEASING = YES;
				CLANG_WARN_BOOL_CONVERSION = YES;
				CLANG_WARN_COMMA = YES;
				CLANG_WARN_CONSTANT_CONVERSION = YES;
				CLANG_WARN_DEPRECATED_OBJC_IMPLEMENTATIONS = YES;
				CLANG_WARN_DIRECT_OBJC_ISA_USAGE = YES_ERROR;
				CLANG_WARN_DOCUMENTATION_COMMENTS = YES;
				CLANG_WARN_EMPTY_BODY = YES;
				CLANG_WARN_ENUM_CONVERSION = YES;
				CLANG_WARN_INFINITE_RECURSION = YES;
				CLANG_WARN_INT_CONVERSION = YES;
				CLANG_WARN_NON_LITERAL_NULL_CONVERSION = YES;
				CLANG_WARN_OBJC_IMPLICIT_RETAIN_SELF = YES;
				CLANG_WARN_OBJC_LITERAL_CONVERSION = YES;
				CLANG_WARN_OBJC_ROOT_CLASS = YES_ERROR;
				CLANG_WARN_QUOTED_INCLUDE_IN_FRAMEWORK_HEADER = YES;
				CLANG_WARN_RANGE_LOOP_ANALYSIS = YES;
				CLANG_WARN_STRICT_PROTOTYPES = YES;
				CLANG_WARN_SUSPICIOUS_MOVE = YES;
				CLANG_WARN_UNGUARDED_AVAILABILITY = YES_AGGRESSIVE;
				CLANG_WARN_UNREACHABLE_CODE = YES;
				CLANG_WARN__DUPLICATE_METHOD_MATCH = YES;
				COPY_PHASE_STRIP = NO;
				DEBUG_INFORMATION_FORMAT = dwarf;
				ENABLE_STRICT_OBJC_MSGSEND = YES;
				ENABLE_TESTABILITY = YES;
				GCC_C_LANGUAGE_STANDARD = gnu11;
				GCC_DYNAMIC_NO_PIC = NO;
				GCC_NO_COMMON_BLOCKS = YES;
				GCC_OPTIMIZATION_LEVEL = 0;
				GCC_PREPROCESSOR_DEFINITIONS = (
					"DEBUG=1",
					"$(inherited)",
				);
				GCC_WARN_64_TO_32_BIT_CONVERSION = YES;
				GCC_WARN_ABOUT_RETURN_TYPE = YES_ERROR;
				GCC_WARN_UNDECLARED_SELECTOR = YES;
				GCC_WARN_UNINITIALIZED_AUTOS = YES_AGGRESSIVE;
				GCC_WARN_UNUSED_FUNCTION = YES;
				GCC_WARN_UNUSED_VARIABLE = YES;
				IPHONEOS_DEPLOYMENT_TARGET = 14.3;
				MTL_ENABLE_DEBUG_INFO = INCLUDE_SOURCE;
				MTL_FAST_MATH = YES;
				ONLY_ACTIVE_ARCH = YES;
				SDKROOT = iphoneos;
				SWIFT_ACTIVE_COMPILATION_CONDITIONS = DEBUG;
				SWIFT_OPTIMIZATION_LEVEL = "-Onone";
			};
			name = Debug;
		};
		D1AFF88925A84FCE00E50ADE /* Release */ = {
			isa = XCBuildConfiguration;
			buildSettings = {
				ALWAYS_SEARCH_USER_PATHS = NO;
				CLANG_ANALYZER_LOCALIZABILITY_NONLOCALIZED = YES;
				CLANG_ANALYZER_NONNULL = YES;
				CLANG_ANALYZER_NUMBER_OBJECT_CONVERSION = YES_AGGRESSIVE;
				CLANG_CXX_LANGUAGE_STANDARD = "gnu++14";
				CLANG_CXX_LIBRARY = "libc++";
				CLANG_ENABLE_MODULES = YES;
				CLANG_ENABLE_OBJC_ARC = YES;
				CLANG_ENABLE_OBJC_WEAK = YES;
				CLANG_WARN_BLOCK_CAPTURE_AUTORELEASING = YES;
				CLANG_WARN_BOOL_CONVERSION = YES;
				CLANG_WARN_COMMA = YES;
				CLANG_WARN_CONSTANT_CONVERSION = YES;
				CLANG_WARN_DEPRECATED_OBJC_IMPLEMENTATIONS = YES;
				CLANG_WARN_DIRECT_OBJC_ISA_USAGE = YES_ERROR;
				CLANG_WARN_DOCUMENTATION_COMMENTS = YES;
				CLANG_WARN_EMPTY_BODY = YES;
				CLANG_WARN_ENUM_CONVERSION = YES;
				CLANG_WARN_INFINITE_RECURSION = YES;
				CLANG_WARN_INT_CONVERSION = YES;
				CLANG_WARN_NON_LITERAL_NULL_CONVERSION = YES;
				CLANG_WARN_OBJC_IMPLICIT_RETAIN_SELF = YES;
				CLANG_WARN_OBJC_LITERAL_CONVERSION = YES;
				CLANG_WARN_OBJC_ROOT_CLASS = YES_ERROR;
				CLANG_WARN_QUOTED_INCLUDE_IN_FRAMEWORK_HEADER = YES;
				CLANG_WARN_RANGE_LOOP_ANALYSIS = YES;
				CLANG_WARN_STRICT_PROTOTYPES = YES;
				CLANG_WARN_SUSPICIOUS_MOVE = YES;
				CLANG_WARN_UNGUARDED_AVAILABILITY = YES_AGGRESSIVE;
				CLANG_WARN_UNREACHABLE_CODE = YES;
				CLANG_WARN__DUPLICATE_METHOD_MATCH = YES;
				COPY_PHASE_STRIP = NO;
				DEBUG_INFORMATION_FORMAT = "dwarf-with-dsym";
				ENABLE_NS_ASSERTIONS = NO;
				ENABLE_STRICT_OBJC_MSGSEND = YES;
				GCC_C_LANGUAGE_STANDARD = gnu11;
				GCC_NO_COMMON_BLOCKS = YES;
				GCC_WARN_64_TO_32_BIT_CONVERSION = YES;
				GCC_WARN_ABOUT_RETURN_TYPE = YES_ERROR;
				GCC_WARN_UNDECLARED_SELECTOR = YES;
				GCC_WARN_UNINITIALIZED_AUTOS = YES_AGGRESSIVE;
				GCC_WARN_UNUSED_FUNCTION = YES;
				GCC_WARN_UNUSED_VARIABLE = YES;
				IPHONEOS_DEPLOYMENT_TARGET = 14.3;
				MTL_ENABLE_DEBUG_INFO = NO;
				MTL_FAST_MATH = YES;
				SDKROOT = iphoneos;
				SWIFT_COMPILATION_MODE = wholemodule;
				SWIFT_OPTIMIZATION_LEVEL = "-O";
				VALIDATE_PRODUCT = YES;
			};
			name = Release;
		};
		D1AFF88B25A84FCE00E50ADE /* Debug */ = {
			isa = XCBuildConfiguration;
			buildSettings = {
				ALWAYS_EMBED_SWIFT_STANDARD_LIBRARIES = YES;
				ASSETCATALOG_COMPILER_APPICON_NAME = AppIcon;
				ASSETCATALOG_COMPILER_GLOBAL_ACCENT_COLOR_NAME = AccentColor;
				CODE_SIGN_ENTITLEMENTS = "shl-app-ios/shl-app-ios.entitlements";
				CODE_SIGN_STYLE = Automatic;
				DEVELOPMENT_ASSET_PATHS = "\"shl-app-ios/Preview Content\"";
				DEVELOPMENT_TEAM = 3LK2DRBJ29;
				ENABLE_PREVIEWS = YES;
				INFOPLIST_FILE = "shl-app-ios/Info.plist";
				IPHONEOS_DEPLOYMENT_TARGET = 14.0;
				LD_RUNPATH_SEARCH_PATHS = (
					"$(inherited)",
					"@executable_path/Frameworks",
				);
				PRODUCT_BUNDLE_IDENTIFIER = "com.palforsberg.shl-app-ios";
				PRODUCT_NAME = "$(TARGET_NAME)";
				SWIFT_VERSION = 5.0;
				TARGETED_DEVICE_FAMILY = "1,2";
			};
			name = Debug;
		};
		D1AFF88C25A84FCE00E50ADE /* Release */ = {
			isa = XCBuildConfiguration;
			buildSettings = {
				ALWAYS_EMBED_SWIFT_STANDARD_LIBRARIES = YES;
				ASSETCATALOG_COMPILER_APPICON_NAME = AppIcon;
				ASSETCATALOG_COMPILER_GLOBAL_ACCENT_COLOR_NAME = AccentColor;
				CODE_SIGN_ENTITLEMENTS = "shl-app-ios/shl-app-ios.entitlements";
				CODE_SIGN_STYLE = Automatic;
				DEVELOPMENT_ASSET_PATHS = "\"shl-app-ios/Preview Content\"";
				DEVELOPMENT_TEAM = 3LK2DRBJ29;
				ENABLE_PREVIEWS = YES;
				INFOPLIST_FILE = "shl-app-ios/Info.plist";
				IPHONEOS_DEPLOYMENT_TARGET = 14.0;
				LD_RUNPATH_SEARCH_PATHS = (
					"$(inherited)",
					"@executable_path/Frameworks",
				);
				PRODUCT_BUNDLE_IDENTIFIER = "com.palforsberg.shl-app-ios";
				PRODUCT_NAME = "$(TARGET_NAME)";
				SWIFT_VERSION = 5.0;
				TARGETED_DEVICE_FAMILY = "1,2";
			};
			name = Release;
		};
		D1AFF88E25A84FCE00E50ADE /* Debug */ = {
			isa = XCBuildConfiguration;
			buildSettings = {
				ALWAYS_EMBED_SWIFT_STANDARD_LIBRARIES = YES;
				BUNDLE_LOADER = "$(TEST_HOST)";
				CODE_SIGN_STYLE = Automatic;
				INFOPLIST_FILE = HockeyPalTests/Info.plist;
				IPHONEOS_DEPLOYMENT_TARGET = 14.0;
				LD_RUNPATH_SEARCH_PATHS = (
					"$(inherited)",
					"@executable_path/Frameworks",
					"@loader_path/Frameworks",
				);
				PRODUCT_BUNDLE_IDENTIFIER = com.palforsberg.HockeyPalTests;
				PRODUCT_NAME = "$(TARGET_NAME)";
				SWIFT_VERSION = 5.0;
				TARGETED_DEVICE_FAMILY = "1,2";
				TEST_HOST = "$(BUILT_PRODUCTS_DIR)/shl-app-ios.app/shl-app-ios";
			};
			name = Debug;
		};
		D1AFF88F25A84FCE00E50ADE /* Release */ = {
			isa = XCBuildConfiguration;
			buildSettings = {
				ALWAYS_EMBED_SWIFT_STANDARD_LIBRARIES = YES;
				BUNDLE_LOADER = "$(TEST_HOST)";
				CODE_SIGN_STYLE = Automatic;
				INFOPLIST_FILE = HockeyPalTests/Info.plist;
				IPHONEOS_DEPLOYMENT_TARGET = 14.0;
				LD_RUNPATH_SEARCH_PATHS = (
					"$(inherited)",
					"@executable_path/Frameworks",
					"@loader_path/Frameworks",
				);
				PRODUCT_BUNDLE_IDENTIFIER = com.palforsberg.HockeyPalTests;
				PRODUCT_NAME = "$(TARGET_NAME)";
				SWIFT_VERSION = 5.0;
				TARGETED_DEVICE_FAMILY = "1,2";
				TEST_HOST = "$(BUILT_PRODUCTS_DIR)/shl-app-ios.app/shl-app-ios";
			};
			name = Release;
		};
		D1AFF89125A84FCE00E50ADE /* Debug */ = {
			isa = XCBuildConfiguration;
			buildSettings = {
				ALWAYS_EMBED_SWIFT_STANDARD_LIBRARIES = YES;
				CODE_SIGN_STYLE = Automatic;
				INFOPLIST_FILE = HockeyPalUITests/Info.plist;
				LD_RUNPATH_SEARCH_PATHS = (
					"$(inherited)",
					"@executable_path/Frameworks",
					"@loader_path/Frameworks",
				);
				PRODUCT_BUNDLE_IDENTIFIER = com.palforsberg.HockeyPalUITests;
				PRODUCT_NAME = "$(TARGET_NAME)";
				SWIFT_VERSION = 5.0;
				TARGETED_DEVICE_FAMILY = "1,2";
				TEST_TARGET_NAME = HockeyPal;
			};
			name = Debug;
		};
		D1AFF89225A84FCE00E50ADE /* Release */ = {
			isa = XCBuildConfiguration;
			buildSettings = {
				ALWAYS_EMBED_SWIFT_STANDARD_LIBRARIES = YES;
				CODE_SIGN_STYLE = Automatic;
				INFOPLIST_FILE = HockeyPalUITests/Info.plist;
				LD_RUNPATH_SEARCH_PATHS = (
					"$(inherited)",
					"@executable_path/Frameworks",
					"@loader_path/Frameworks",
				);
				PRODUCT_BUNDLE_IDENTIFIER = com.palforsberg.HockeyPalUITests;
				PRODUCT_NAME = "$(TARGET_NAME)";
				SWIFT_VERSION = 5.0;
				TARGETED_DEVICE_FAMILY = "1,2";
				TEST_TARGET_NAME = HockeyPal;
			};
			name = Release;
		};
/* End XCBuildConfiguration section */

/* Begin XCConfigurationList section */
		D1AFF86025A84FCB00E50ADE /* Build configuration list for PBXProject "shl-app-ios" */ = {
			isa = XCConfigurationList;
			buildConfigurations = (
				D1AFF88825A84FCE00E50ADE /* Debug */,
				D1AFF88925A84FCE00E50ADE /* Release */,
			);
			defaultConfigurationIsVisible = 0;
			defaultConfigurationName = Release;
		};
		D1AFF88A25A84FCE00E50ADE /* Build configuration list for PBXNativeTarget "shl-app-ios" */ = {
			isa = XCConfigurationList;
			buildConfigurations = (
				D1AFF88B25A84FCE00E50ADE /* Debug */,
				D1AFF88C25A84FCE00E50ADE /* Release */,
			);
			defaultConfigurationIsVisible = 0;
			defaultConfigurationName = Release;
		};
		D1AFF88D25A84FCE00E50ADE /* Build configuration list for PBXNativeTarget "shl-app-iosTests" */ = {
			isa = XCConfigurationList;
			buildConfigurations = (
				D1AFF88E25A84FCE00E50ADE /* Debug */,
				D1AFF88F25A84FCE00E50ADE /* Release */,
			);
			defaultConfigurationIsVisible = 0;
			defaultConfigurationName = Release;
		};
		D1AFF89025A84FCE00E50ADE /* Build configuration list for PBXNativeTarget "shl-app-iosUITests" */ = {
			isa = XCConfigurationList;
			buildConfigurations = (
				D1AFF89125A84FCE00E50ADE /* Debug */,
				D1AFF89225A84FCE00E50ADE /* Release */,
			);
			defaultConfigurationIsVisible = 0;
			defaultConfigurationName = Release;
		};
/* End XCConfigurationList section */
	};
	rootObject = D1AFF85D25A84FCB00E50ADE /* Project object */;
}
