// !$*UTF8*$!
{
	archiveVersion = 1;
	classes = {
	};
	objectVersion = 50;
	objects = {

/* Begin PBXBuildFile section */
		231C055D299A529B00BEB846 /* Models.swift in Sources */ = {isa = PBXBuildFile; fileRef = 231C055C299A529B00BEB846 /* Models.swift */; };
		231C055E299A52A800BEB846 /* Models.swift in Sources */ = {isa = PBXBuildFile; fileRef = 231C055C299A529B00BEB846 /* Models.swift */; };
		231C0564299B9F3100BEB846 /* Cache.swift in Sources */ = {isa = PBXBuildFile; fileRef = 231C0563299B9F3100BEB846 /* Cache.swift */; };
		231C0565299B9F3E00BEB846 /* Cache.swift in Sources */ = {isa = PBXBuildFile; fileRef = 231C0563299B9F3100BEB846 /* Cache.swift */; };
		231C0566299BA60000BEB846 /* Extensions.swift in Sources */ = {isa = PBXBuildFile; fileRef = 23537ED326B454B800C9B6ED /* Extensions.swift */; };
		231C0569299CEBC700BEB846 /* Settings.swift in Sources */ = {isa = PBXBuildFile; fileRef = 2339F6B126C0FB2B006DE5F0 /* Settings.swift */; };
		231C056A299CEBE900BEB846 /* DataProvider.swift in Sources */ = {isa = PBXBuildFile; fileRef = D1AFF8B325A8831100E50ADE /* DataProvider.swift */; };
		231C056C299E3DB900BEB846 /* FormGraph.swift in Sources */ = {isa = PBXBuildFile; fileRef = 231C056B299E3DB900BEB846 /* FormGraph.swift */; };
		231C056D299E3DB900BEB846 /* FormGraph.swift in Sources */ = {isa = PBXBuildFile; fileRef = 231C056B299E3DB900BEB846 /* FormGraph.swift */; };
		231C056E299E3F4900BEB846 /* Preview.swift in Sources */ = {isa = PBXBuildFile; fileRef = 23537ED126B3FE6D00C9B6ED /* Preview.swift */; };
		231C057029A207C900BEB846 /* SelectTeamIntent.intentdefinition in Sources */ = {isa = PBXBuildFile; fileRef = 231C056F29A207C900BEB846 /* SelectTeamIntent.intentdefinition */; };
		231C057129A207C900BEB846 /* SelectTeamIntent.intentdefinition in Sources */ = {isa = PBXBuildFile; fileRef = 231C056F29A207C900BEB846 /* SelectTeamIntent.intentdefinition */; };
		2339F66B26B6862A006DE5F0 /* TimerView.swift in Sources */ = {isa = PBXBuildFile; fileRef = 2339F66A26B6862A006DE5F0 /* TimerView.swift */; };
		2339F66E26B857E7006DE5F0 /* Debouncer.swift in Sources */ = {isa = PBXBuildFile; fileRef = 2339F66D26B857E7006DE5F0 /* Debouncer.swift */; };
		2339F6B226C0FB2B006DE5F0 /* Settings.swift in Sources */ = {isa = PBXBuildFile; fileRef = 2339F6B126C0FB2B006DE5F0 /* Settings.swift */; };
		2339F6B426C15075006DE5F0 /* UserService.swift in Sources */ = {isa = PBXBuildFile; fileRef = 2339F6B326C15075006DE5F0 /* UserService.swift */; };
		2339F6B626C25CDE006DE5F0 /* Launch Screen.storyboard in Resources */ = {isa = PBXBuildFile; fileRef = 2339F6B526C25CDE006DE5F0 /* Launch Screen.storyboard */; };
		2339F75E26CA3AE0006DE5F0 /* StoreKit.framework in Frameworks */ = {isa = PBXBuildFile; fileRef = 2339F75D26CA3AE0006DE5F0 /* StoreKit.framework */; };
		2339F76026CA3B10006DE5F0 /* Purchases.swift in Sources */ = {isa = PBXBuildFile; fileRef = 2339F75F26CA3B10006DE5F0 /* Purchases.swift */; };
		2339F7A526CCF8D8006DE5F0 /* puck-line@3x.png in Resources */ = {isa = PBXBuildFile; fileRef = 2339F79D26CCF8D8006DE5F0 /* puck-line@3x.png */; };
		2339F7A626CCF8D8006DE5F0 /* puck-icon-inverted@2x.png in Resources */ = {isa = PBXBuildFile; fileRef = 2339F79E26CCF8D8006DE5F0 /* puck-icon-inverted@2x.png */; };
		2339F7A726CCF8D8006DE5F0 /* puck-icon-night@3x.png in Resources */ = {isa = PBXBuildFile; fileRef = 2339F79F26CCF8D8006DE5F0 /* puck-icon-night@3x.png */; };
		2339F7A826CCF8D8006DE5F0 /* puck-icon-night@2x.png in Resources */ = {isa = PBXBuildFile; fileRef = 2339F7A026CCF8D8006DE5F0 /* puck-icon-night@2x.png */; };
		2339F7A926CCF8D8006DE5F0 /* puck-icon-ice@3x.png in Resources */ = {isa = PBXBuildFile; fileRef = 2339F7A126CCF8D8006DE5F0 /* puck-icon-ice@3x.png */; };
		2339F7AA26CCF8D8006DE5F0 /* puck-line@2x.png in Resources */ = {isa = PBXBuildFile; fileRef = 2339F7A226CCF8D8006DE5F0 /* puck-line@2x.png */; };
		2339F7AB26CCF8D8006DE5F0 /* puck-icon-inverted@3x.png in Resources */ = {isa = PBXBuildFile; fileRef = 2339F7A326CCF8D8006DE5F0 /* puck-icon-inverted@3x.png */; };
		2339F7AC26CCF8D8006DE5F0 /* puck-icon-ice@2x.png in Resources */ = {isa = PBXBuildFile; fileRef = 2339F7A426CCF8D8006DE5F0 /* puck-icon-ice@2x.png */; };
		2339F7E326CCFF6E006DE5F0 /* ohk-icon@2x.png in Resources */ = {isa = PBXBuildFile; fileRef = 2339F7C526CCFF6D006DE5F0 /* ohk-icon@2x.png */; };
		2339F7E426CCFF6E006DE5F0 /* rbk-icon@2x.png in Resources */ = {isa = PBXBuildFile; fileRef = 2339F7C626CCFF6E006DE5F0 /* rbk-icon@2x.png */; };
		2339F7E526CCFF6E006DE5F0 /* dif-icon@2x.png in Resources */ = {isa = PBXBuildFile; fileRef = 2339F7C726CCFF6E006DE5F0 /* dif-icon@2x.png */; };
		2339F7E626CCFF6E006DE5F0 /* vlh-icon@2x.png in Resources */ = {isa = PBXBuildFile; fileRef = 2339F7C826CCFF6E006DE5F0 /* vlh-icon@2x.png */; };
		2339F7E726CCFF6E006DE5F0 /* lhf-icon@2x.png in Resources */ = {isa = PBXBuildFile; fileRef = 2339F7C926CCFF6E006DE5F0 /* lhf-icon@2x.png */; };
		2339F7E826CCFF6E006DE5F0 /* fhc-icon@3x.png in Resources */ = {isa = PBXBuildFile; fileRef = 2339F7CA26CCFF6E006DE5F0 /* fhc-icon@3x.png */; };
		2339F7E926CCFF6E006DE5F0 /* dif-icon@3x.png in Resources */ = {isa = PBXBuildFile; fileRef = 2339F7CB26CCFF6E006DE5F0 /* dif-icon@3x.png */; };
		2339F7EA26CCFF6E006DE5F0 /* mif-icon@3x.png in Resources */ = {isa = PBXBuildFile; fileRef = 2339F7CC26CCFF6E006DE5F0 /* mif-icon@3x.png */; };
		2339F7EB26CCFF6E006DE5F0 /* lhc-icon@2x.png in Resources */ = {isa = PBXBuildFile; fileRef = 2339F7CD26CCFF6E006DE5F0 /* lhc-icon@2x.png */; };
		2339F7EC26CCFF6E006DE5F0 /* ohk-icon@3x.png in Resources */ = {isa = PBXBuildFile; fileRef = 2339F7CE26CCFF6E006DE5F0 /* ohk-icon@3x.png */; };
		2339F7ED26CCFF6E006DE5F0 /* hv71-icon@2x.png in Resources */ = {isa = PBXBuildFile; fileRef = 2339F7CF26CCFF6E006DE5F0 /* hv71-icon@2x.png */; };
		2339F7EE26CCFF6E006DE5F0 /* mif-icon@2x.png in Resources */ = {isa = PBXBuildFile; fileRef = 2339F7D026CCFF6E006DE5F0 /* mif-icon@2x.png */; };
		2339F7EF26CCFF6E006DE5F0 /* lif-icon@2x.png in Resources */ = {isa = PBXBuildFile; fileRef = 2339F7D126CCFF6E006DE5F0 /* lif-icon@2x.png */; };
		2339F7F126CCFF6E006DE5F0 /* hv71-icon@3x.png in Resources */ = {isa = PBXBuildFile; fileRef = 2339F7D326CCFF6E006DE5F0 /* hv71-icon@3x.png */; };
		2339F7F226CCFF6E006DE5F0 /* fbk-icon@3x.png in Resources */ = {isa = PBXBuildFile; fileRef = 2339F7D426CCFF6E006DE5F0 /* fbk-icon@3x.png */; };
		2339F7F326CCFF6E006DE5F0 /* iko-icon@3x.png in Resources */ = {isa = PBXBuildFile; fileRef = 2339F7D526CCFF6E006DE5F0 /* iko-icon@3x.png */; };
		2339F7F426CCFF6E006DE5F0 /* fbk-icon@2x.png in Resources */ = {isa = PBXBuildFile; fileRef = 2339F7D626CCFF6E006DE5F0 /* fbk-icon@2x.png */; };
		2339F7F526CCFF6E006DE5F0 /* saik-icon@2x.png in Resources */ = {isa = PBXBuildFile; fileRef = 2339F7D726CCFF6E006DE5F0 /* saik-icon@2x.png */; };
		2339F7F626CCFF6E006DE5F0 /* rbk-icon@3x.png in Resources */ = {isa = PBXBuildFile; fileRef = 2339F7D826CCFF6E006DE5F0 /* rbk-icon@3x.png */; };
		2339F7F726CCFF6E006DE5F0 /* iko-icon@2x.png in Resources */ = {isa = PBXBuildFile; fileRef = 2339F7D926CCFF6E006DE5F0 /* iko-icon@2x.png */; };
		2339F7F826CCFF6E006DE5F0 /* lif-icon@3x.png in Resources */ = {isa = PBXBuildFile; fileRef = 2339F7DA26CCFF6E006DE5F0 /* lif-icon@3x.png */; };
		2339F7F926CCFF6E006DE5F0 /* lhc-icon@3x.png in Resources */ = {isa = PBXBuildFile; fileRef = 2339F7DB26CCFF6E006DE5F0 /* lhc-icon@3x.png */; };
		2339F7FA26CCFF6E006DE5F0 /* fhc-icon@2x.png in Resources */ = {isa = PBXBuildFile; fileRef = 2339F7DC26CCFF6E006DE5F0 /* fhc-icon@2x.png */; };
		2339F7FC26CCFF6E006DE5F0 /* saik-icon@3x.png in Resources */ = {isa = PBXBuildFile; fileRef = 2339F7DE26CCFF6E006DE5F0 /* saik-icon@3x.png */; };
		2339F7FD26CCFF6E006DE5F0 /* bif-icon@2x.png in Resources */ = {isa = PBXBuildFile; fileRef = 2339F7DF26CCFF6E006DE5F0 /* bif-icon@2x.png */; };
		2339F7FE26CCFF6E006DE5F0 /* lhf-icon@3x.png in Resources */ = {isa = PBXBuildFile; fileRef = 2339F7E026CCFF6E006DE5F0 /* lhf-icon@3x.png */; };
		2339F7FF26CCFF6E006DE5F0 /* bif-icon@3x.png in Resources */ = {isa = PBXBuildFile; fileRef = 2339F7E126CCFF6E006DE5F0 /* bif-icon@3x.png */; };
		2339F80026CCFF6E006DE5F0 /* vlh-icon@3x.png in Resources */ = {isa = PBXBuildFile; fileRef = 2339F7E226CCFF6E006DE5F0 /* vlh-icon@3x.png */; };
		2339F80326CD02DD006DE5F0 /* puck-icon@3x.png in Resources */ = {isa = PBXBuildFile; fileRef = 2339F80126CD02DD006DE5F0 /* puck-icon@3x.png */; };
		2339F80426CD02DD006DE5F0 /* puck-icon@2x.png in Resources */ = {isa = PBXBuildFile; fileRef = 2339F80226CD02DD006DE5F0 /* puck-icon@2x.png */; };
		2339F80726CD2396006DE5F0 /* tik-icon@2x.png in Resources */ = {isa = PBXBuildFile; fileRef = 2339F80526CD2396006DE5F0 /* tik-icon@2x.png */; };
		2339F80826CD2396006DE5F0 /* tik-icon@3x.png in Resources */ = {isa = PBXBuildFile; fileRef = 2339F80626CD2396006DE5F0 /* tik-icon@3x.png */; };
		2339F80C26CD2525006DE5F0 /* launch-puck-2@1x.png in Resources */ = {isa = PBXBuildFile; fileRef = 2339F80926CD2525006DE5F0 /* launch-puck-2@1x.png */; };
		2339F80D26CD2525006DE5F0 /* launch-puck-2@2x.png in Resources */ = {isa = PBXBuildFile; fileRef = 2339F80A26CD2525006DE5F0 /* launch-puck-2@2x.png */; };
		2339F80E26CD2525006DE5F0 /* launch-puck-2@3x.png in Resources */ = {isa = PBXBuildFile; fileRef = 2339F80B26CD2525006DE5F0 /* launch-puck-2@3x.png */; };
		2339F81226CD2538006DE5F0 /* launch-puck-light-2@1x.png in Resources */ = {isa = PBXBuildFile; fileRef = 2339F80F26CD2538006DE5F0 /* launch-puck-light-2@1x.png */; };
		2339F81326CD2538006DE5F0 /* launch-puck-light-2@2x.png in Resources */ = {isa = PBXBuildFile; fileRef = 2339F81026CD2538006DE5F0 /* launch-puck-light-2@2x.png */; };
		2339F81426CD2538006DE5F0 /* launch-puck-light-2@3x.png in Resources */ = {isa = PBXBuildFile; fileRef = 2339F81126CD2538006DE5F0 /* launch-puck-light-2@3x.png */; };
		234AF3C628E7626900FE3AEC /* Effect.swift in Sources */ = {isa = PBXBuildFile; fileRef = 234AF3C528E7626900FE3AEC /* Effect.swift */; };
		234AF3C8290521E100FE3AEC /* GameAlert.swift in Sources */ = {isa = PBXBuildFile; fileRef = 234AF3C7290521E100FE3AEC /* GameAlert.swift */; };
		23537ED026B1D30200C9B6ED /* GamesStatsView.swift in Sources */ = {isa = PBXBuildFile; fileRef = 23537ECF26B1D30200C9B6ED /* GamesStatsView.swift */; };
		23537ED226B3FE6D00C9B6ED /* Preview.swift in Sources */ = {isa = PBXBuildFile; fileRef = 23537ED126B3FE6D00C9B6ED /* Preview.swift */; };
		23537ED426B454B800C9B6ED /* Extensions.swift in Sources */ = {isa = PBXBuildFile; fileRef = 23537ED326B454B800C9B6ED /* Extensions.swift */; };
		23537ED626B57B9C00C9B6ED /* SettingsView.swift in Sources */ = {isa = PBXBuildFile; fileRef = 23537ED526B57B9C00C9B6ED /* SettingsView.swift */; };
		235B07C229991F0600FD865E /* lhf-mono.png in Resources */ = {isa = PBXBuildFile; fileRef = 235B07C129991F0600FD865E /* lhf-mono.png */; };
		235B07C329991F0F00FD865E /* lhf-mono.png in Resources */ = {isa = PBXBuildFile; fileRef = 235B07C129991F0600FD865E /* lhf-mono.png */; };
		235CB13C2889650000A898D7 /* PullToRefresh.swift in Sources */ = {isa = PBXBuildFile; fileRef = 235CB13B2889650000A898D7 /* PullToRefresh.swift */; };
		2397EDDF29A62BD30014410E /* TeamWidget.png in Resources */ = {isa = PBXBuildFile; fileRef = 2397EDDE29A62BD30014410E /* TeamWidget.png */; };
		23A373C1299115D100FEA997 /* NotificationService.swift in Sources */ = {isa = PBXBuildFile; fileRef = 23A373C0299115D100FEA997 /* NotificationService.swift */; };
		23A373C5299115D100FEA997 /* shl-app-ios-notification-service.appex in Embed App Extensions */ = {isa = PBXBuildFile; fileRef = 23A373BE299115D100FEA997 /* shl-app-ios-notification-service.appex */; settings = {ATTRIBUTES = (RemoveHeadersOnCopy, ); }; };
		23A3761E2993B0CC00FEA997 /* mif.png in Resources */ = {isa = PBXBuildFile; fileRef = 23A376022993B0CB00FEA997 /* mif.png */; };
		23A3761F2993B0CC00FEA997 /* tik-big.png in Resources */ = {isa = PBXBuildFile; fileRef = 23A376032993B0CB00FEA997 /* tik-big.png */; };
		23A376202993B0CC00FEA997 /* fhc.png in Resources */ = {isa = PBXBuildFile; fileRef = 23A376042993B0CB00FEA997 /* fhc.png */; };
		23A376212993B0CC00FEA997 /* mif-big.png in Resources */ = {isa = PBXBuildFile; fileRef = 23A376052993B0CC00FEA997 /* mif-big.png */; };
		23A376222993B0CC00FEA997 /* lhf.png in Resources */ = {isa = PBXBuildFile; fileRef = 23A376062993B0CC00FEA997 /* lhf.png */; };
		23A376232993B0CC00FEA997 /* lif.png in Resources */ = {isa = PBXBuildFile; fileRef = 23A376072993B0CC00FEA997 /* lif.png */; };
		23A376242993B0CC00FEA997 /* fbk.png in Resources */ = {isa = PBXBuildFile; fileRef = 23A376082993B0CC00FEA997 /* fbk.png */; };
		23A376252993B0CC00FEA997 /* tik.png in Resources */ = {isa = PBXBuildFile; fileRef = 23A376092993B0CC00FEA997 /* tik.png */; };
		23A376262993B0CC00FEA997 /* lhc.png in Resources */ = {isa = PBXBuildFile; fileRef = 23A3760A2993B0CC00FEA997 /* lhc.png */; };
		23A376272993B0CC00FEA997 /* ohk.png in Resources */ = {isa = PBXBuildFile; fileRef = 23A3760B2993B0CC00FEA997 /* ohk.png */; };
		23A376282993B0CC00FEA997 /* lhc-big.png in Resources */ = {isa = PBXBuildFile; fileRef = 23A3760C2993B0CC00FEA997 /* lhc-big.png */; };
		23A376292993B0CC00FEA997 /* bif-big.png in Resources */ = {isa = PBXBuildFile; fileRef = 23A3760D2993B0CC00FEA997 /* bif-big.png */; };
		23A3762A2993B0CC00FEA997 /* iko-big.png in Resources */ = {isa = PBXBuildFile; fileRef = 23A3760E2993B0CC00FEA997 /* iko-big.png */; };
		23A3762B2993B0CC00FEA997 /* bif.png in Resources */ = {isa = PBXBuildFile; fileRef = 23A3760F2993B0CC00FEA997 /* bif.png */; };
		23A3762C2993B0CC00FEA997 /* fbk-big.png in Resources */ = {isa = PBXBuildFile; fileRef = 23A376102993B0CC00FEA997 /* fbk-big.png */; };
		23A3762D2993B0CC00FEA997 /* ohk-big.png in Resources */ = {isa = PBXBuildFile; fileRef = 23A376112993B0CC00FEA997 /* ohk-big.png */; };
		23A3762E2993B0CC00FEA997 /* vlh.png in Resources */ = {isa = PBXBuildFile; fileRef = 23A376122993B0CC00FEA997 /* vlh.png */; };
		23A3762F2993B0CC00FEA997 /* rbk-big.png in Resources */ = {isa = PBXBuildFile; fileRef = 23A376132993B0CC00FEA997 /* rbk-big.png */; };
		23A376302993B0CC00FEA997 /* lhf-big.png in Resources */ = {isa = PBXBuildFile; fileRef = 23A376142993B0CC00FEA997 /* lhf-big.png */; };
		23A376312993B0CC00FEA997 /* hv71.png in Resources */ = {isa = PBXBuildFile; fileRef = 23A376152993B0CC00FEA997 /* hv71.png */; };
		23A376322993B0CC00FEA997 /* vlh-big.png in Resources */ = {isa = PBXBuildFile; fileRef = 23A376162993B0CC00FEA997 /* vlh-big.png */; };
		23A376332993B0CC00FEA997 /* iko.png in Resources */ = {isa = PBXBuildFile; fileRef = 23A376172993B0CC00FEA997 /* iko.png */; };
		23A376342993B0CC00FEA997 /* saik.png in Resources */ = {isa = PBXBuildFile; fileRef = 23A376182993B0CC00FEA997 /* saik.png */; };
		23A376352993B0CC00FEA997 /* saik-big.png in Resources */ = {isa = PBXBuildFile; fileRef = 23A376192993B0CC00FEA997 /* saik-big.png */; };
		23A376362993B0CC00FEA997 /* hv71-big.png in Resources */ = {isa = PBXBuildFile; fileRef = 23A3761A2993B0CC00FEA997 /* hv71-big.png */; };
		23A376372993B0CC00FEA997 /* lif-big.png in Resources */ = {isa = PBXBuildFile; fileRef = 23A3761B2993B0CC00FEA997 /* lif-big.png */; };
		23A376382993B0CC00FEA997 /* rbk.png in Resources */ = {isa = PBXBuildFile; fileRef = 23A3761C2993B0CC00FEA997 /* rbk.png */; };
		23A376392993B0CC00FEA997 /* fhc-big.png in Resources */ = {isa = PBXBuildFile; fileRef = 23A3761D2993B0CC00FEA997 /* fhc-big.png */; };
		23A3763A2993B0D000FEA997 /* bif-big.png in Resources */ = {isa = PBXBuildFile; fileRef = 23A3760D2993B0CC00FEA997 /* bif-big.png */; };
		23A3763B2993B0D000FEA997 /* fbk-big.png in Resources */ = {isa = PBXBuildFile; fileRef = 23A376102993B0CC00FEA997 /* fbk-big.png */; };
		23A3763C2993B0D000FEA997 /* fhc-big.png in Resources */ = {isa = PBXBuildFile; fileRef = 23A3761D2993B0CC00FEA997 /* fhc-big.png */; };
		23A3763D2993B0D000FEA997 /* hv71-big.png in Resources */ = {isa = PBXBuildFile; fileRef = 23A3761A2993B0CC00FEA997 /* hv71-big.png */; };
		23A3763E2993B0D000FEA997 /* iko-big.png in Resources */ = {isa = PBXBuildFile; fileRef = 23A3760E2993B0CC00FEA997 /* iko-big.png */; };
		23A3763F2993B0D000FEA997 /* lhc-big.png in Resources */ = {isa = PBXBuildFile; fileRef = 23A3760C2993B0CC00FEA997 /* lhc-big.png */; };
		23A376402993B0D000FEA997 /* lhf-big.png in Resources */ = {isa = PBXBuildFile; fileRef = 23A376142993B0CC00FEA997 /* lhf-big.png */; };
		23A376412993B0D000FEA997 /* lif-big.png in Resources */ = {isa = PBXBuildFile; fileRef = 23A3761B2993B0CC00FEA997 /* lif-big.png */; };
		23A376422993B0D000FEA997 /* mif-big.png in Resources */ = {isa = PBXBuildFile; fileRef = 23A376052993B0CC00FEA997 /* mif-big.png */; };
		23A376432993B0D000FEA997 /* ohk-big.png in Resources */ = {isa = PBXBuildFile; fileRef = 23A376112993B0CC00FEA997 /* ohk-big.png */; };
		23A376442993B0D000FEA997 /* rbk-big.png in Resources */ = {isa = PBXBuildFile; fileRef = 23A376132993B0CC00FEA997 /* rbk-big.png */; };
		23A376452993B0D000FEA997 /* saik-big.png in Resources */ = {isa = PBXBuildFile; fileRef = 23A376192993B0CC00FEA997 /* saik-big.png */; };
		23A376462993B0D000FEA997 /* tik-big.png in Resources */ = {isa = PBXBuildFile; fileRef = 23A376032993B0CB00FEA997 /* tik-big.png */; };
		23A376472993B0D000FEA997 /* vlh-big.png in Resources */ = {isa = PBXBuildFile; fileRef = 23A376162993B0CC00FEA997 /* vlh-big.png */; };
		23A3764D2997AEAE00FEA997 /* WidgetKit.framework in Frameworks */ = {isa = PBXBuildFile; fileRef = D1AFF8D525A898AD00E50ADE /* WidgetKit.framework */; };
		23A3764E2997AEAE00FEA997 /* SwiftUI.framework in Frameworks */ = {isa = PBXBuildFile; fileRef = D1AFF8D725A898AD00E50ADE /* SwiftUI.framework */; };
		23A376512997AEAE00FEA997 /* ShlWidgetBundle.swift in Sources */ = {isa = PBXBuildFile; fileRef = 23A376502997AEAE00FEA997 /* ShlWidgetBundle.swift */; };
		23A376532997AEAE00FEA997 /* ShlWidgetLiveActivity.swift in Sources */ = {isa = PBXBuildFile; fileRef = 23A376522997AEAE00FEA997 /* ShlWidgetLiveActivity.swift */; };
		23A376552997AEAE00FEA997 /* ShlWidget.swift in Sources */ = {isa = PBXBuildFile; fileRef = 23A376542997AEAE00FEA997 /* ShlWidget.swift */; };
		23A376582997AEB000FEA997 /* Assets.xcassets in Resources */ = {isa = PBXBuildFile; fileRef = 23A376572997AEB000FEA997 /* Assets.xcassets */; };
		23A3765E2997AEB000FEA997 /* shl-app-ios-widgetExtension.appex in Embed App Extensions */ = {isa = PBXBuildFile; fileRef = 23A3764C2997AEAE00FEA997 /* shl-app-ios-widgetExtension.appex */; settings = {ATTRIBUTES = (RemoveHeadersOnCopy, ); }; };
		23A376632997B58C00FEA997 /* bif.png in Resources */ = {isa = PBXBuildFile; fileRef = 23A3760F2993B0CC00FEA997 /* bif.png */; };
		23A376642997B58C00FEA997 /* fbk.png in Resources */ = {isa = PBXBuildFile; fileRef = 23A376082993B0CC00FEA997 /* fbk.png */; };
		23A376652997B58C00FEA997 /* fhc.png in Resources */ = {isa = PBXBuildFile; fileRef = 23A376042993B0CB00FEA997 /* fhc.png */; };
		23A376662997B58C00FEA997 /* hv71.png in Resources */ = {isa = PBXBuildFile; fileRef = 23A376152993B0CC00FEA997 /* hv71.png */; };
		23A376672997B58C00FEA997 /* iko.png in Resources */ = {isa = PBXBuildFile; fileRef = 23A376172993B0CC00FEA997 /* iko.png */; };
		23A376682997B58C00FEA997 /* lhc.png in Resources */ = {isa = PBXBuildFile; fileRef = 23A3760A2993B0CC00FEA997 /* lhc.png */; };
		23A376692997B58C00FEA997 /* lhf.png in Resources */ = {isa = PBXBuildFile; fileRef = 23A376062993B0CC00FEA997 /* lhf.png */; };
		23A3766A2997B58C00FEA997 /* lif.png in Resources */ = {isa = PBXBuildFile; fileRef = 23A376072993B0CC00FEA997 /* lif.png */; };
		23A3766B2997B58C00FEA997 /* mif.png in Resources */ = {isa = PBXBuildFile; fileRef = 23A376022993B0CB00FEA997 /* mif.png */; };
		23A3766C2997B58C00FEA997 /* ohk.png in Resources */ = {isa = PBXBuildFile; fileRef = 23A3760B2993B0CC00FEA997 /* ohk.png */; };
		23A3766D2997B58C00FEA997 /* rbk.png in Resources */ = {isa = PBXBuildFile; fileRef = 23A3761C2993B0CC00FEA997 /* rbk.png */; };
		23A3766E2997B58C00FEA997 /* saik.png in Resources */ = {isa = PBXBuildFile; fileRef = 23A376182993B0CC00FEA997 /* saik.png */; };
		23A3766F2997B58C00FEA997 /* tik.png in Resources */ = {isa = PBXBuildFile; fileRef = 23A376092993B0CC00FEA997 /* tik.png */; };
		23A376702997B58C00FEA997 /* vlh.png in Resources */ = {isa = PBXBuildFile; fileRef = 23A376122993B0CC00FEA997 /* vlh.png */; };
		23A376712997CC6000FEA997 /* Localizable.strings in Resources */ = {isa = PBXBuildFile; fileRef = D1AFF8C725A88CF700E50ADE /* Localizable.strings */; };
		23E405372705DCEA00C516F6 /* ImageLoader.swift in Sources */ = {isa = PBXBuildFile; fileRef = 23E405352705DCEA00C516F6 /* ImageLoader.swift */; };
		23E405382705DCEA00C516F6 /* URLImage.swift in Sources */ = {isa = PBXBuildFile; fileRef = 23E405362705DCEA00C516F6 /* URLImage.swift */; };
		D1AAF86225AB10BF008D3D62 /* TeamLogo.swift in Sources */ = {isa = PBXBuildFile; fileRef = D1AAF86125AB10BF008D3D62 /* TeamLogo.swift */; };
		D1AFC2A425B07E8100490FCE /* TeamView.swift in Sources */ = {isa = PBXBuildFile; fileRef = D1AFC2A325B07E8100490FCE /* TeamView.swift */; };
		D1AFC2A925B07F5E00490FCE /* StarredTeams.swift in Sources */ = {isa = PBXBuildFile; fileRef = D1AFC2A825B07F5E00490FCE /* StarredTeams.swift */; };
		D1AFF86925A84FCB00E50ADE /* ShlApp.swift in Sources */ = {isa = PBXBuildFile; fileRef = D1AFF86825A84FCB00E50ADE /* ShlApp.swift */; };
		D1AFF86B25A84FCB00E50ADE /* ContentView.swift in Sources */ = {isa = PBXBuildFile; fileRef = D1AFF86A25A84FCB00E50ADE /* ContentView.swift */; };
		D1AFF86D25A84FCD00E50ADE /* Assets.xcassets in Resources */ = {isa = PBXBuildFile; fileRef = D1AFF86C25A84FCD00E50ADE /* Assets.xcassets */; };
		D1AFF87025A84FCD00E50ADE /* Preview Assets.xcassets in Resources */ = {isa = PBXBuildFile; fileRef = D1AFF86F25A84FCD00E50ADE /* Preview Assets.xcassets */; };
		D1AFF89725A8537B00E50ADE /* SeasonView.swift in Sources */ = {isa = PBXBuildFile; fileRef = D1AFF89625A8537B00E50ADE /* SeasonView.swift */; };
		D1AFF8A125A8550500E50ADE /* StandingsView.swift in Sources */ = {isa = PBXBuildFile; fileRef = D1AFF8A025A8550500E50ADE /* StandingsView.swift */; };
		D1AFF8B425A8831100E50ADE /* DataProvider.swift in Sources */ = {isa = PBXBuildFile; fileRef = D1AFF8B325A8831100E50ADE /* DataProvider.swift */; };
		D1AFF8C525A88CF700E50ADE /* Localizable.strings in Resources */ = {isa = PBXBuildFile; fileRef = D1AFF8C725A88CF700E50ADE /* Localizable.strings */; };
/* End PBXBuildFile section */

/* Begin PBXContainerItemProxy section */
		23A373C3299115D100FEA997 /* PBXContainerItemProxy */ = {
			isa = PBXContainerItemProxy;
			containerPortal = D1AFF85D25A84FCB00E50ADE /* Project object */;
			proxyType = 1;
			remoteGlobalIDString = 23A373BD299115D100FEA997;
			remoteInfo = "shl-app-ios-notification-service";
		};
		23A3765C2997AEB000FEA997 /* PBXContainerItemProxy */ = {
			isa = PBXContainerItemProxy;
			containerPortal = D1AFF85D25A84FCB00E50ADE /* Project object */;
			proxyType = 1;
			remoteGlobalIDString = 23A3764B2997AEAE00FEA997;
			remoteInfo = "shl-app-ios-widgetExtension";
		};
/* End PBXContainerItemProxy section */

/* Begin PBXCopyFilesBuildPhase section */
		D1AFF8E825A898B300E50ADE /* Embed App Extensions */ = {
			isa = PBXCopyFilesBuildPhase;
			buildActionMask = 2147483647;
			dstPath = "";
			dstSubfolderSpec = 13;
			files = (
				23A3765E2997AEB000FEA997 /* shl-app-ios-widgetExtension.appex in Embed App Extensions */,
				23A373C5299115D100FEA997 /* shl-app-ios-notification-service.appex in Embed App Extensions */,
			);
			name = "Embed App Extensions";
			runOnlyForDeploymentPostprocessing = 0;
		};
/* End PBXCopyFilesBuildPhase section */

/* Begin PBXFileReference section */
		231C055C299A529B00BEB846 /* Models.swift */ = {isa = PBXFileReference; lastKnownFileType = sourcecode.swift; path = Models.swift; sourceTree = "<group>"; };
		231C055F299B98BA00BEB846 /* shl-app-ios-notification-service.entitlements */ = {isa = PBXFileReference; lastKnownFileType = text.plist.entitlements; path = "shl-app-ios-notification-service.entitlements"; sourceTree = "<group>"; };
		231C0560299B98CD00BEB846 /* shl-app-ios-widgetExtension.entitlements */ = {isa = PBXFileReference; lastKnownFileType = text.plist.entitlements; path = "shl-app-ios-widgetExtension.entitlements"; sourceTree = "<group>"; };
		231C0563299B9F3100BEB846 /* Cache.swift */ = {isa = PBXFileReference; lastKnownFileType = sourcecode.swift; path = Cache.swift; sourceTree = "<group>"; };
		231C056B299E3DB900BEB846 /* FormGraph.swift */ = {isa = PBXFileReference; lastKnownFileType = sourcecode.swift; path = FormGraph.swift; sourceTree = "<group>"; };
		231C056F29A207C900BEB846 /* SelectTeamIntent.intentdefinition */ = {isa = PBXFileReference; lastKnownFileType = file.intentdefinition; path = SelectTeamIntent.intentdefinition; sourceTree = "<group>"; };
		2339F66A26B6862A006DE5F0 /* TimerView.swift */ = {isa = PBXFileReference; lastKnownFileType = sourcecode.swift; path = TimerView.swift; sourceTree = "<group>"; };
		2339F66C26B844E6006DE5F0 /* shl-app-ios.entitlements */ = {isa = PBXFileReference; lastKnownFileType = text.plist.entitlements; path = "shl-app-ios.entitlements"; sourceTree = "<group>"; };
		2339F66D26B857E7006DE5F0 /* Debouncer.swift */ = {isa = PBXFileReference; lastKnownFileType = sourcecode.swift; path = Debouncer.swift; sourceTree = "<group>"; };
		2339F6B126C0FB2B006DE5F0 /* Settings.swift */ = {isa = PBXFileReference; lastKnownFileType = sourcecode.swift; path = Settings.swift; sourceTree = "<group>"; };
		2339F6B326C15075006DE5F0 /* UserService.swift */ = {isa = PBXFileReference; lastKnownFileType = sourcecode.swift; path = UserService.swift; sourceTree = "<group>"; };
		2339F6B526C25CDE006DE5F0 /* Launch Screen.storyboard */ = {isa = PBXFileReference; lastKnownFileType = file.storyboard; path = "Launch Screen.storyboard"; sourceTree = "<group>"; };
		2339F75D26CA3AE0006DE5F0 /* StoreKit.framework */ = {isa = PBXFileReference; lastKnownFileType = wrapper.framework; name = StoreKit.framework; path = System/Library/Frameworks/StoreKit.framework; sourceTree = SDKROOT; };
		2339F75F26CA3B10006DE5F0 /* Purchases.swift */ = {isa = PBXFileReference; lastKnownFileType = sourcecode.swift; path = Purchases.swift; sourceTree = "<group>"; };
		2339F79D26CCF8D8006DE5F0 /* puck-line@3x.png */ = {isa = PBXFileReference; lastKnownFileType = image.png; path = "puck-line@3x.png"; sourceTree = "<group>"; };
		2339F79E26CCF8D8006DE5F0 /* puck-icon-inverted@2x.png */ = {isa = PBXFileReference; lastKnownFileType = image.png; path = "puck-icon-inverted@2x.png"; sourceTree = "<group>"; };
		2339F79F26CCF8D8006DE5F0 /* puck-icon-night@3x.png */ = {isa = PBXFileReference; lastKnownFileType = image.png; path = "puck-icon-night@3x.png"; sourceTree = "<group>"; };
		2339F7A026CCF8D8006DE5F0 /* puck-icon-night@2x.png */ = {isa = PBXFileReference; lastKnownFileType = image.png; path = "puck-icon-night@2x.png"; sourceTree = "<group>"; };
		2339F7A126CCF8D8006DE5F0 /* puck-icon-ice@3x.png */ = {isa = PBXFileReference; lastKnownFileType = image.png; path = "puck-icon-ice@3x.png"; sourceTree = "<group>"; };
		2339F7A226CCF8D8006DE5F0 /* puck-line@2x.png */ = {isa = PBXFileReference; lastKnownFileType = image.png; path = "puck-line@2x.png"; sourceTree = "<group>"; };
		2339F7A326CCF8D8006DE5F0 /* puck-icon-inverted@3x.png */ = {isa = PBXFileReference; lastKnownFileType = image.png; path = "puck-icon-inverted@3x.png"; sourceTree = "<group>"; };
		2339F7A426CCF8D8006DE5F0 /* puck-icon-ice@2x.png */ = {isa = PBXFileReference; lastKnownFileType = image.png; path = "puck-icon-ice@2x.png"; sourceTree = "<group>"; };
		2339F7C526CCFF6D006DE5F0 /* ohk-icon@2x.png */ = {isa = PBXFileReference; lastKnownFileType = image.png; path = "ohk-icon@2x.png"; sourceTree = "<group>"; };
		2339F7C626CCFF6E006DE5F0 /* rbk-icon@2x.png */ = {isa = PBXFileReference; lastKnownFileType = image.png; path = "rbk-icon@2x.png"; sourceTree = "<group>"; };
		2339F7C726CCFF6E006DE5F0 /* dif-icon@2x.png */ = {isa = PBXFileReference; lastKnownFileType = image.png; path = "dif-icon@2x.png"; sourceTree = "<group>"; };
		2339F7C826CCFF6E006DE5F0 /* vlh-icon@2x.png */ = {isa = PBXFileReference; lastKnownFileType = image.png; path = "vlh-icon@2x.png"; sourceTree = "<group>"; };
		2339F7C926CCFF6E006DE5F0 /* lhf-icon@2x.png */ = {isa = PBXFileReference; lastKnownFileType = image.png; path = "lhf-icon@2x.png"; sourceTree = "<group>"; };
		2339F7CA26CCFF6E006DE5F0 /* fhc-icon@3x.png */ = {isa = PBXFileReference; lastKnownFileType = image.png; path = "fhc-icon@3x.png"; sourceTree = "<group>"; };
		2339F7CB26CCFF6E006DE5F0 /* dif-icon@3x.png */ = {isa = PBXFileReference; lastKnownFileType = image.png; path = "dif-icon@3x.png"; sourceTree = "<group>"; };
		2339F7CC26CCFF6E006DE5F0 /* mif-icon@3x.png */ = {isa = PBXFileReference; lastKnownFileType = image.png; path = "mif-icon@3x.png"; sourceTree = "<group>"; };
		2339F7CD26CCFF6E006DE5F0 /* lhc-icon@2x.png */ = {isa = PBXFileReference; lastKnownFileType = image.png; path = "lhc-icon@2x.png"; sourceTree = "<group>"; };
		2339F7CE26CCFF6E006DE5F0 /* ohk-icon@3x.png */ = {isa = PBXFileReference; lastKnownFileType = image.png; path = "ohk-icon@3x.png"; sourceTree = "<group>"; };
		2339F7CF26CCFF6E006DE5F0 /* hv71-icon@2x.png */ = {isa = PBXFileReference; lastKnownFileType = image.png; path = "hv71-icon@2x.png"; sourceTree = "<group>"; };
		2339F7D026CCFF6E006DE5F0 /* mif-icon@2x.png */ = {isa = PBXFileReference; lastKnownFileType = image.png; path = "mif-icon@2x.png"; sourceTree = "<group>"; };
		2339F7D126CCFF6E006DE5F0 /* lif-icon@2x.png */ = {isa = PBXFileReference; lastKnownFileType = image.png; path = "lif-icon@2x.png"; sourceTree = "<group>"; };
		2339F7D326CCFF6E006DE5F0 /* hv71-icon@3x.png */ = {isa = PBXFileReference; lastKnownFileType = image.png; path = "hv71-icon@3x.png"; sourceTree = "<group>"; };
		2339F7D426CCFF6E006DE5F0 /* fbk-icon@3x.png */ = {isa = PBXFileReference; lastKnownFileType = image.png; path = "fbk-icon@3x.png"; sourceTree = "<group>"; };
		2339F7D526CCFF6E006DE5F0 /* iko-icon@3x.png */ = {isa = PBXFileReference; lastKnownFileType = image.png; path = "iko-icon@3x.png"; sourceTree = "<group>"; };
		2339F7D626CCFF6E006DE5F0 /* fbk-icon@2x.png */ = {isa = PBXFileReference; lastKnownFileType = image.png; path = "fbk-icon@2x.png"; sourceTree = "<group>"; };
		2339F7D726CCFF6E006DE5F0 /* saik-icon@2x.png */ = {isa = PBXFileReference; lastKnownFileType = image.png; path = "saik-icon@2x.png"; sourceTree = "<group>"; };
		2339F7D826CCFF6E006DE5F0 /* rbk-icon@3x.png */ = {isa = PBXFileReference; lastKnownFileType = image.png; path = "rbk-icon@3x.png"; sourceTree = "<group>"; };
		2339F7D926CCFF6E006DE5F0 /* iko-icon@2x.png */ = {isa = PBXFileReference; lastKnownFileType = image.png; path = "iko-icon@2x.png"; sourceTree = "<group>"; };
		2339F7DA26CCFF6E006DE5F0 /* lif-icon@3x.png */ = {isa = PBXFileReference; lastKnownFileType = image.png; path = "lif-icon@3x.png"; sourceTree = "<group>"; };
		2339F7DB26CCFF6E006DE5F0 /* lhc-icon@3x.png */ = {isa = PBXFileReference; lastKnownFileType = image.png; path = "lhc-icon@3x.png"; sourceTree = "<group>"; };
		2339F7DC26CCFF6E006DE5F0 /* fhc-icon@2x.png */ = {isa = PBXFileReference; lastKnownFileType = image.png; path = "fhc-icon@2x.png"; sourceTree = "<group>"; };
		2339F7DE26CCFF6E006DE5F0 /* saik-icon@3x.png */ = {isa = PBXFileReference; lastKnownFileType = image.png; path = "saik-icon@3x.png"; sourceTree = "<group>"; };
		2339F7DF26CCFF6E006DE5F0 /* bif-icon@2x.png */ = {isa = PBXFileReference; lastKnownFileType = image.png; path = "bif-icon@2x.png"; sourceTree = "<group>"; };
		2339F7E026CCFF6E006DE5F0 /* lhf-icon@3x.png */ = {isa = PBXFileReference; lastKnownFileType = image.png; path = "lhf-icon@3x.png"; sourceTree = "<group>"; };
		2339F7E126CCFF6E006DE5F0 /* bif-icon@3x.png */ = {isa = PBXFileReference; lastKnownFileType = image.png; path = "bif-icon@3x.png"; sourceTree = "<group>"; };
		2339F7E226CCFF6E006DE5F0 /* vlh-icon@3x.png */ = {isa = PBXFileReference; lastKnownFileType = image.png; path = "vlh-icon@3x.png"; sourceTree = "<group>"; };
		2339F80126CD02DD006DE5F0 /* puck-icon@3x.png */ = {isa = PBXFileReference; lastKnownFileType = image.png; path = "puck-icon@3x.png"; sourceTree = "<group>"; };
		2339F80226CD02DD006DE5F0 /* puck-icon@2x.png */ = {isa = PBXFileReference; lastKnownFileType = image.png; path = "puck-icon@2x.png"; sourceTree = "<group>"; };
		2339F80526CD2396006DE5F0 /* tik-icon@2x.png */ = {isa = PBXFileReference; lastKnownFileType = image.png; path = "tik-icon@2x.png"; sourceTree = "<group>"; };
		2339F80626CD2396006DE5F0 /* tik-icon@3x.png */ = {isa = PBXFileReference; lastKnownFileType = image.png; path = "tik-icon@3x.png"; sourceTree = "<group>"; };
		2339F80926CD2525006DE5F0 /* launch-puck-2@1x.png */ = {isa = PBXFileReference; lastKnownFileType = image.png; path = "launch-puck-2@1x.png"; sourceTree = "<group>"; };
		2339F80A26CD2525006DE5F0 /* launch-puck-2@2x.png */ = {isa = PBXFileReference; lastKnownFileType = image.png; path = "launch-puck-2@2x.png"; sourceTree = "<group>"; };
		2339F80B26CD2525006DE5F0 /* launch-puck-2@3x.png */ = {isa = PBXFileReference; lastKnownFileType = image.png; path = "launch-puck-2@3x.png"; sourceTree = "<group>"; };
		2339F80F26CD2538006DE5F0 /* launch-puck-light-2@1x.png */ = {isa = PBXFileReference; lastKnownFileType = image.png; path = "launch-puck-light-2@1x.png"; sourceTree = "<group>"; };
		2339F81026CD2538006DE5F0 /* launch-puck-light-2@2x.png */ = {isa = PBXFileReference; lastKnownFileType = image.png; path = "launch-puck-light-2@2x.png"; sourceTree = "<group>"; };
		2339F81126CD2538006DE5F0 /* launch-puck-light-2@3x.png */ = {isa = PBXFileReference; lastKnownFileType = image.png; path = "launch-puck-light-2@3x.png"; sourceTree = "<group>"; };
		234AF3C528E7626900FE3AEC /* Effect.swift */ = {isa = PBXFileReference; lastKnownFileType = sourcecode.swift; path = Effect.swift; sourceTree = "<group>"; };
		234AF3C7290521E100FE3AEC /* GameAlert.swift */ = {isa = PBXFileReference; lastKnownFileType = sourcecode.swift; path = GameAlert.swift; sourceTree = "<group>"; };
		23537ECF26B1D30200C9B6ED /* GamesStatsView.swift */ = {isa = PBXFileReference; lastKnownFileType = sourcecode.swift; path = GamesStatsView.swift; sourceTree = "<group>"; };
		23537ED126B3FE6D00C9B6ED /* Preview.swift */ = {isa = PBXFileReference; lastKnownFileType = sourcecode.swift; path = Preview.swift; sourceTree = "<group>"; };
		23537ED326B454B800C9B6ED /* Extensions.swift */ = {isa = PBXFileReference; lastKnownFileType = sourcecode.swift; path = Extensions.swift; sourceTree = "<group>"; };
		23537ED526B57B9C00C9B6ED /* SettingsView.swift */ = {isa = PBXFileReference; lastKnownFileType = sourcecode.swift; path = SettingsView.swift; sourceTree = "<group>"; };
		235B07C129991F0600FD865E /* lhf-mono.png */ = {isa = PBXFileReference; lastKnownFileType = image.png; path = "lhf-mono.png"; sourceTree = "<group>"; };
		235CB13B2889650000A898D7 /* PullToRefresh.swift */ = {isa = PBXFileReference; lastKnownFileType = sourcecode.swift; path = PullToRefresh.swift; sourceTree = "<group>"; };
		2397EDDE29A62BD30014410E /* TeamWidget.png */ = {isa = PBXFileReference; lastKnownFileType = image.png; path = TeamWidget.png; sourceTree = "<group>"; };
		23A373BE299115D100FEA997 /* shl-app-ios-notification-service.appex */ = {isa = PBXFileReference; explicitFileType = "wrapper.app-extension"; includeInIndex = 0; path = "shl-app-ios-notification-service.appex"; sourceTree = BUILT_PRODUCTS_DIR; };
		23A373C0299115D100FEA997 /* NotificationService.swift */ = {isa = PBXFileReference; lastKnownFileType = sourcecode.swift; path = NotificationService.swift; sourceTree = "<group>"; };
		23A373C2299115D100FEA997 /* Info.plist */ = {isa = PBXFileReference; lastKnownFileType = text.plist.xml; path = Info.plist; sourceTree = "<group>"; };
		23A376022993B0CB00FEA997 /* mif.png */ = {isa = PBXFileReference; lastKnownFileType = image.png; path = mif.png; sourceTree = "<group>"; };
		23A376032993B0CB00FEA997 /* tik-big.png */ = {isa = PBXFileReference; lastKnownFileType = image.png; path = "tik-big.png"; sourceTree = "<group>"; };
		23A376042993B0CB00FEA997 /* fhc.png */ = {isa = PBXFileReference; lastKnownFileType = image.png; path = fhc.png; sourceTree = "<group>"; };
		23A376052993B0CC00FEA997 /* mif-big.png */ = {isa = PBXFileReference; lastKnownFileType = image.png; path = "mif-big.png"; sourceTree = "<group>"; };
		23A376062993B0CC00FEA997 /* lhf.png */ = {isa = PBXFileReference; lastKnownFileType = image.png; path = lhf.png; sourceTree = "<group>"; };
		23A376072993B0CC00FEA997 /* lif.png */ = {isa = PBXFileReference; lastKnownFileType = image.png; path = lif.png; sourceTree = "<group>"; };
		23A376082993B0CC00FEA997 /* fbk.png */ = {isa = PBXFileReference; lastKnownFileType = image.png; path = fbk.png; sourceTree = "<group>"; };
		23A376092993B0CC00FEA997 /* tik.png */ = {isa = PBXFileReference; lastKnownFileType = image.png; path = tik.png; sourceTree = "<group>"; };
		23A3760A2993B0CC00FEA997 /* lhc.png */ = {isa = PBXFileReference; lastKnownFileType = image.png; path = lhc.png; sourceTree = "<group>"; };
		23A3760B2993B0CC00FEA997 /* ohk.png */ = {isa = PBXFileReference; lastKnownFileType = image.png; path = ohk.png; sourceTree = "<group>"; };
		23A3760C2993B0CC00FEA997 /* lhc-big.png */ = {isa = PBXFileReference; lastKnownFileType = image.png; path = "lhc-big.png"; sourceTree = "<group>"; };
		23A3760D2993B0CC00FEA997 /* bif-big.png */ = {isa = PBXFileReference; lastKnownFileType = image.png; path = "bif-big.png"; sourceTree = "<group>"; };
		23A3760E2993B0CC00FEA997 /* iko-big.png */ = {isa = PBXFileReference; lastKnownFileType = image.png; path = "iko-big.png"; sourceTree = "<group>"; };
		23A3760F2993B0CC00FEA997 /* bif.png */ = {isa = PBXFileReference; lastKnownFileType = image.png; path = bif.png; sourceTree = "<group>"; };
		23A376102993B0CC00FEA997 /* fbk-big.png */ = {isa = PBXFileReference; lastKnownFileType = image.png; path = "fbk-big.png"; sourceTree = "<group>"; };
		23A376112993B0CC00FEA997 /* ohk-big.png */ = {isa = PBXFileReference; lastKnownFileType = image.png; path = "ohk-big.png"; sourceTree = "<group>"; };
		23A376122993B0CC00FEA997 /* vlh.png */ = {isa = PBXFileReference; lastKnownFileType = image.png; path = vlh.png; sourceTree = "<group>"; };
		23A376132993B0CC00FEA997 /* rbk-big.png */ = {isa = PBXFileReference; lastKnownFileType = image.png; path = "rbk-big.png"; sourceTree = "<group>"; };
		23A376142993B0CC00FEA997 /* lhf-big.png */ = {isa = PBXFileReference; lastKnownFileType = image.png; path = "lhf-big.png"; sourceTree = "<group>"; };
		23A376152993B0CC00FEA997 /* hv71.png */ = {isa = PBXFileReference; lastKnownFileType = image.png; path = hv71.png; sourceTree = "<group>"; };
		23A376162993B0CC00FEA997 /* vlh-big.png */ = {isa = PBXFileReference; lastKnownFileType = image.png; path = "vlh-big.png"; sourceTree = "<group>"; };
		23A376172993B0CC00FEA997 /* iko.png */ = {isa = PBXFileReference; lastKnownFileType = image.png; path = iko.png; sourceTree = "<group>"; };
		23A376182993B0CC00FEA997 /* saik.png */ = {isa = PBXFileReference; lastKnownFileType = image.png; path = saik.png; sourceTree = "<group>"; };
		23A376192993B0CC00FEA997 /* saik-big.png */ = {isa = PBXFileReference; lastKnownFileType = image.png; path = "saik-big.png"; sourceTree = "<group>"; };
		23A3761A2993B0CC00FEA997 /* hv71-big.png */ = {isa = PBXFileReference; lastKnownFileType = image.png; path = "hv71-big.png"; sourceTree = "<group>"; };
		23A3761B2993B0CC00FEA997 /* lif-big.png */ = {isa = PBXFileReference; lastKnownFileType = image.png; path = "lif-big.png"; sourceTree = "<group>"; };
		23A3761C2993B0CC00FEA997 /* rbk.png */ = {isa = PBXFileReference; lastKnownFileType = image.png; path = rbk.png; sourceTree = "<group>"; };
		23A3761D2993B0CC00FEA997 /* fhc-big.png */ = {isa = PBXFileReference; lastKnownFileType = image.png; path = "fhc-big.png"; sourceTree = "<group>"; };
		23A3764C2997AEAE00FEA997 /* shl-app-ios-widgetExtension.appex */ = {isa = PBXFileReference; explicitFileType = "wrapper.app-extension"; includeInIndex = 0; path = "shl-app-ios-widgetExtension.appex"; sourceTree = BUILT_PRODUCTS_DIR; };
		23A376502997AEAE00FEA997 /* ShlWidgetBundle.swift */ = {isa = PBXFileReference; lastKnownFileType = sourcecode.swift; path = ShlWidgetBundle.swift; sourceTree = "<group>"; };
		23A376522997AEAE00FEA997 /* ShlWidgetLiveActivity.swift */ = {isa = PBXFileReference; lastKnownFileType = sourcecode.swift; path = ShlWidgetLiveActivity.swift; sourceTree = "<group>"; };
		23A376542997AEAE00FEA997 /* ShlWidget.swift */ = {isa = PBXFileReference; lastKnownFileType = sourcecode.swift; path = ShlWidget.swift; sourceTree = "<group>"; };
		23A376572997AEB000FEA997 /* Assets.xcassets */ = {isa = PBXFileReference; lastKnownFileType = folder.assetcatalog; path = Assets.xcassets; sourceTree = "<group>"; };
		23A376592997AEB000FEA997 /* Info.plist */ = {isa = PBXFileReference; lastKnownFileType = text.plist.xml; path = Info.plist; sourceTree = "<group>"; };
		23E405352705DCEA00C516F6 /* ImageLoader.swift */ = {isa = PBXFileReference; fileEncoding = 4; lastKnownFileType = sourcecode.swift; path = ImageLoader.swift; sourceTree = "<group>"; };
		23E405362705DCEA00C516F6 /* URLImage.swift */ = {isa = PBXFileReference; fileEncoding = 4; lastKnownFileType = sourcecode.swift; path = URLImage.swift; sourceTree = "<group>"; };
		D1AAF86125AB10BF008D3D62 /* TeamLogo.swift */ = {isa = PBXFileReference; lastKnownFileType = sourcecode.swift; path = TeamLogo.swift; sourceTree = "<group>"; };
		D1AFC2A325B07E8100490FCE /* TeamView.swift */ = {isa = PBXFileReference; lastKnownFileType = sourcecode.swift; path = TeamView.swift; sourceTree = "<group>"; };
		D1AFC2A825B07F5E00490FCE /* StarredTeams.swift */ = {isa = PBXFileReference; lastKnownFileType = sourcecode.swift; path = StarredTeams.swift; sourceTree = "<group>"; };
		D1AFF86525A84FCB00E50ADE /* shl-app-ios.app */ = {isa = PBXFileReference; explicitFileType = wrapper.application; includeInIndex = 0; path = "shl-app-ios.app"; sourceTree = BUILT_PRODUCTS_DIR; };
		D1AFF86825A84FCB00E50ADE /* ShlApp.swift */ = {isa = PBXFileReference; lastKnownFileType = sourcecode.swift; path = ShlApp.swift; sourceTree = "<group>"; };
		D1AFF86A25A84FCB00E50ADE /* ContentView.swift */ = {isa = PBXFileReference; lastKnownFileType = sourcecode.swift; path = ContentView.swift; sourceTree = "<group>"; };
		D1AFF86C25A84FCD00E50ADE /* Assets.xcassets */ = {isa = PBXFileReference; lastKnownFileType = folder.assetcatalog; path = Assets.xcassets; sourceTree = "<group>"; };
		D1AFF86F25A84FCD00E50ADE /* Preview Assets.xcassets */ = {isa = PBXFileReference; lastKnownFileType = folder.assetcatalog; path = "Preview Assets.xcassets"; sourceTree = "<group>"; };
		D1AFF87125A84FCD00E50ADE /* Info.plist */ = {isa = PBXFileReference; lastKnownFileType = text.plist.xml; path = Info.plist; sourceTree = "<group>"; };
		D1AFF89625A8537B00E50ADE /* SeasonView.swift */ = {isa = PBXFileReference; lastKnownFileType = sourcecode.swift; path = SeasonView.swift; sourceTree = "<group>"; wrapsLines = 0; };
		D1AFF8A025A8550500E50ADE /* StandingsView.swift */ = {isa = PBXFileReference; lastKnownFileType = sourcecode.swift; path = StandingsView.swift; sourceTree = "<group>"; };
		D1AFF8B325A8831100E50ADE /* DataProvider.swift */ = {isa = PBXFileReference; lastKnownFileType = sourcecode.swift; path = DataProvider.swift; sourceTree = "<group>"; };
		D1AFF8C625A88CF700E50ADE /* en */ = {isa = PBXFileReference; lastKnownFileType = text.plist.strings; name = en; path = en.lproj/Localizable.strings; sourceTree = "<group>"; };
		D1AFF8CB25A88D7600E50ADE /* sv */ = {isa = PBXFileReference; lastKnownFileType = text.plist.strings; name = sv; path = sv.lproj/Localizable.strings; sourceTree = "<group>"; };
		D1AFF8D525A898AD00E50ADE /* WidgetKit.framework */ = {isa = PBXFileReference; lastKnownFileType = wrapper.framework; name = WidgetKit.framework; path = System/Library/Frameworks/WidgetKit.framework; sourceTree = SDKROOT; };
		D1AFF8D725A898AD00E50ADE /* SwiftUI.framework */ = {isa = PBXFileReference; lastKnownFileType = wrapper.framework; name = SwiftUI.framework; path = System/Library/Frameworks/SwiftUI.framework; sourceTree = SDKROOT; };
/* End PBXFileReference section */

/* Begin PBXFrameworksBuildPhase section */
		23A373BB299115D100FEA997 /* Frameworks */ = {
			isa = PBXFrameworksBuildPhase;
			buildActionMask = 2147483647;
			files = (
			);
			runOnlyForDeploymentPostprocessing = 0;
		};
		23A376492997AEAE00FEA997 /* Frameworks */ = {
			isa = PBXFrameworksBuildPhase;
			buildActionMask = 2147483647;
			files = (
				23A3764E2997AEAE00FEA997 /* SwiftUI.framework in Frameworks */,
				23A3764D2997AEAE00FEA997 /* WidgetKit.framework in Frameworks */,
			);
			runOnlyForDeploymentPostprocessing = 0;
		};
		D1AFF86225A84FCB00E50ADE /* Frameworks */ = {
			isa = PBXFrameworksBuildPhase;
			buildActionMask = 2147483647;
			files = (
				2339F75E26CA3AE0006DE5F0 /* StoreKit.framework in Frameworks */,
			);
			runOnlyForDeploymentPostprocessing = 0;
		};
/* End PBXFrameworksBuildPhase section */

/* Begin PBXGroup section */
		23537ED726B57F5D00C9B6ED /* Icons */ = {
			isa = PBXGroup;
			children = (
				2339F80926CD2525006DE5F0 /* launch-puck-2@1x.png */,
				2339F80A26CD2525006DE5F0 /* launch-puck-2@2x.png */,
				2339F80B26CD2525006DE5F0 /* launch-puck-2@3x.png */,
				2339F80F26CD2538006DE5F0 /* launch-puck-light-2@1x.png */,
				2339F81026CD2538006DE5F0 /* launch-puck-light-2@2x.png */,
				2339F81126CD2538006DE5F0 /* launch-puck-light-2@3x.png */,
				2339F7DF26CCFF6E006DE5F0 /* bif-icon@2x.png */,
				2339F7E126CCFF6E006DE5F0 /* bif-icon@3x.png */,
				2339F7C726CCFF6E006DE5F0 /* dif-icon@2x.png */,
				2339F7CB26CCFF6E006DE5F0 /* dif-icon@3x.png */,
				2339F7D626CCFF6E006DE5F0 /* fbk-icon@2x.png */,
				2339F7D426CCFF6E006DE5F0 /* fbk-icon@3x.png */,
				2339F7DC26CCFF6E006DE5F0 /* fhc-icon@2x.png */,
				2339F7CA26CCFF6E006DE5F0 /* fhc-icon@3x.png */,
				2339F7CF26CCFF6E006DE5F0 /* hv71-icon@2x.png */,
				2339F7D326CCFF6E006DE5F0 /* hv71-icon@3x.png */,
				2339F7D926CCFF6E006DE5F0 /* iko-icon@2x.png */,
				2339F7D526CCFF6E006DE5F0 /* iko-icon@3x.png */,
				2339F7CD26CCFF6E006DE5F0 /* lhc-icon@2x.png */,
				2339F7DB26CCFF6E006DE5F0 /* lhc-icon@3x.png */,
				2339F7C926CCFF6E006DE5F0 /* lhf-icon@2x.png */,
				2339F7E026CCFF6E006DE5F0 /* lhf-icon@3x.png */,
				2339F7D126CCFF6E006DE5F0 /* lif-icon@2x.png */,
				2339F7DA26CCFF6E006DE5F0 /* lif-icon@3x.png */,
				2339F7D026CCFF6E006DE5F0 /* mif-icon@2x.png */,
				2339F7CC26CCFF6E006DE5F0 /* mif-icon@3x.png */,
				2339F7C526CCFF6D006DE5F0 /* ohk-icon@2x.png */,
				2339F7CE26CCFF6E006DE5F0 /* ohk-icon@3x.png */,
				2339F7C626CCFF6E006DE5F0 /* rbk-icon@2x.png */,
				2339F7D826CCFF6E006DE5F0 /* rbk-icon@3x.png */,
				2339F7D726CCFF6E006DE5F0 /* saik-icon@2x.png */,
				2339F7DE26CCFF6E006DE5F0 /* saik-icon@3x.png */,
				2339F80526CD2396006DE5F0 /* tik-icon@2x.png */,
				2339F80626CD2396006DE5F0 /* tik-icon@3x.png */,
				2339F7C826CCFF6E006DE5F0 /* vlh-icon@2x.png */,
				2339F7E226CCFF6E006DE5F0 /* vlh-icon@3x.png */,
				2339F80226CD02DD006DE5F0 /* puck-icon@2x.png */,
				2339F80126CD02DD006DE5F0 /* puck-icon@3x.png */,
				2339F7A426CCF8D8006DE5F0 /* puck-icon-ice@2x.png */,
				2339F7A126CCF8D8006DE5F0 /* puck-icon-ice@3x.png */,
				2339F79E26CCF8D8006DE5F0 /* puck-icon-inverted@2x.png */,
				2339F7A326CCF8D8006DE5F0 /* puck-icon-inverted@3x.png */,
				2339F7A026CCF8D8006DE5F0 /* puck-icon-night@2x.png */,
				2339F79F26CCF8D8006DE5F0 /* puck-icon-night@3x.png */,
				2339F7A226CCF8D8006DE5F0 /* puck-line@2x.png */,
				2339F79D26CCF8D8006DE5F0 /* puck-line@3x.png */,
			);
			path = Icons;
			sourceTree = "<group>";
		};
		23A373BF299115D100FEA997 /* shl-app-ios-notification-service */ = {
			isa = PBXGroup;
			children = (
				231C055F299B98BA00BEB846 /* shl-app-ios-notification-service.entitlements */,
				23A373C0299115D100FEA997 /* NotificationService.swift */,
				23A373C2299115D100FEA997 /* Info.plist */,
			);
			path = "shl-app-ios-notification-service";
			sourceTree = "<group>";
		};
		23A373CA2991183700FEA997 /* Images */ = {
			isa = PBXGroup;
			children = (
				2397EDDE29A62BD30014410E /* TeamWidget.png */,
				235B07C129991F0600FD865E /* lhf-mono.png */,
				23A3760D2993B0CC00FEA997 /* bif-big.png */,
				23A3760F2993B0CC00FEA997 /* bif.png */,
				23A376102993B0CC00FEA997 /* fbk-big.png */,
				23A376082993B0CC00FEA997 /* fbk.png */,
				23A3761D2993B0CC00FEA997 /* fhc-big.png */,
				23A376042993B0CB00FEA997 /* fhc.png */,
				23A3761A2993B0CC00FEA997 /* hv71-big.png */,
				23A376152993B0CC00FEA997 /* hv71.png */,
				23A3760E2993B0CC00FEA997 /* iko-big.png */,
				23A376172993B0CC00FEA997 /* iko.png */,
				23A3760C2993B0CC00FEA997 /* lhc-big.png */,
				23A3760A2993B0CC00FEA997 /* lhc.png */,
				23A376142993B0CC00FEA997 /* lhf-big.png */,
				23A376062993B0CC00FEA997 /* lhf.png */,
				23A3761B2993B0CC00FEA997 /* lif-big.png */,
				23A376072993B0CC00FEA997 /* lif.png */,
				23A376052993B0CC00FEA997 /* mif-big.png */,
				23A376022993B0CB00FEA997 /* mif.png */,
				23A376112993B0CC00FEA997 /* ohk-big.png */,
				23A3760B2993B0CC00FEA997 /* ohk.png */,
				23A376132993B0CC00FEA997 /* rbk-big.png */,
				23A3761C2993B0CC00FEA997 /* rbk.png */,
				23A376192993B0CC00FEA997 /* saik-big.png */,
				23A376182993B0CC00FEA997 /* saik.png */,
				23A376032993B0CB00FEA997 /* tik-big.png */,
				23A376092993B0CC00FEA997 /* tik.png */,
				23A376162993B0CC00FEA997 /* vlh-big.png */,
				23A376122993B0CC00FEA997 /* vlh.png */,
			);
			path = Images;
			sourceTree = "<group>";
		};
		23A3764F2997AEAE00FEA997 /* shl-app-ios-widget */ = {
			isa = PBXGroup;
			children = (
				23A376502997AEAE00FEA997 /* ShlWidgetBundle.swift */,
				23A376522997AEAE00FEA997 /* ShlWidgetLiveActivity.swift */,
				23A376542997AEAE00FEA997 /* ShlWidget.swift */,
				231C056F29A207C900BEB846 /* SelectTeamIntent.intentdefinition */,
				23A376572997AEB000FEA997 /* Assets.xcassets */,
				23A376592997AEB000FEA997 /* Info.plist */,
			);
			path = "shl-app-ios-widget";
			sourceTree = "<group>";
		};
		D1AFF85C25A84FCB00E50ADE = {
			isa = PBXGroup;
			children = (
				231C0560299B98CD00BEB846 /* shl-app-ios-widgetExtension.entitlements */,
				D1AFF86725A84FCB00E50ADE /* shl-app-ios */,
				23A373BF299115D100FEA997 /* shl-app-ios-notification-service */,
				23A3764F2997AEAE00FEA997 /* shl-app-ios-widget */,
				D1AFF8D425A898AD00E50ADE /* Frameworks */,
				D1AFF86625A84FCB00E50ADE /* Products */,
			);
			sourceTree = "<group>";
		};
		D1AFF86625A84FCB00E50ADE /* Products */ = {
			isa = PBXGroup;
			children = (
				D1AFF86525A84FCB00E50ADE /* shl-app-ios.app */,
				23A373BE299115D100FEA997 /* shl-app-ios-notification-service.appex */,
				23A3764C2997AEAE00FEA997 /* shl-app-ios-widgetExtension.appex */,
			);
			name = Products;
			sourceTree = "<group>";
		};
		D1AFF86725A84FCB00E50ADE /* shl-app-ios */ = {
			isa = PBXGroup;
			children = (
				2339F66C26B844E6006DE5F0 /* shl-app-ios.entitlements */,
				23537ED726B57F5D00C9B6ED /* Icons */,
				23A373CA2991183700FEA997 /* Images */,
				D1AFF8A925A85C1100E50ADE /* components */,
				D1AFF8A525A8570B00E50ADE /* compositions */,
				D1AFF86C25A84FCD00E50ADE /* Assets.xcassets */,
				D1AFF87125A84FCD00E50ADE /* Info.plist */,
				D1AFF86E25A84FCD00E50ADE /* Preview Content */,
				D1AFF8C725A88CF700E50ADE /* Localizable.strings */,
			);
			path = "shl-app-ios";
			sourceTree = "<group>";
		};
		D1AFF86E25A84FCD00E50ADE /* Preview Content */ = {
			isa = PBXGroup;
			children = (
				D1AFF86F25A84FCD00E50ADE /* Preview Assets.xcassets */,
			);
			path = "Preview Content";
			sourceTree = "<group>";
		};
		D1AFF8A525A8570B00E50ADE /* compositions */ = {
			isa = PBXGroup;
			children = (
				D1AFF86825A84FCB00E50ADE /* ShlApp.swift */,
				234AF3C7290521E100FE3AEC /* GameAlert.swift */,
				D1AFF86A25A84FCB00E50ADE /* ContentView.swift */,
				D1AFF89625A8537B00E50ADE /* SeasonView.swift */,
				D1AFF8A025A8550500E50ADE /* StandingsView.swift */,
				D1AFC2A325B07E8100490FCE /* TeamView.swift */,
				23537ECF26B1D30200C9B6ED /* GamesStatsView.swift */,
				23537ED526B57B9C00C9B6ED /* SettingsView.swift */,
				23537ED126B3FE6D00C9B6ED /* Preview.swift */,
				2339F6B526C25CDE006DE5F0 /* Launch Screen.storyboard */,
			);
			path = compositions;
			sourceTree = "<group>";
		};
		D1AFF8A925A85C1100E50ADE /* components */ = {
			isa = PBXGroup;
			children = (
				D1AFF8B325A8831100E50ADE /* DataProvider.swift */,
				231C0563299B9F3100BEB846 /* Cache.swift */,
				231C055C299A529B00BEB846 /* Models.swift */,
				D1AAF86125AB10BF008D3D62 /* TeamLogo.swift */,
				D1AFC2A825B07F5E00490FCE /* StarredTeams.swift */,
				234AF3C528E7626900FE3AEC /* Effect.swift */,
				23537ED326B454B800C9B6ED /* Extensions.swift */,
				2339F66A26B6862A006DE5F0 /* TimerView.swift */,
				23E405352705DCEA00C516F6 /* ImageLoader.swift */,
				23E405362705DCEA00C516F6 /* URLImage.swift */,
				2339F66D26B857E7006DE5F0 /* Debouncer.swift */,
				2339F6B126C0FB2B006DE5F0 /* Settings.swift */,
				2339F6B326C15075006DE5F0 /* UserService.swift */,
				2339F75F26CA3B10006DE5F0 /* Purchases.swift */,
				235CB13B2889650000A898D7 /* PullToRefresh.swift */,
				231C056B299E3DB900BEB846 /* FormGraph.swift */,
			);
			path = components;
			sourceTree = "<group>";
		};
		D1AFF8D425A898AD00E50ADE /* Frameworks */ = {
			isa = PBXGroup;
			children = (
				2339F75D26CA3AE0006DE5F0 /* StoreKit.framework */,
				D1AFF8D525A898AD00E50ADE /* WidgetKit.framework */,
				D1AFF8D725A898AD00E50ADE /* SwiftUI.framework */,
			);
			name = Frameworks;
			sourceTree = "<group>";
		};
/* End PBXGroup section */

/* Begin PBXNativeTarget section */
		23A373BD299115D100FEA997 /* shl-app-ios-notification-service */ = {
			isa = PBXNativeTarget;
			buildConfigurationList = 23A373C9299115D100FEA997 /* Build configuration list for PBXNativeTarget "shl-app-ios-notification-service" */;
			buildPhases = (
				23A373BA299115D100FEA997 /* Sources */,
				23A373BB299115D100FEA997 /* Frameworks */,
				23A373BC299115D100FEA997 /* Resources */,
			);
			buildRules = (
			);
			dependencies = (
			);
			name = "shl-app-ios-notification-service";
			productName = "shl-app-ios-notification-service";
			productReference = 23A373BE299115D100FEA997 /* shl-app-ios-notification-service.appex */;
			productType = "com.apple.product-type.app-extension";
		};
		23A3764B2997AEAE00FEA997 /* shl-app-ios-widgetExtension */ = {
			isa = PBXNativeTarget;
			buildConfigurationList = 23A3765F2997AEB000FEA997 /* Build configuration list for PBXNativeTarget "shl-app-ios-widgetExtension" */;
			buildPhases = (
				23A376482997AEAE00FEA997 /* Sources */,
				23A376492997AEAE00FEA997 /* Frameworks */,
				23A3764A2997AEAE00FEA997 /* Resources */,
			);
			buildRules = (
			);
			dependencies = (
			);
			name = "shl-app-ios-widgetExtension";
			productName = "shl-app-ios-widgetExtension";
			productReference = 23A3764C2997AEAE00FEA997 /* shl-app-ios-widgetExtension.appex */;
			productType = "com.apple.product-type.app-extension";
		};
		D1AFF86425A84FCB00E50ADE /* shl-app-ios */ = {
			isa = PBXNativeTarget;
			buildConfigurationList = D1AFF88A25A84FCE00E50ADE /* Build configuration list for PBXNativeTarget "shl-app-ios" */;
			buildPhases = (
				D1AFF86125A84FCB00E50ADE /* Sources */,
				D1AFF86225A84FCB00E50ADE /* Frameworks */,
				D1AFF86325A84FCB00E50ADE /* Resources */,
				D1AFF8E825A898B300E50ADE /* Embed App Extensions */,
			);
			buildRules = (
			);
			dependencies = (
				23A373C4299115D100FEA997 /* PBXTargetDependency */,
				23A3765D2997AEB000FEA997 /* PBXTargetDependency */,
			);
			name = "shl-app-ios";
			productName = HockeyPal;
			productReference = D1AFF86525A84FCB00E50ADE /* shl-app-ios.app */;
			productType = "com.apple.product-type.application";
		};
/* End PBXNativeTarget section */

/* Begin PBXProject section */
		D1AFF85D25A84FCB00E50ADE /* Project object */ = {
			isa = PBXProject;
			attributes = {
				LastSwiftUpdateCheck = 1420;
				LastUpgradeCheck = 1230;
				TargetAttributes = {
					23A373BD299115D100FEA997 = {
						CreatedOnToolsVersion = 14.2;
					};
					23A3764B2997AEAE00FEA997 = {
						CreatedOnToolsVersion = 14.2;
					};
					D1AFF86425A84FCB00E50ADE = {
						CreatedOnToolsVersion = 12.3;
					};
				};
			};
			buildConfigurationList = D1AFF86025A84FCB00E50ADE /* Build configuration list for PBXProject "shl-app-ios" */;
			compatibilityVersion = "Xcode 9.3";
			developmentRegion = en;
			hasScannedForEncodings = 0;
			knownRegions = (
				en,
				Base,
				sv,
			);
			mainGroup = D1AFF85C25A84FCB00E50ADE;
			productRefGroup = D1AFF86625A84FCB00E50ADE /* Products */;
			projectDirPath = "";
			projectRoot = "";
			targets = (
				D1AFF86425A84FCB00E50ADE /* shl-app-ios */,
				23A373BD299115D100FEA997 /* shl-app-ios-notification-service */,
				23A3764B2997AEAE00FEA997 /* shl-app-ios-widgetExtension */,
			);
		};
/* End PBXProject section */

/* Begin PBXResourcesBuildPhase section */
		23A373BC299115D100FEA997 /* Resources */ = {
			isa = PBXResourcesBuildPhase;
			buildActionMask = 2147483647;
			files = (
				23A3763A2993B0D000FEA997 /* bif-big.png in Resources */,
				23A3763B2993B0D000FEA997 /* fbk-big.png in Resources */,
				23A3763C2993B0D000FEA997 /* fhc-big.png in Resources */,
				23A3763D2993B0D000FEA997 /* hv71-big.png in Resources */,
				23A3763E2993B0D000FEA997 /* iko-big.png in Resources */,
				23A3763F2993B0D000FEA997 /* lhc-big.png in Resources */,
				23A376402993B0D000FEA997 /* lhf-big.png in Resources */,
				23A376412993B0D000FEA997 /* lif-big.png in Resources */,
				23A376422993B0D000FEA997 /* mif-big.png in Resources */,
				23A376432993B0D000FEA997 /* ohk-big.png in Resources */,
				23A376442993B0D000FEA997 /* rbk-big.png in Resources */,
				23A376452993B0D000FEA997 /* saik-big.png in Resources */,
				23A376462993B0D000FEA997 /* tik-big.png in Resources */,
				23A376472993B0D000FEA997 /* vlh-big.png in Resources */,
			);
			runOnlyForDeploymentPostprocessing = 0;
		};
		23A3764A2997AEAE00FEA997 /* Resources */ = {
			isa = PBXResourcesBuildPhase;
			buildActionMask = 2147483647;
			files = (
				235B07C329991F0F00FD865E /* lhf-mono.png in Resources */,
				23A376712997CC6000FEA997 /* Localizable.strings in Resources */,
				23A376632997B58C00FEA997 /* bif.png in Resources */,
				23A376642997B58C00FEA997 /* fbk.png in Resources */,
				23A376652997B58C00FEA997 /* fhc.png in Resources */,
				23A376662997B58C00FEA997 /* hv71.png in Resources */,
				23A376672997B58C00FEA997 /* iko.png in Resources */,
				23A376682997B58C00FEA997 /* lhc.png in Resources */,
				23A376692997B58C00FEA997 /* lhf.png in Resources */,
				23A3766A2997B58C00FEA997 /* lif.png in Resources */,
				23A3766B2997B58C00FEA997 /* mif.png in Resources */,
				23A3766C2997B58C00FEA997 /* ohk.png in Resources */,
				23A3766D2997B58C00FEA997 /* rbk.png in Resources */,
				23A3766E2997B58C00FEA997 /* saik.png in Resources */,
				23A3766F2997B58C00FEA997 /* tik.png in Resources */,
				23A376702997B58C00FEA997 /* vlh.png in Resources */,
				23A376582997AEB000FEA997 /* Assets.xcassets in Resources */,
			);
			runOnlyForDeploymentPostprocessing = 0;
		};
		D1AFF86325A84FCB00E50ADE /* Resources */ = {
			isa = PBXResourcesBuildPhase;
			buildActionMask = 2147483647;
			files = (
				2339F80726CD2396006DE5F0 /* tik-icon@2x.png in Resources */,
				D1AFF87025A84FCD00E50ADE /* Preview Assets.xcassets in Resources */,
				23A3762E2993B0CC00FEA997 /* vlh.png in Resources */,
				2339F7E426CCFF6E006DE5F0 /* rbk-icon@2x.png in Resources */,
				2339F7F226CCFF6E006DE5F0 /* fbk-icon@3x.png in Resources */,
				2339F7F126CCFF6E006DE5F0 /* hv71-icon@3x.png in Resources */,
				2339F7F526CCFF6E006DE5F0 /* saik-icon@2x.png in Resources */,
				2339F7A926CCF8D8006DE5F0 /* puck-icon-ice@3x.png in Resources */,
				23A376392993B0CC00FEA997 /* fhc-big.png in Resources */,
				23A376362993B0CC00FEA997 /* hv71-big.png in Resources */,
				235B07C229991F0600FD865E /* lhf-mono.png in Resources */,
				2339F7F826CCFF6E006DE5F0 /* lif-icon@3x.png in Resources */,
				2339F7ED26CCFF6E006DE5F0 /* hv71-icon@2x.png in Resources */,
				23A376222993B0CC00FEA997 /* lhf.png in Resources */,
				2339F7FD26CCFF6E006DE5F0 /* bif-icon@2x.png in Resources */,
				2339F7A726CCF8D8006DE5F0 /* puck-icon-night@3x.png in Resources */,
				23A3762C2993B0CC00FEA997 /* fbk-big.png in Resources */,
				23A376272993B0CC00FEA997 /* ohk.png in Resources */,
				2339F7FF26CCFF6E006DE5F0 /* bif-icon@3x.png in Resources */,
				23A376232993B0CC00FEA997 /* lif.png in Resources */,
				2339F7FE26CCFF6E006DE5F0 /* lhf-icon@3x.png in Resources */,
				2339F7F726CCFF6E006DE5F0 /* iko-icon@2x.png in Resources */,
				2339F6B626C25CDE006DE5F0 /* Launch Screen.storyboard in Resources */,
				2339F7A626CCF8D8006DE5F0 /* puck-icon-inverted@2x.png in Resources */,
				2339F80026CCFF6E006DE5F0 /* vlh-icon@3x.png in Resources */,
				2339F7E326CCFF6E006DE5F0 /* ohk-icon@2x.png in Resources */,
				23A376372993B0CC00FEA997 /* lif-big.png in Resources */,
				23A376302993B0CC00FEA997 /* lhf-big.png in Resources */,
				D1AFF8C525A88CF700E50ADE /* Localizable.strings in Resources */,
				23A376292993B0CC00FEA997 /* bif-big.png in Resources */,
				2339F7F926CCFF6E006DE5F0 /* lhc-icon@3x.png in Resources */,
				2339F7F326CCFF6E006DE5F0 /* iko-icon@3x.png in Resources */,
				2339F7EB26CCFF6E006DE5F0 /* lhc-icon@2x.png in Resources */,
				2339F7EA26CCFF6E006DE5F0 /* mif-icon@3x.png in Resources */,
				2339F7AC26CCF8D8006DE5F0 /* puck-icon-ice@2x.png in Resources */,
				23A3762D2993B0CC00FEA997 /* ohk-big.png in Resources */,
				2339F7F626CCFF6E006DE5F0 /* rbk-icon@3x.png in Resources */,
				23A3762F2993B0CC00FEA997 /* rbk-big.png in Resources */,
				23A376342993B0CC00FEA997 /* saik.png in Resources */,
				2339F7A826CCF8D8006DE5F0 /* puck-icon-night@2x.png in Resources */,
				23A376352993B0CC00FEA997 /* saik-big.png in Resources */,
				2339F81426CD2538006DE5F0 /* launch-puck-light-2@3x.png in Resources */,
				2339F7FA26CCFF6E006DE5F0 /* fhc-icon@2x.png in Resources */,
				D1AFF86D25A84FCD00E50ADE /* Assets.xcassets in Resources */,
				2339F7E726CCFF6E006DE5F0 /* lhf-icon@2x.png in Resources */,
				2339F80426CD02DD006DE5F0 /* puck-icon@2x.png in Resources */,
				2339F80D26CD2525006DE5F0 /* launch-puck-2@2x.png in Resources */,
				23A376202993B0CC00FEA997 /* fhc.png in Resources */,
				2339F7E626CCFF6E006DE5F0 /* vlh-icon@2x.png in Resources */,
				23A3761F2993B0CC00FEA997 /* tik-big.png in Resources */,
				2339F80826CD2396006DE5F0 /* tik-icon@3x.png in Resources */,
				23A376332993B0CC00FEA997 /* iko.png in Resources */,
				23A376262993B0CC00FEA997 /* lhc.png in Resources */,
				2339F7F426CCFF6E006DE5F0 /* fbk-icon@2x.png in Resources */,
				23A376322993B0CC00FEA997 /* vlh-big.png in Resources */,
				2339F80C26CD2525006DE5F0 /* launch-puck-2@1x.png in Resources */,
				23A3762B2993B0CC00FEA997 /* bif.png in Resources */,
				23A376282993B0CC00FEA997 /* lhc-big.png in Resources */,
				23A3761E2993B0CC00FEA997 /* mif.png in Resources */,
				23A376312993B0CC00FEA997 /* hv71.png in Resources */,
				2397EDDF29A62BD30014410E /* TeamWidget.png in Resources */,
				2339F7E526CCFF6E006DE5F0 /* dif-icon@2x.png in Resources */,
				23A376252993B0CC00FEA997 /* tik.png in Resources */,
				2339F81226CD2538006DE5F0 /* launch-puck-light-2@1x.png in Resources */,
				23A376212993B0CC00FEA997 /* mif-big.png in Resources */,
				2339F7E826CCFF6E006DE5F0 /* fhc-icon@3x.png in Resources */,
				23A376242993B0CC00FEA997 /* fbk.png in Resources */,
				2339F7A526CCF8D8006DE5F0 /* puck-line@3x.png in Resources */,
				2339F7AB26CCF8D8006DE5F0 /* puck-icon-inverted@3x.png in Resources */,
				2339F7EC26CCFF6E006DE5F0 /* ohk-icon@3x.png in Resources */,
				2339F80E26CD2525006DE5F0 /* launch-puck-2@3x.png in Resources */,
				2339F7AA26CCF8D8006DE5F0 /* puck-line@2x.png in Resources */,
				2339F7FC26CCFF6E006DE5F0 /* saik-icon@3x.png in Resources */,
				2339F81326CD2538006DE5F0 /* launch-puck-light-2@2x.png in Resources */,
				2339F80326CD02DD006DE5F0 /* puck-icon@3x.png in Resources */,
				2339F7EF26CCFF6E006DE5F0 /* lif-icon@2x.png in Resources */,
				2339F7EE26CCFF6E006DE5F0 /* mif-icon@2x.png in Resources */,
				2339F7E926CCFF6E006DE5F0 /* dif-icon@3x.png in Resources */,
				23A376382993B0CC00FEA997 /* rbk.png in Resources */,
				23A3762A2993B0CC00FEA997 /* iko-big.png in Resources */,
			);
			runOnlyForDeploymentPostprocessing = 0;
		};
/* End PBXResourcesBuildPhase section */

/* Begin PBXSourcesBuildPhase section */
		23A373BA299115D100FEA997 /* Sources */ = {
			isa = PBXSourcesBuildPhase;
			buildActionMask = 2147483647;
			files = (
				23A373C1299115D100FEA997 /* NotificationService.swift in Sources */,
			);
			runOnlyForDeploymentPostprocessing = 0;
		};
		23A376482997AEAE00FEA997 /* Sources */ = {
			isa = PBXSourcesBuildPhase;
			buildActionMask = 2147483647;
			files = (
				231C056D299E3DB900BEB846 /* FormGraph.swift in Sources */,
				231C056E299E3F4900BEB846 /* Preview.swift in Sources */,
				23A376532997AEAE00FEA997 /* ShlWidgetLiveActivity.swift in Sources */,
				231C0569299CEBC700BEB846 /* Settings.swift in Sources */,
				231C057129A207C900BEB846 /* SelectTeamIntent.intentdefinition in Sources */,
				23A376512997AEAE00FEA997 /* ShlWidgetBundle.swift in Sources */,
				23A376552997AEAE00FEA997 /* ShlWidget.swift in Sources */,
				231C0565299B9F3E00BEB846 /* Cache.swift in Sources */,
				231C055E299A52A800BEB846 /* Models.swift in Sources */,
				231C056A299CEBE900BEB846 /* DataProvider.swift in Sources */,
				231C0566299BA60000BEB846 /* Extensions.swift in Sources */,
			);
			runOnlyForDeploymentPostprocessing = 0;
		};
		D1AFF86125A84FCB00E50ADE /* Sources */ = {
			isa = PBXSourcesBuildPhase;
			buildActionMask = 2147483647;
			files = (
				D1AFF8A125A8550500E50ADE /* StandingsView.swift in Sources */,
				D1AFF8B425A8831100E50ADE /* DataProvider.swift in Sources */,
				231C057029A207C900BEB846 /* SelectTeamIntent.intentdefinition in Sources */,
				2339F6B426C15075006DE5F0 /* UserService.swift in Sources */,
				23537ED226B3FE6D00C9B6ED /* Preview.swift in Sources */,
				D1AFF86B25A84FCB00E50ADE /* ContentView.swift in Sources */,
				D1AFF89725A8537B00E50ADE /* SeasonView.swift in Sources */,
				2339F66B26B6862A006DE5F0 /* TimerView.swift in Sources */,
				D1AFF86925A84FCB00E50ADE /* ShlApp.swift in Sources */,
				23537ED626B57B9C00C9B6ED /* SettingsView.swift in Sources */,
				234AF3C8290521E100FE3AEC /* GameAlert.swift in Sources */,
				23537ED426B454B800C9B6ED /* Extensions.swift in Sources */,
				D1AFC2A425B07E8100490FCE /* TeamView.swift in Sources */,
				D1AFC2A925B07F5E00490FCE /* StarredTeams.swift in Sources */,
				231C055D299A529B00BEB846 /* Models.swift in Sources */,
				23537ED026B1D30200C9B6ED /* GamesStatsView.swift in Sources */,
				235CB13C2889650000A898D7 /* PullToRefresh.swift in Sources */,
				D1AAF86225AB10BF008D3D62 /* TeamLogo.swift in Sources */,
				234AF3C628E7626900FE3AEC /* Effect.swift in Sources */,
				23E405372705DCEA00C516F6 /* ImageLoader.swift in Sources */,
				231C056C299E3DB900BEB846 /* FormGraph.swift in Sources */,
				2339F66E26B857E7006DE5F0 /* Debouncer.swift in Sources */,
				231C0564299B9F3100BEB846 /* Cache.swift in Sources */,
				2339F76026CA3B10006DE5F0 /* Purchases.swift in Sources */,
				2339F6B226C0FB2B006DE5F0 /* Settings.swift in Sources */,
				23E405382705DCEA00C516F6 /* URLImage.swift in Sources */,
			);
			runOnlyForDeploymentPostprocessing = 0;
		};
/* End PBXSourcesBuildPhase section */

/* Begin PBXTargetDependency section */
		23A373C4299115D100FEA997 /* PBXTargetDependency */ = {
			isa = PBXTargetDependency;
			target = 23A373BD299115D100FEA997 /* shl-app-ios-notification-service */;
			targetProxy = 23A373C3299115D100FEA997 /* PBXContainerItemProxy */;
		};
		23A3765D2997AEB000FEA997 /* PBXTargetDependency */ = {
			isa = PBXTargetDependency;
			target = 23A3764B2997AEAE00FEA997 /* shl-app-ios-widgetExtension */;
			targetProxy = 23A3765C2997AEB000FEA997 /* PBXContainerItemProxy */;
		};
/* End PBXTargetDependency section */

/* Begin PBXVariantGroup section */
		D1AFF8C725A88CF700E50ADE /* Localizable.strings */ = {
			isa = PBXVariantGroup;
			children = (
				D1AFF8C625A88CF700E50ADE /* en */,
				D1AFF8CB25A88D7600E50ADE /* sv */,
			);
			name = Localizable.strings;
			sourceTree = "<group>";
		};
/* End PBXVariantGroup section */

/* Begin XCBuildConfiguration section */
		2339F81B26CEBFBC006DE5F0 /* Beta */ = {
			isa = XCBuildConfiguration;
			buildSettings = {
				ALWAYS_SEARCH_USER_PATHS = NO;
				CLANG_ANALYZER_LOCALIZABILITY_NONLOCALIZED = YES;
				CLANG_ANALYZER_NONNULL = YES;
				CLANG_ANALYZER_NUMBER_OBJECT_CONVERSION = YES_AGGRESSIVE;
				CLANG_CXX_LANGUAGE_STANDARD = "gnu++14";
				CLANG_CXX_LIBRARY = "libc++";
				CLANG_ENABLE_MODULES = YES;
				CLANG_ENABLE_OBJC_ARC = YES;
				CLANG_ENABLE_OBJC_WEAK = YES;
				CLANG_WARN_BLOCK_CAPTURE_AUTORELEASING = YES;
				CLANG_WARN_BOOL_CONVERSION = YES;
				CLANG_WARN_COMMA = YES;
				CLANG_WARN_CONSTANT_CONVERSION = YES;
				CLANG_WARN_DEPRECATED_OBJC_IMPLEMENTATIONS = YES;
				CLANG_WARN_DIRECT_OBJC_ISA_USAGE = YES_ERROR;
				CLANG_WARN_DOCUMENTATION_COMMENTS = YES;
				CLANG_WARN_EMPTY_BODY = YES;
				CLANG_WARN_ENUM_CONVERSION = YES;
				CLANG_WARN_INFINITE_RECURSION = YES;
				CLANG_WARN_INT_CONVERSION = YES;
				CLANG_WARN_NON_LITERAL_NULL_CONVERSION = YES;
				CLANG_WARN_OBJC_IMPLICIT_RETAIN_SELF = YES;
				CLANG_WARN_OBJC_LITERAL_CONVERSION = YES;
				CLANG_WARN_OBJC_ROOT_CLASS = YES_ERROR;
				CLANG_WARN_QUOTED_INCLUDE_IN_FRAMEWORK_HEADER = YES;
				CLANG_WARN_RANGE_LOOP_ANALYSIS = YES;
				CLANG_WARN_STRICT_PROTOTYPES = YES;
				CLANG_WARN_SUSPICIOUS_MOVE = YES;
				CLANG_WARN_UNGUARDED_AVAILABILITY = YES_AGGRESSIVE;
				CLANG_WARN_UNREACHABLE_CODE = YES;
				CLANG_WARN__DUPLICATE_METHOD_MATCH = YES;
				COPY_PHASE_STRIP = NO;
				DEBUG_INFORMATION_FORMAT = "dwarf-with-dsym";
				ENABLE_NS_ASSERTIONS = NO;
				ENABLE_STRICT_OBJC_MSGSEND = YES;
				GCC_C_LANGUAGE_STANDARD = gnu11;
				GCC_NO_COMMON_BLOCKS = YES;
				GCC_WARN_64_TO_32_BIT_CONVERSION = YES;
				GCC_WARN_ABOUT_RETURN_TYPE = YES_ERROR;
				GCC_WARN_UNDECLARED_SELECTOR = YES;
				GCC_WARN_UNINITIALIZED_AUTOS = YES_AGGRESSIVE;
				GCC_WARN_UNUSED_FUNCTION = YES;
				GCC_WARN_UNUSED_VARIABLE = YES;
				IPHONEOS_DEPLOYMENT_TARGET = 15.0;
				MTL_ENABLE_DEBUG_INFO = NO;
				MTL_FAST_MATH = YES;
				SDKROOT = iphoneos;
				SWIFT_COMPILATION_MODE = wholemodule;
				SWIFT_OPTIMIZATION_LEVEL = "-O";
				VALIDATE_PRODUCT = YES;
			};
			name = Beta;
		};
		2339F81C26CEBFBC006DE5F0 /* Beta */ = {
			isa = XCBuildConfiguration;
			buildSettings = {
				ALWAYS_EMBED_SWIFT_STANDARD_LIBRARIES = YES;
				ASSETCATALOG_COMPILER_APPICON_NAME = "AppIcon$(BUNDLE_ID_SUFFIX)";
				ASSETCATALOG_COMPILER_GLOBAL_ACCENT_COLOR_NAME = AccentColor;
				BUNDLE_ID_SUFFIX = .beta;
				CODE_SIGN_ENTITLEMENTS = "shl-app-ios/shl-app-ios.entitlements";
				CODE_SIGN_STYLE = Automatic;
				CURRENT_PROJECT_VERSION = 1;
				DEVELOPMENT_ASSET_PATHS = "\"shl-app-ios/Preview Content\"";
				DEVELOPMENT_TEAM = 3LK2DRBJ29;
				ENABLE_PREVIEWS = YES;
				INFOPLIST_FILE = "shl-app-ios/Info.plist";
				IPHONEOS_DEPLOYMENT_TARGET = 15.0;
				LD_RUNPATH_SEARCH_PATHS = (
					"$(inherited)",
					"@executable_path/Frameworks",
				);
				MARKETING_VERSION = 0.2.2;
				PRODUCT_BUNDLE_IDENTIFIER = "com.palforsberg.shl-app-ios${BUNDLE_ID_SUFFIX}";
				PRODUCT_NAME = "$(TARGET_NAME)";
				SUPPORTED_PLATFORMS = "iphoneos iphonesimulator";
				SUPPORTS_MACCATALYST = NO;
				SUPPORTS_MAC_DESIGNED_FOR_IPHONE_IPAD = NO;
				SWIFT_VERSION = 5.0;
				TARGETED_DEVICE_FAMILY = 1;
			};
			name = Beta;
		};
		23A373C6299115D100FEA997 /* Debug */ = {
			isa = XCBuildConfiguration;
			buildSettings = {
				BUNDLE_ID_SUFFIX = .debug;
				CLANG_CXX_LANGUAGE_STANDARD = "gnu++20";
				CODE_SIGN_ENTITLEMENTS = "shl-app-ios-notification-service/shl-app-ios-notification-service.entitlements";
				CODE_SIGN_STYLE = Automatic;
				CURRENT_PROJECT_VERSION = 1;
				DEVELOPMENT_TEAM = 3LK2DRBJ29;
				GENERATE_INFOPLIST_FILE = YES;
				INFOPLIST_FILE = "shl-app-ios-notification-service/Info.plist";
				INFOPLIST_KEY_CFBundleDisplayName = "shl-app-ios-notification-service";
				INFOPLIST_KEY_NSHumanReadableCopyright = "";
				IPHONEOS_DEPLOYMENT_TARGET = 15.0;
				LD_RUNPATH_SEARCH_PATHS = (
					"$(inherited)",
					"@executable_path/Frameworks",
					"@executable_path/../../Frameworks",
				);
				MARKETING_VERSION = 0.2.2;
				PRODUCT_BUNDLE_IDENTIFIER = "com.palforsberg.shl-app-ios${BUNDLE_ID_SUFFIX}.shl-app-ios-notification-service";
				PRODUCT_NAME = "$(TARGET_NAME)";
				SKIP_INSTALL = YES;
				SWIFT_EMIT_LOC_STRINGS = YES;
				SWIFT_VERSION = 5.0;
				TARGETED_DEVICE_FAMILY = "1,2";
			};
			name = Debug;
		};
		23A373C7299115D100FEA997 /* Release */ = {
			isa = XCBuildConfiguration;
			buildSettings = {
				BUNDLE_ID_SUFFIX = "";
				CLANG_CXX_LANGUAGE_STANDARD = "gnu++20";
				CODE_SIGN_ENTITLEMENTS = "shl-app-ios-notification-service/shl-app-ios-notification-service.entitlements";
				CODE_SIGN_STYLE = Automatic;
				CURRENT_PROJECT_VERSION = 1;
				DEVELOPMENT_TEAM = 3LK2DRBJ29;
				GENERATE_INFOPLIST_FILE = YES;
				INFOPLIST_FILE = "shl-app-ios-notification-service/Info.plist";
				INFOPLIST_KEY_CFBundleDisplayName = "shl-app-ios-notification-service";
				INFOPLIST_KEY_NSHumanReadableCopyright = "";
				IPHONEOS_DEPLOYMENT_TARGET = 15.0;
				LD_RUNPATH_SEARCH_PATHS = (
					"$(inherited)",
					"@executable_path/Frameworks",
					"@executable_path/../../Frameworks",
				);
				MARKETING_VERSION = 0.2.2;
				PRODUCT_BUNDLE_IDENTIFIER = "com.palforsberg.shl-app-ios${BUNDLE_ID_SUFFIX}.shl-app-ios-notification-service";
				PRODUCT_NAME = "$(TARGET_NAME)";
				SKIP_INSTALL = YES;
				SWIFT_EMIT_LOC_STRINGS = YES;
				SWIFT_VERSION = 5.0;
				TARGETED_DEVICE_FAMILY = "1,2";
			};
			name = Release;
		};
		23A373C8299115D100FEA997 /* Beta */ = {
			isa = XCBuildConfiguration;
			buildSettings = {
				BUNDLE_ID_SUFFIX = .beta;
				CLANG_CXX_LANGUAGE_STANDARD = "gnu++20";
				CODE_SIGN_ENTITLEMENTS = "shl-app-ios-notification-service/shl-app-ios-notification-service.entitlements";
				CODE_SIGN_STYLE = Automatic;
				CURRENT_PROJECT_VERSION = 1;
				DEVELOPMENT_TEAM = 3LK2DRBJ29;
				GENERATE_INFOPLIST_FILE = YES;
				INFOPLIST_FILE = "shl-app-ios-notification-service/Info.plist";
				INFOPLIST_KEY_CFBundleDisplayName = "shl-app-ios-notification-service";
				INFOPLIST_KEY_NSHumanReadableCopyright = "";
				IPHONEOS_DEPLOYMENT_TARGET = 15.0;
				LD_RUNPATH_SEARCH_PATHS = (
					"$(inherited)",
					"@executable_path/Frameworks",
					"@executable_path/../../Frameworks",
				);
				MARKETING_VERSION = 0.2.2;
				PRODUCT_BUNDLE_IDENTIFIER = "com.palforsberg.shl-app-ios${BUNDLE_ID_SUFFIX}.shl-app-ios-notification-service";
				PRODUCT_NAME = "$(TARGET_NAME)";
				SKIP_INSTALL = YES;
				SWIFT_EMIT_LOC_STRINGS = YES;
				SWIFT_VERSION = 5.0;
				TARGETED_DEVICE_FAMILY = "1,2";
			};
			name = Beta;
		};
		23A376602997AEB000FEA997 /* Debug */ = {
			isa = XCBuildConfiguration;
			buildSettings = {
				ASSETCATALOG_COMPILER_GLOBAL_ACCENT_COLOR_NAME = AccentColor;
				ASSETCATALOG_COMPILER_WIDGET_BACKGROUND_COLOR_NAME = WidgetBackground;
				BUNDLE_ID_SUFFIX = .debug;
				CLANG_CXX_LANGUAGE_STANDARD = "gnu++20";
				CODE_SIGN_ENTITLEMENTS = "shl-app-ios-widgetExtension.entitlements";
				CODE_SIGN_STYLE = Automatic;
				CURRENT_PROJECT_VERSION = 1;
				DEVELOPMENT_TEAM = 3LK2DRBJ29;
				GENERATE_INFOPLIST_FILE = YES;
				INFOPLIST_FILE = "shl-app-ios-widget/Info.plist";
				INFOPLIST_KEY_CFBundleDisplayName = "shl-app-ios-widget";
				INFOPLIST_KEY_NSHumanReadableCopyright = "";
				IPHONEOS_DEPLOYMENT_TARGET = 15.0;
				LD_RUNPATH_SEARCH_PATHS = (
					"$(inherited)",
					"@executable_path/Frameworks",
					"@executable_path/../../Frameworks",
				);
				MARKETING_VERSION = 0.2.2;
				PRODUCT_BUNDLE_IDENTIFIER = "com.palforsberg.shl-app-ios${BUNDLE_ID_SUFFIX}.shl-app-ios-widget";
				PRODUCT_NAME = "$(TARGET_NAME)";
				SKIP_INSTALL = YES;
				SWIFT_EMIT_LOC_STRINGS = YES;
				SWIFT_VERSION = 5.0;
				TARGETED_DEVICE_FAMILY = 1;
			};
			name = Debug;
		};
		23A376612997AEB000FEA997 /* Release */ = {
			isa = XCBuildConfiguration;
			buildSettings = {
				ASSETCATALOG_COMPILER_GLOBAL_ACCENT_COLOR_NAME = AccentColor;
				ASSETCATALOG_COMPILER_WIDGET_BACKGROUND_COLOR_NAME = WidgetBackground;
				BUNDLE_ID_SUFFIX = "";
				CLANG_CXX_LANGUAGE_STANDARD = "gnu++20";
				CODE_SIGN_ENTITLEMENTS = "shl-app-ios-widgetExtension.entitlements";
				CODE_SIGN_STYLE = Automatic;
				CURRENT_PROJECT_VERSION = 1;
				DEVELOPMENT_TEAM = 3LK2DRBJ29;
				GENERATE_INFOPLIST_FILE = YES;
				INFOPLIST_FILE = "shl-app-ios-widget/Info.plist";
				INFOPLIST_KEY_CFBundleDisplayName = "shl-app-ios-widget";
				INFOPLIST_KEY_NSHumanReadableCopyright = "";
				IPHONEOS_DEPLOYMENT_TARGET = 15.0;
				LD_RUNPATH_SEARCH_PATHS = (
					"$(inherited)",
					"@executable_path/Frameworks",
					"@executable_path/../../Frameworks",
				);
				MARKETING_VERSION = 0.2.2;
				PRODUCT_BUNDLE_IDENTIFIER = "com.palforsberg.shl-app-ios${BUNDLE_ID_SUFFIX}.shl-app-ios-widget";
				PRODUCT_NAME = "$(TARGET_NAME)";
				SKIP_INSTALL = YES;
				SWIFT_EMIT_LOC_STRINGS = YES;
				SWIFT_VERSION = 5.0;
				TARGETED_DEVICE_FAMILY = 1;
			};
			name = Release;
		};
		23A376622997AEB000FEA997 /* Beta */ = {
			isa = XCBuildConfiguration;
			buildSettings = {
				ASSETCATALOG_COMPILER_GLOBAL_ACCENT_COLOR_NAME = AccentColor;
				ASSETCATALOG_COMPILER_WIDGET_BACKGROUND_COLOR_NAME = WidgetBackground;
				BUNDLE_ID_SUFFIX = .beta;
				CLANG_CXX_LANGUAGE_STANDARD = "gnu++20";
				CODE_SIGN_ENTITLEMENTS = "shl-app-ios-widgetExtension.entitlements";
				CODE_SIGN_STYLE = Automatic;
				CURRENT_PROJECT_VERSION = 1;
				DEVELOPMENT_TEAM = 3LK2DRBJ29;
				GENERATE_INFOPLIST_FILE = YES;
				INFOPLIST_FILE = "shl-app-ios-widget/Info.plist";
				INFOPLIST_KEY_CFBundleDisplayName = "shl-app-ios-widget";
				INFOPLIST_KEY_NSHumanReadableCopyright = "";
				IPHONEOS_DEPLOYMENT_TARGET = 15.0;
				LD_RUNPATH_SEARCH_PATHS = (
					"$(inherited)",
					"@executable_path/Frameworks",
					"@executable_path/../../Frameworks",
				);
				MARKETING_VERSION = 0.2.2;
				PRODUCT_BUNDLE_IDENTIFIER = "com.palforsberg.shl-app-ios${BUNDLE_ID_SUFFIX}.shl-app-ios-widget";
				PRODUCT_NAME = "$(TARGET_NAME)";
				SKIP_INSTALL = YES;
				SWIFT_EMIT_LOC_STRINGS = YES;
				SWIFT_VERSION = 5.0;
				TARGETED_DEVICE_FAMILY = 1;
			};
			name = Beta;
		};
		D1AFF88825A84FCE00E50ADE /* Debug */ = {
			isa = XCBuildConfiguration;
			buildSettings = {
				ALWAYS_SEARCH_USER_PATHS = NO;
				CLANG_ANALYZER_LOCALIZABILITY_NONLOCALIZED = YES;
				CLANG_ANALYZER_NONNULL = YES;
				CLANG_ANALYZER_NUMBER_OBJECT_CONVERSION = YES_AGGRESSIVE;
				CLANG_CXX_LANGUAGE_STANDARD = "gnu++14";
				CLANG_CXX_LIBRARY = "libc++";
				CLANG_ENABLE_MODULES = YES;
				CLANG_ENABLE_OBJC_ARC = YES;
				CLANG_ENABLE_OBJC_WEAK = YES;
				CLANG_WARN_BLOCK_CAPTURE_AUTORELEASING = YES;
				CLANG_WARN_BOOL_CONVERSION = YES;
				CLANG_WARN_COMMA = YES;
				CLANG_WARN_CONSTANT_CONVERSION = YES;
				CLANG_WARN_DEPRECATED_OBJC_IMPLEMENTATIONS = YES;
				CLANG_WARN_DIRECT_OBJC_ISA_USAGE = YES_ERROR;
				CLANG_WARN_DOCUMENTATION_COMMENTS = YES;
				CLANG_WARN_EMPTY_BODY = YES;
				CLANG_WARN_ENUM_CONVERSION = YES;
				CLANG_WARN_INFINITE_RECURSION = YES;
				CLANG_WARN_INT_CONVERSION = YES;
				CLANG_WARN_NON_LITERAL_NULL_CONVERSION = YES;
				CLANG_WARN_OBJC_IMPLICIT_RETAIN_SELF = YES;
				CLANG_WARN_OBJC_LITERAL_CONVERSION = YES;
				CLANG_WARN_OBJC_ROOT_CLASS = YES_ERROR;
				CLANG_WARN_QUOTED_INCLUDE_IN_FRAMEWORK_HEADER = YES;
				CLANG_WARN_RANGE_LOOP_ANALYSIS = YES;
				CLANG_WARN_STRICT_PROTOTYPES = YES;
				CLANG_WARN_SUSPICIOUS_MOVE = YES;
				CLANG_WARN_UNGUARDED_AVAILABILITY = YES_AGGRESSIVE;
				CLANG_WARN_UNREACHABLE_CODE = YES;
				CLANG_WARN__DUPLICATE_METHOD_MATCH = YES;
				COPY_PHASE_STRIP = NO;
				DEBUG_INFORMATION_FORMAT = dwarf;
				ENABLE_STRICT_OBJC_MSGSEND = YES;
				ENABLE_TESTABILITY = YES;
				GCC_C_LANGUAGE_STANDARD = gnu11;
				GCC_DYNAMIC_NO_PIC = NO;
				GCC_NO_COMMON_BLOCKS = YES;
				GCC_OPTIMIZATION_LEVEL = 0;
				GCC_PREPROCESSOR_DEFINITIONS = (
					"DEBUG=1",
					"$(inherited)",
				);
				GCC_WARN_64_TO_32_BIT_CONVERSION = YES;
				GCC_WARN_ABOUT_RETURN_TYPE = YES_ERROR;
				GCC_WARN_UNDECLARED_SELECTOR = YES;
				GCC_WARN_UNINITIALIZED_AUTOS = YES_AGGRESSIVE;
				GCC_WARN_UNUSED_FUNCTION = YES;
				GCC_WARN_UNUSED_VARIABLE = YES;
				IPHONEOS_DEPLOYMENT_TARGET = 15.0;
				MTL_ENABLE_DEBUG_INFO = INCLUDE_SOURCE;
				MTL_FAST_MATH = YES;
				ONLY_ACTIVE_ARCH = YES;
				SDKROOT = iphoneos;
				SWIFT_ACTIVE_COMPILATION_CONDITIONS = DEBUG;
				SWIFT_OPTIMIZATION_LEVEL = "-Onone";
			};
			name = Debug;
		};
		D1AFF88925A84FCE00E50ADE /* Release */ = {
			isa = XCBuildConfiguration;
			buildSettings = {
				ALWAYS_SEARCH_USER_PATHS = NO;
				CLANG_ANALYZER_LOCALIZABILITY_NONLOCALIZED = YES;
				CLANG_ANALYZER_NONNULL = YES;
				CLANG_ANALYZER_NUMBER_OBJECT_CONVERSION = YES_AGGRESSIVE;
				CLANG_CXX_LANGUAGE_STANDARD = "gnu++14";
				CLANG_CXX_LIBRARY = "libc++";
				CLANG_ENABLE_MODULES = YES;
				CLANG_ENABLE_OBJC_ARC = YES;
				CLANG_ENABLE_OBJC_WEAK = YES;
				CLANG_WARN_BLOCK_CAPTURE_AUTORELEASING = YES;
				CLANG_WARN_BOOL_CONVERSION = YES;
				CLANG_WARN_COMMA = YES;
				CLANG_WARN_CONSTANT_CONVERSION = YES;
				CLANG_WARN_DEPRECATED_OBJC_IMPLEMENTATIONS = YES;
				CLANG_WARN_DIRECT_OBJC_ISA_USAGE = YES_ERROR;
				CLANG_WARN_DOCUMENTATION_COMMENTS = YES;
				CLANG_WARN_EMPTY_BODY = YES;
				CLANG_WARN_ENUM_CONVERSION = YES;
				CLANG_WARN_INFINITE_RECURSION = YES;
				CLANG_WARN_INT_CONVERSION = YES;
				CLANG_WARN_NON_LITERAL_NULL_CONVERSION = YES;
				CLANG_WARN_OBJC_IMPLICIT_RETAIN_SELF = YES;
				CLANG_WARN_OBJC_LITERAL_CONVERSION = YES;
				CLANG_WARN_OBJC_ROOT_CLASS = YES_ERROR;
				CLANG_WARN_QUOTED_INCLUDE_IN_FRAMEWORK_HEADER = YES;
				CLANG_WARN_RANGE_LOOP_ANALYSIS = YES;
				CLANG_WARN_STRICT_PROTOTYPES = YES;
				CLANG_WARN_SUSPICIOUS_MOVE = YES;
				CLANG_WARN_UNGUARDED_AVAILABILITY = YES_AGGRESSIVE;
				CLANG_WARN_UNREACHABLE_CODE = YES;
				CLANG_WARN__DUPLICATE_METHOD_MATCH = YES;
				COPY_PHASE_STRIP = NO;
				DEBUG_INFORMATION_FORMAT = "dwarf-with-dsym";
				ENABLE_NS_ASSERTIONS = NO;
				ENABLE_STRICT_OBJC_MSGSEND = YES;
				GCC_C_LANGUAGE_STANDARD = gnu11;
				GCC_NO_COMMON_BLOCKS = YES;
				GCC_WARN_64_TO_32_BIT_CONVERSION = YES;
				GCC_WARN_ABOUT_RETURN_TYPE = YES_ERROR;
				GCC_WARN_UNDECLARED_SELECTOR = YES;
				GCC_WARN_UNINITIALIZED_AUTOS = YES_AGGRESSIVE;
				GCC_WARN_UNUSED_FUNCTION = YES;
				GCC_WARN_UNUSED_VARIABLE = YES;
				IPHONEOS_DEPLOYMENT_TARGET = 15.0;
				MTL_ENABLE_DEBUG_INFO = NO;
				MTL_FAST_MATH = YES;
				SDKROOT = iphoneos;
				SWIFT_COMPILATION_MODE = wholemodule;
				SWIFT_OPTIMIZATION_LEVEL = "-O";
				VALIDATE_PRODUCT = YES;
			};
			name = Release;
		};
		D1AFF88B25A84FCE00E50ADE /* Debug */ = {
			isa = XCBuildConfiguration;
			buildSettings = {
				ALWAYS_EMBED_SWIFT_STANDARD_LIBRARIES = YES;
				ASSETCATALOG_COMPILER_APPICON_NAME = "AppIcon$(BUNDLE_ID_SUFFIX)";
				ASSETCATALOG_COMPILER_GLOBAL_ACCENT_COLOR_NAME = AccentColor;
				BUNDLE_ID_SUFFIX = .debug;
				CODE_SIGN_ENTITLEMENTS = "shl-app-ios/shl-app-ios.entitlements";
				CODE_SIGN_STYLE = Automatic;
				CURRENT_PROJECT_VERSION = 1;
				DEVELOPMENT_ASSET_PATHS = "\"shl-app-ios/Preview Content\"";
				DEVELOPMENT_TEAM = 3LK2DRBJ29;
				ENABLE_PREVIEWS = YES;
				INFOPLIST_FILE = "shl-app-ios/Info.plist";
				IPHONEOS_DEPLOYMENT_TARGET = 15.0;
				LD_RUNPATH_SEARCH_PATHS = (
					"$(inherited)",
					"@executable_path/Frameworks",
				);
				MARKETING_VERSION = 0.2.2;
				PRODUCT_BUNDLE_IDENTIFIER = "com.palforsberg.shl-app-ios${BUNDLE_ID_SUFFIX}";
				PRODUCT_NAME = "$(TARGET_NAME)";
				SUPPORTED_PLATFORMS = "iphoneos iphonesimulator";
				SUPPORTS_MACCATALYST = NO;
				SUPPORTS_MAC_DESIGNED_FOR_IPHONE_IPAD = NO;
				SWIFT_VERSION = 5.0;
				TARGETED_DEVICE_FAMILY = 1;
			};
			name = Debug;
		};
		D1AFF88C25A84FCE00E50ADE /* Release */ = {
			isa = XCBuildConfiguration;
			buildSettings = {
				ALWAYS_EMBED_SWIFT_STANDARD_LIBRARIES = YES;
				ASSETCATALOG_COMPILER_APPICON_NAME = AppIcon;
				ASSETCATALOG_COMPILER_GLOBAL_ACCENT_COLOR_NAME = AccentColor;
				BUNDLE_ID_SUFFIX = "";
				CODE_SIGN_ENTITLEMENTS = "shl-app-ios/shl-app-ios.entitlements";
				CODE_SIGN_STYLE = Automatic;
				CURRENT_PROJECT_VERSION = 1;
				DEVELOPMENT_ASSET_PATHS = "\"shl-app-ios/Preview Content\"";
				DEVELOPMENT_TEAM = 3LK2DRBJ29;
				ENABLE_PREVIEWS = YES;
				INFOPLIST_FILE = "shl-app-ios/Info.plist";
				IPHONEOS_DEPLOYMENT_TARGET = 15.0;
				LD_RUNPATH_SEARCH_PATHS = (
					"$(inherited)",
					"@executable_path/Frameworks",
				);
				MARKETING_VERSION = 0.2.2;
				PRODUCT_BUNDLE_IDENTIFIER = "com.palforsberg.shl-app-ios${BUNDLE_ID_SUFFIX}";
				PRODUCT_NAME = "$(TARGET_NAME)";
				SUPPORTED_PLATFORMS = "iphoneos iphonesimulator";
				SUPPORTS_MACCATALYST = NO;
				SUPPORTS_MAC_DESIGNED_FOR_IPHONE_IPAD = NO;
				SWIFT_VERSION = 5.0;
				TARGETED_DEVICE_FAMILY = 1;
			};
			name = Release;
		};
/* End XCBuildConfiguration section */

/* Begin XCConfigurationList section */
		23A373C9299115D100FEA997 /* Build configuration list for PBXNativeTarget "shl-app-ios-notification-service" */ = {
			isa = XCConfigurationList;
			buildConfigurations = (
				23A373C6299115D100FEA997 /* Debug */,
				23A373C7299115D100FEA997 /* Release */,
				23A373C8299115D100FEA997 /* Beta */,
			);
			defaultConfigurationIsVisible = 0;
			defaultConfigurationName = Release;
		};
		23A3765F2997AEB000FEA997 /* Build configuration list for PBXNativeTarget "shl-app-ios-widgetExtension" */ = {
			isa = XCConfigurationList;
			buildConfigurations = (
				23A376602997AEB000FEA997 /* Debug */,
				23A376612997AEB000FEA997 /* Release */,
				23A376622997AEB000FEA997 /* Beta */,
			);
			defaultConfigurationIsVisible = 0;
			defaultConfigurationName = Release;
		};
		D1AFF86025A84FCB00E50ADE /* Build configuration list for PBXProject "shl-app-ios" */ = {
			isa = XCConfigurationList;
			buildConfigurations = (
				D1AFF88825A84FCE00E50ADE /* Debug */,
				D1AFF88925A84FCE00E50ADE /* Release */,
				2339F81B26CEBFBC006DE5F0 /* Beta */,
			);
			defaultConfigurationIsVisible = 0;
			defaultConfigurationName = Release;
		};
		D1AFF88A25A84FCE00E50ADE /* Build configuration list for PBXNativeTarget "shl-app-ios" */ = {
			isa = XCConfigurationList;
			buildConfigurations = (
				D1AFF88B25A84FCE00E50ADE /* Debug */,
				D1AFF88C25A84FCE00E50ADE /* Release */,
				2339F81C26CEBFBC006DE5F0 /* Beta */,
			);
			defaultConfigurationIsVisible = 0;
			defaultConfigurationName = Release;
		};
/* End XCConfigurationList section */
	};
	rootObject = D1AFF85D25A84FCB00E50ADE /* Project object */;
}
